<?xml version="1.0" encoding="utf-8"?>
<Project ToolsVersion="4.0" xmlns="http://schemas.microsoft.com/developer/msbuild/2003">
  <ItemGroup>
    <Filter Include="Public">
      <UniqueIdentifier>{e4a6eec7-8d0a-4653-b819-cd529523a99e}</UniqueIdentifier>
    </Filter>
    <Filter Include="Private">
      <UniqueIdentifier>{83ed1748-60ea-4f73-a097-1333ee16ac06}</UniqueIdentifier>
    </Filter>
    <Filter Include="Public\Mathematics">
      <UniqueIdentifier>{3fe7b9e5-fbd9-49da-bcc8-d57416230fad}</UniqueIdentifier>
    </Filter>
    <Filter Include="Private\Mathematics">
      <UniqueIdentifier>{0603bf93-60c1-48b5-b61d-e84f4a7447c6}</UniqueIdentifier>
    </Filter>
    <Filter Include="Public\Numerics">
      <UniqueIdentifier>{65f6d300-cfa6-4a0a-beaa-807f4cd04fb7}</UniqueIdentifier>
    </Filter>
    <Filter Include="Private\Numerics">
      <UniqueIdentifier>{a7461282-9c6a-4212-80ec-8e9a67ccd5d9}</UniqueIdentifier>
    </Filter>
    <Filter Include="Public\Time">
      <UniqueIdentifier>{aba7b5d8-1c27-4b0e-91e6-777f195c8d61}</UniqueIdentifier>
    </Filter>
    <Filter Include="Public\Collision">
      <UniqueIdentifier>{2e11c5c6-deaa-4788-b3fb-7586303597db}</UniqueIdentifier>
    </Filter>
    <Filter Include="Private\Collision">
      <UniqueIdentifier>{ed4590cf-de66-411b-a714-d79d0a42952d}</UniqueIdentifier>
    </Filter>
    <Filter Include="Private\Time">
      <UniqueIdentifier>{22573f52-a623-49b9-8c6a-d8dedd10b269}</UniqueIdentifier>
    </Filter>
  </ItemGroup>
  <ItemGroup>
    <ClInclude Include="Public\CoreAPI.h">
      <Filter>Public</Filter>
    </ClInclude>
    <ClInclude Include="Public\CoreConcepts.h">
      <Filter>Public</Filter>
    </ClInclude>
    <ClInclude Include="Public\Exception.h">
      <Filter>Public</Filter>
    </ClInclude>
    <ClInclude Include="Public\InvalidCastException.h">
      <Filter>Public</Filter>
    </ClInclude>
    <ClInclude Include="Public\Object.h">
      <Filter>Public</Filter>
    </ClInclude>
    <ClInclude Include="Public\TRefPtr.h">
      <Filter>Public</Filter>
    </ClInclude>
    <ClInclude Include="Public\CoreMinimal.h">
      <Filter>Public</Filter>
    </ClInclude>
    <ClInclude Include="Public\TMulticastDelegate.h">
      <Filter>Public</Filter>
    </ClInclude>
    <ClInclude Include="Public\CoreString.h">
      <Filter>Public</Filter>
    </ClInclude>
    <ClInclude Include="Public\InvalidArgumentException.h">
      <Filter>Public</Filter>
    </ClInclude>
    <ClInclude Include="Public\ArgumentNullException.h">
      <Filter>Public</Filter>
    </ClInclude>
    <ClInclude Include="Public\NullReferenceException.h">
      <Filter>Public</Filter>
    </ClInclude>
    <ClInclude Include="Public\IndexOutOfRangeException.h">
      <Filter>Public</Filter>
    </ClInclude>
    <ClInclude Include="Public\FormatException.h">
      <Filter>Public</Filter>
    </ClInclude>
    <ClInclude Include="Public\IStringFormattable.h">
      <Filter>Public</Filter>
    </ClInclude>
    <ClInclude Include="Public\TWeakPtr.h">
      <Filter>Public</Filter>
    </ClInclude>
    <ClInclude Include="Public\WeakReferences.h">
      <Filter>Public</Filter>
    </ClInclude>
    <ClInclude Include="Public\IEnumerable.h">
      <Filter>Public</Filter>
    </ClInclude>
    <ClInclude Include="Public\Mathematics\Math.h">
      <Filter>Public\Mathematics</Filter>
    </ClInclude>
    <ClInclude Include="Public\Numerics\Vector2.h">
      <Filter>Public\Numerics</Filter>
    </ClInclude>
    <ClInclude Include="Private\Numerics\HashHelper.h">
      <Filter>Private</Filter>
    </ClInclude>
    <ClInclude Include="Public\Numerics\Vector3.h">
      <Filter>Public\Numerics</Filter>
    </ClInclude>
    <ClInclude Include="Public\Numerics\AxisAlignedCube.h">
      <Filter>Public\Numerics</Filter>
    </ClInclude>
    <ClInclude Include="Public\Numerics\Ray3.h">
      <Filter>Public\Numerics</Filter>
    </ClInclude>
    <ClInclude Include="Public\Numerics\Ray2.h">
      <Filter>Public\Numerics</Filter>
    </ClInclude>
    <ClInclude Include="Public\Numerics\Color.h">
      <Filter>Public\Numerics</Filter>
    </ClInclude>
    <ClInclude Include="Public\Numerics\ObjectOrientedCube.h">
      <Filter>Public\Numerics</Filter>
    </ClInclude>
    <ClInclude Include="Public\Numerics\Vector4.h">
      <Filter>Public\Numerics</Filter>
    </ClInclude>
    <ClInclude Include="Public\Numerics\Quaternion.h">
      <Filter>Public\Numerics</Filter>
    </ClInclude>
    <ClInclude Include="Public\Numerics\Matrix4x4.h">
      <Filter>Public\Numerics</Filter>
    </ClInclude>
    <ClInclude Include="Public\UniqueType.h">
      <Filter>Public</Filter>
    </ClInclude>
    <ClInclude Include="Public\Numerics\Rect.h">
      <Filter>Public\Numerics</Filter>
    </ClInclude>
    <ClInclude Include="Public\Numerics\Circle.h">
      <Filter>Public\Numerics</Filter>
    </ClInclude>
    <ClInclude Include="Public\Numerics\Line3.h">
      <Filter>Public\Numerics</Filter>
    </ClInclude>
    <ClInclude Include="Public\Numerics\Sphere.h">
      <Filter>Public\Numerics</Filter>
    </ClInclude>
    <ClInclude Include="Public\Numerics\Line2.h">
      <Filter>Public\Numerics</Filter>
    </ClInclude>
    <ClInclude Include="Public\Numerics\TNumericsBasicOperator.h">
      <Filter>Public\Numerics</Filter>
    </ClInclude>
    <ClInclude Include="Public\Mathematics\TAngleDef.h">
      <Filter>Public\Mathematics</Filter>
    </ClInclude>
    <ClInclude Include="Public\Time\Duration.h">
      <Filter>Public\Time</Filter>
    </ClInclude>
    <ClInclude Include="Private\Numerics\DXMathMinimal.h">
      <Filter>Private\Numerics</Filter>
    </ClInclude>
    <ClInclude Include="Public\StdContainers.h">
      <Filter>Public</Filter>
    </ClInclude>
    <ClInclude Include="Public\Numerics\Frustum.h">
      <Filter>Public\Numerics</Filter>
    </ClInclude>
    <ClInclude Include="Public\Numerics\Plane.h">
      <Filter>Public\Numerics</Filter>
    </ClInclude>
    <ClInclude Include="Public\Collision\OverlapTest.h">
      <Filter>Public\Collision</Filter>
    </ClInclude>
    <ClInclude Include="Public\Time\StepTimer.h">
      <Filter>Public\Time</Filter>
    </ClInclude>
    <ClInclude Include="Public\NotSupportedException.h">
      <Filter>Public</Filter>
    </ClInclude>
  </ItemGroup>
  <ItemGroup>
    <None Include="Public\String.inl">
      <Filter>Public</Filter>
    </None>
    <None Include="Public\TRefPtr.inl">
      <Filter>Public</Filter>
    </None>
    <None Include="Public\Object.inl">
      <Filter>Public</Filter>
    </None>
    <None Include="Public\TWeakPtr.inl">
      <Filter>Public</Filter>
    </None>
    <None Include="Public\TMulticastDelegate.inl">
      <Filter>Public</Filter>
    </None>
    <None Include="Public\Mathematics\Math.inl">
      <Filter>Public\Mathematics</Filter>
    </None>
    <None Include="Public\Numerics\Vector2.inl">
      <Filter>Public\Numerics</Filter>
    </None>
    <None Include="Public\Numerics\Color.inl">
      <Filter>Public\Numerics</Filter>
    </None>
    <None Include="Public\Numerics\Quaternion.inl">
      <Filter>Public\Numerics</Filter>
    </None>
    <None Include="Public\Numerics\Vector3.inl">
      <Filter>Public\Numerics</Filter>
    </None>
    <None Include="Public\Numerics\Vector4.inl">
      <Filter>Public\Numerics</Filter>
    </None>
    <None Include="Public\Numerics\Matrix4x4.inl">
      <Filter>Public\Numerics</Filter>
    </None>
    <None Include="Public\Numerics\TNumericsBasicOperator.inl">
      <Filter>Public\Numerics</Filter>
    </None>
    <None Include="Public\Mathematics\TAngleDef.inl">
      <Filter>Public\Mathematics</Filter>
    </None>
    <None Include="Public\Time\Duration.inl">
      <Filter>Public\Time</Filter>
    </None>
    <None Include="Public\Numerics\Plane.inl">
      <Filter>Public\Numerics</Filter>
    </None>
  </ItemGroup>
  <ItemGroup>
    <ClCompile Include="Private\Object.cpp">
      <Filter>Private</Filter>
    </ClCompile>
    <ClCompile Include="Private\String.cpp">
      <Filter>Private</Filter>
    </ClCompile>
    <ClCompile Include="Private\TRefPtr.cpp">
      <Filter>Private</Filter>
    </ClCompile>
    <ClCompile Include="Private\Exception.cpp">
      <Filter>Private</Filter>
    </ClCompile>
    <ClCompile Include="Private\InvalidCastException.cpp">
      <Filter>Private</Filter>
    </ClCompile>
    <ClCompile Include="Private\InvalidArgumentException.cpp">
      <Filter>Private</Filter>
    </ClCompile>
    <ClCompile Include="Private\ArgumentNullException.cpp">
      <Filter>Private</Filter>
    </ClCompile>
    <ClCompile Include="Private\NullReferenceException.cpp">
      <Filter>Private</Filter>
    </ClCompile>
    <ClCompile Include="Private\IndexOutOfRangeException.cpp">
      <Filter>Private</Filter>
    </ClCompile>
    <ClCompile Include="Private\FormatException.cpp">
      <Filter>Private</Filter>
    </ClCompile>
    <ClCompile Include="Private\WeakReferences.cpp">
      <Filter>Private</Filter>
    </ClCompile>
    <ClCompile Include="Private\Mathematics\Math.cpp">
      <Filter>Private\Mathematics</Filter>
    </ClCompile>
    <ClCompile Include="Private\Numerics\Vector2.cpp">
      <Filter>Private\Numerics</Filter>
    </ClCompile>
    <ClCompile Include="Private\Numerics\HashHelper.cpp">
      <Filter>Private</Filter>
    </ClCompile>
    <ClCompile Include="Private\Numerics\Vector3.cpp">
      <Filter>Private\Numerics</Filter>
    </ClCompile>
    <ClCompile Include="Private\Numerics\AxisAlignedCube.cpp">
      <Filter>Private\Numerics</Filter>
    </ClCompile>
    <ClCompile Include="Private\Numerics\Ray2.cpp">
      <Filter>Private\Numerics</Filter>
    </ClCompile>
    <ClCompile Include="Private\Numerics\Ray3.cpp">
      <Filter>Private\Numerics</Filter>
    </ClCompile>
    <ClCompile Include="Private\Numerics\Color.cpp">
      <Filter>Private\Numerics</Filter>
    </ClCompile>
    <ClCompile Include="Private\Numerics\Vector4.cpp">
      <Filter>Private\Numerics</Filter>
    </ClCompile>
    <ClCompile Include="Private\Numerics\Quaternion.cpp">
      <Filter>Private\Numerics</Filter>
    </ClCompile>
    <ClCompile Include="Private\Numerics\Matrix4x4.cpp">
      <Filter>Private\Numerics</Filter>
    </ClCompile>
    <ClCompile Include="Private\Numerics\ObjectOrientedCube.cpp">
      <Filter>Private\Numerics</Filter>
    </ClCompile>
    <ClCompile Include="Private\Numerics\Rect.cpp">
      <Filter>Private\Numerics</Filter>
    </ClCompile>
    <ClCompile Include="Private\Numerics\Circle.cpp">
      <Filter>Private\Numerics</Filter>
    </ClCompile>
    <ClCompile Include="Private\Numerics\Sphere.cpp">
      <Filter>Private\Numerics</Filter>
    </ClCompile>
    <ClCompile Include="Private\Numerics\Line2.cpp">
      <Filter>Private\Numerics</Filter>
    </ClCompile>
    <ClCompile Include="Private\Numerics\Line3.cpp">
      <Filter>Private\Numerics</Filter>
    </ClCompile>
    <ClCompile Include="Private\Numerics\Plane.cpp">
      <Filter>Private\Numerics</Filter>
    </ClCompile>
    <ClCompile Include="Private\Numerics\Frustum.cpp">
      <Filter>Private\Numerics</Filter>
    </ClCompile>
    <ClCompile Include="Private\Collision\OverlapTest.cpp">
      <Filter>Private\Collision</Filter>
    </ClCompile>
    <ClCompile Include="Private\Time\StepTimer.cpp">
      <Filter>Private\Time</Filter>
    </ClCompile>
    <ClCompile Include="Private\NotSupportedException.cpp">
      <Filter>Private</Filter>
    </ClCompile>
  </ItemGroup>
</Project>