
Microsoft Visual Studio Solution File, Format Version 12.00
# Visual Studio Version 16
VisualStudioVersion = 16.0.31321.278
MinimumVisualStudioVersion = 10.0.40219.1
Project("{2150E333-8FDC-42A3-9474-1A3956D46DE8}") = "Engine", "Engine", "{62F4D399-056A-4D97-A5BF-443F0E46B88E}"
EndProject
Project("{2150E333-8FDC-42A3-9474-1A3956D46DE8}") = "Runtime", "Runtime", "{D7A17DCC-D52F-454A-A115-D9B2BA5597E6}"
EndProject
Project("{8BC9CEB8-8B4A-11D0-8D11-00A0C91BC942}") = "Core", "Engine\Source\Runtime\Core\Core.vcxproj", "{BF0F709C-595E-42EE-A888-C2FA87D82D4B}"
EndProject
Project("{8BC9CEB8-8B4A-11D0-8D11-00A0C91BC942}") = "Game", "Engine\Source\Runtime\Game\Game.vcxproj", "{3009A2F5-8441-4CD7-8385-9810A1C4642E}"
EndProject
Project("{2150E333-8FDC-42A3-9474-1A3956D46DE8}") = "Game", "Game", "{D5615039-CEE3-4B6E-B35C-18FF0355212F}"
EndProject
Project("{8BC9CEB8-8B4A-11D0-8D11-00A0C91BC942}") = "Chess", "Game\Source\Chess\Chess.vcxproj", "{EF16E128-B196-422B-9C21-C20C5B563D97}"
EndProject
Project("{2150E333-8FDC-42A3-9474-1A3956D46DE8}") = "Platform", "Platform", "{8AC633F2-F80A-4E2F-846D-786799A8CD81}"
EndProject
Project("{8BC9CEB8-8B4A-11D0-8D11-00A0C91BC942}") = "Windows", "Engine\Source\Platform\Windows\Windows.vcxproj", "{11A1835F-0545-4E1E-8FC8-B345A294CD0F}"
EndProject
Project("{8BC9CEB8-8B4A-11D0-8D11-00A0C91BC942}") = "ChessAI", "Game\Source\ChessAI\ChessAI.vcxproj", "{DADB4B61-E8BB-4CC7-B46B-854C5DC0E608}"
EndProject
Project("{8BC9CEB8-8B4A-11D0-8D11-00A0C91BC942}") = "RenderCore", "Engine\Source\Runtime\RenderCore\RenderCore.vcxproj", "{F00C8C6A-83D9-4827-A043-FC6707A647D2}"
EndProject
Project("{2150E333-8FDC-42A3-9474-1A3956D46DE8}") = "ThirdParty", "ThirdParty", "{2DFD566B-833A-4873-899F-0CF8CFBC4DB2}"
EndProject
Project("{8BC9CEB8-8B4A-11D0-8D11-00A0C91BC942}") = "Assimp", "ThirdParty\Source\Assimp\Assimp.vcxproj", "{61715BD6-4CC9-4776-BA37-67B551200276}"
EndProject
Project("{8BC9CEB8-8B4A-11D0-8D11-00A0C91BC942}") = "THStory", "Game\Source\THStory\THStory.vcxproj", "{5F2C0713-688B-4C31-A3EF-CCF563ADD372}"
EndProject
Global
	GlobalSection(SolutionConfigurationPlatforms) = preSolution
		Debug|x64 = Debug|x64
		Release|x64 = Release|x64
	EndGlobalSection
	GlobalSection(ProjectConfigurationPlatforms) = postSolution
		{BF0F709C-595E-42EE-A888-C2FA87D82D4B}.Debug|x64.ActiveCfg = Debug|x64
		{BF0F709C-595E-42EE-A888-C2FA87D82D4B}.Debug|x64.Build.0 = Debug|x64
		{BF0F709C-595E-42EE-A888-C2FA87D82D4B}.Release|x64.ActiveCfg = Release|x64
		{BF0F709C-595E-42EE-A888-C2FA87D82D4B}.Release|x64.Build.0 = Release|x64
		{3009A2F5-8441-4CD7-8385-9810A1C4642E}.Debug|x64.ActiveCfg = Debug|x64
		{3009A2F5-8441-4CD7-8385-9810A1C4642E}.Debug|x64.Build.0 = Debug|x64
		{3009A2F5-8441-4CD7-8385-9810A1C4642E}.Release|x64.ActiveCfg = Release|x64
		{3009A2F5-8441-4CD7-8385-9810A1C4642E}.Release|x64.Build.0 = Release|x64
		{EF16E128-B196-422B-9C21-C20C5B563D97}.Debug|x64.ActiveCfg = Debug|x64
		{EF16E128-B196-422B-9C21-C20C5B563D97}.Debug|x64.Build.0 = Debug|x64
		{EF16E128-B196-422B-9C21-C20C5B563D97}.Release|x64.ActiveCfg = Release|x64
		{EF16E128-B196-422B-9C21-C20C5B563D97}.Release|x64.Build.0 = Release|x64
		{11A1835F-0545-4E1E-8FC8-B345A294CD0F}.Debug|x64.ActiveCfg = Debug|x64
		{11A1835F-0545-4E1E-8FC8-B345A294CD0F}.Debug|x64.Build.0 = Debug|x64
		{11A1835F-0545-4E1E-8FC8-B345A294CD0F}.Release|x64.ActiveCfg = Release|x64
		{11A1835F-0545-4E1E-8FC8-B345A294CD0F}.Release|x64.Build.0 = Release|x64
		{DADB4B61-E8BB-4CC7-B46B-854C5DC0E608}.Debug|x64.ActiveCfg = Debug|x64
		{DADB4B61-E8BB-4CC7-B46B-854C5DC0E608}.Debug|x64.Build.0 = Debug|x64
		{DADB4B61-E8BB-4CC7-B46B-854C5DC0E608}.Release|x64.ActiveCfg = Release|x64
		{DADB4B61-E8BB-4CC7-B46B-854C5DC0E608}.Release|x64.Build.0 = Release|x64
		{F00C8C6A-83D9-4827-A043-FC6707A647D2}.Debug|x64.ActiveCfg = Debug|x64
		{F00C8C6A-83D9-4827-A043-FC6707A647D2}.Debug|x64.Build.0 = Debug|x64
		{F00C8C6A-83D9-4827-A043-FC6707A647D2}.Release|x64.ActiveCfg = Release|x64
		{F00C8C6A-83D9-4827-A043-FC6707A647D2}.Release|x64.Build.0 = Release|x64
		{61715BD6-4CC9-4776-BA37-67B551200276}.Debug|x64.ActiveCfg = Debug|x64
		{61715BD6-4CC9-4776-BA37-67B551200276}.Debug|x64.Build.0 = Debug|x64
		{61715BD6-4CC9-4776-BA37-67B551200276}.Release|x64.ActiveCfg = Release|x64
		{61715BD6-4CC9-4776-BA37-67B551200276}.Release|x64.Build.0 = Release|x64
		{5F2C0713-688B-4C31-A3EF-CCF563ADD372}.Debug|x64.ActiveCfg = Debug|x64
		{5F2C0713-688B-4C31-A3EF-CCF563ADD372}.Debug|x64.Build.0 = Debug|x64
		{5F2C0713-688B-4C31-A3EF-CCF563ADD372}.Release|x64.ActiveCfg = Release|x64
		{5F2C0713-688B-4C31-A3EF-CCF563ADD372}.Release|x64.Build.0 = Release|x64
	EndGlobalSection
	GlobalSection(SolutionProperties) = preSolution
		HideSolutionNode = FALSE
	EndGlobalSection
	GlobalSection(NestedProjects) = preSolution
		{D7A17DCC-D52F-454A-A115-D9B2BA5597E6} = {62F4D399-056A-4D97-A5BF-443F0E46B88E}
		{BF0F709C-595E-42EE-A888-C2FA87D82D4B} = {D7A17DCC-D52F-454A-A115-D9B2BA5597E6}
		{3009A2F5-8441-4CD7-8385-9810A1C4642E} = {D7A17DCC-D52F-454A-A115-D9B2BA5597E6}
		{EF16E128-B196-422B-9C21-C20C5B563D97} = {D5615039-CEE3-4B6E-B35C-18FF0355212F}
		{8AC633F2-F80A-4E2F-846D-786799A8CD81} = {62F4D399-056A-4D97-A5BF-443F0E46B88E}
		{11A1835F-0545-4E1E-8FC8-B345A294CD0F} = {8AC633F2-F80A-4E2F-846D-786799A8CD81}
		{DADB4B61-E8BB-4CC7-B46B-854C5DC0E608} = {D5615039-CEE3-4B6E-B35C-18FF0355212F}
		{F00C8C6A-83D9-4827-A043-FC6707A647D2} = {D7A17DCC-D52F-454A-A115-D9B2BA5597E6}
		{61715BD6-4CC9-4776-BA37-67B551200276} = {2DFD566B-833A-4873-899F-0CF8CFBC4DB2}
		{5F2C0713-688B-4C31-A3EF-CCF563ADD372} = {D5615039-CEE3-4B6E-B35C-18FF0355212F}
	EndGlobalSection
	GlobalSection(ExtensibilityGlobals) = postSolution
		SolutionGuid = {3B8A6A43-DD28-4861-8C4D-FB452750B113}
	EndGlobalSection
EndGlobal
