
Microsoft Visual Studio Solution File, Format Version 12.00
# Visual Studio Version 16
VisualStudioVersion = 16.0.30804.86
MinimumVisualStudioVersion = 10.0.40219.1
Project("{2150E333-8FDC-42A3-9474-1A3956D46DE8}") = "Engine", "Engine", "{587A04FD-B275-448F-9584-E193A2BF12E7}"
EndProject
Project("{2150E333-8FDC-42A3-9474-1A3956D46DE8}") = "ThirdParty", "ThirdParty", "{15920566-15BC-45DD-875A-819DAE166B41}"
EndProject
Project("{2150E333-8FDC-42A3-9474-1A3956D46DE8}") = "PhysX SDK", "PhysX SDK", "{40C32FF4-29DC-4AAE-B7F9-CADE9BAB9E51}"
EndProject
Project("{8BC9CEB8-8B4A-11D0-8D11-00A0C91BC942}") = "FastXml", "ThirdParty\PhysX\physx\compiler\vc16win64\sdk_source_bin\FastXml.vcxproj", "{76CDB33F-F564-3DA3-9289-A23EE66CF7F9}"
EndProject
Project("{8BC9CEB8-8B4A-11D0-8D11-00A0C91BC942}") = "LowLevel", "ThirdParty\PhysX\physx\compiler\vc16win64\sdk_source_bin\LowLevel.vcxproj", "{2C511568-5EF5-368E-9910-C56D42D6CD4D}"
EndProject
Project("{8BC9CEB8-8B4A-11D0-8D11-00A0C91BC942}") = "LowLevelAABB", "ThirdParty\PhysX\physx\compiler\vc16win64\sdk_source_bin\LowLevelAABB.vcxproj", "{36C95597-4C95-3889-AE10-C1BFD7F790EE}"
EndProject
Project("{8BC9CEB8-8B4A-11D0-8D11-00A0C91BC942}") = "LowLevelDynamics", "ThirdParty\PhysX\physx\compiler\vc16win64\sdk_source_bin\LowLevelDynamics.vcxproj", "{FADE429A-2214-39A4-B800-CC7949230D80}"
EndProject
Project("{8BC9CEB8-8B4A-11D0-8D11-00A0C91BC942}") = "PhysX", "ThirdParty\PhysX\physx\compiler\vc16win64\sdk_source_bin\PhysX.vcxproj", "{39170B47-5D58-3C57-89EC-F030B7C983C7}"
EndProject
Project("{8BC9CEB8-8B4A-11D0-8D11-00A0C91BC942}") = "PhysXCharacterKinematic", "ThirdParty\PhysX\physx\compiler\vc16win64\sdk_source_bin\PhysXCharacterKinematic.vcxproj", "{6C6B399B-5EC3-3F0E-89B3-D5A641C0E8BD}"
EndProject
Project("{8BC9CEB8-8B4A-11D0-8D11-00A0C91BC942}") = "PhysXCommon", "ThirdParty\PhysX\physx\compiler\vc16win64\sdk_source_bin\PhysXCommon.vcxproj", "{90D59BBA-030C-38BC-88D6-8BF582B9379D}"
EndProject
Project("{8BC9CEB8-8B4A-11D0-8D11-00A0C91BC942}") = "PhysXCooking", "ThirdParty\PhysX\physx\compiler\vc16win64\sdk_source_bin\PhysXCooking.vcxproj", "{03A15AC5-5AD8-3D8F-8EAA-179F98E41A60}"
EndProject
Project("{8BC9CEB8-8B4A-11D0-8D11-00A0C91BC942}") = "PhysXExtensions", "ThirdParty\PhysX\physx\compiler\vc16win64\sdk_source_bin\PhysXExtensions.vcxproj", "{E2C58007-6B8D-3ED8-8466-4ABC26FE81F0}"
EndProject
Project("{8BC9CEB8-8B4A-11D0-8D11-00A0C91BC942}") = "PhysXFoundation", "ThirdParty\PhysX\physx\compiler\vc16win64\sdk_source_bin\PhysXFoundation.vcxproj", "{D74E0618-78E4-34A4-8ECE-206E7A30C5C5}"
EndProject
Project("{8BC9CEB8-8B4A-11D0-8D11-00A0C91BC942}") = "PhysXPvdSDK", "ThirdParty\PhysX\physx\compiler\vc16win64\sdk_source_bin\PhysXPvdSDK.vcxproj", "{77C10ED5-CE5D-36F3-9892-CDDE4BCD46A1}"
EndProject
Project("{8BC9CEB8-8B4A-11D0-8D11-00A0C91BC942}") = "PhysXTask", "ThirdParty\PhysX\physx\compiler\vc16win64\sdk_source_bin\PhysXTask.vcxproj", "{01E47483-0664-36FE-A56D-A341FD7F2247}"
EndProject
Project("{8BC9CEB8-8B4A-11D0-8D11-00A0C91BC942}") = "PhysXVehicle", "ThirdParty\PhysX\physx\compiler\vc16win64\sdk_source_bin\PhysXVehicle.vcxproj", "{C4A4992F-2F03-305F-8903-45209FD22724}"
EndProject
Project("{8BC9CEB8-8B4A-11D0-8D11-00A0C91BC942}") = "SceneQuery", "ThirdParty\PhysX\physx\compiler\vc16win64\sdk_source_bin\SceneQuery.vcxproj", "{44D53AF6-28B9-3839-982E-B0FED0148C10}"
EndProject
Project("{8BC9CEB8-8B4A-11D0-8D11-00A0C91BC942}") = "SimulationController", "ThirdParty\PhysX\physx\compiler\vc16win64\sdk_source_bin\SimulationController.vcxproj", "{0C77ED4F-C30B-3958-8E18-3D77B473BD38}"
EndProject
Project("{2150E333-8FDC-42A3-9474-1A3956D46DE8}") = "Runtime", "Runtime", "{71F5AD3D-4DC0-42FE-9A4B-EAB618D9A067}"
EndProject
Project("{8BC9CEB8-8B4A-11D0-8D11-00A0C91BC942}") = "Core", "Engine\Runtime\Core\Core.vcxproj", "{B154E72D-EF22-4A70-AE09-21261E84D2ED}"
EndProject
Project("{2150E333-8FDC-42A3-9474-1A3956D46DE8}") = "Game", "Game", "{1E07DB15-CF2D-45A3-982E-D5C5E50D50CE}"
EndProject
Project("{8BC9CEB8-8B4A-11D0-8D11-00A0C91BC942}") = "THourai", "Game\THourai\THourai.vcxproj", "{4E5964F6-C4E6-4A98-96B3-4344B2F02698}"
EndProject
Global
	GlobalSection(SolutionConfigurationPlatforms) = preSolution
		checked|x64 = checked|x64
		checked|x86 = checked|x86
		debug|x64 = debug|x64
		debug|x86 = debug|x86
		profile|x64 = profile|x64
		profile|x86 = profile|x86
		release|x64 = release|x64
		release|x86 = release|x86
	EndGlobalSection
	GlobalSection(ProjectConfigurationPlatforms) = postSolution
		{76CDB33F-F564-3DA3-9289-A23EE66CF7F9}.checked|x64.ActiveCfg = checked|x64
		{76CDB33F-F564-3DA3-9289-A23EE66CF7F9}.checked|x64.Build.0 = checked|x64
		{76CDB33F-F564-3DA3-9289-A23EE66CF7F9}.checked|x86.ActiveCfg = checked|x64
		{76CDB33F-F564-3DA3-9289-A23EE66CF7F9}.debug|x64.ActiveCfg = debug|x64
		{76CDB33F-F564-3DA3-9289-A23EE66CF7F9}.debug|x64.Build.0 = debug|x64
		{76CDB33F-F564-3DA3-9289-A23EE66CF7F9}.debug|x86.ActiveCfg = debug|x64
		{76CDB33F-F564-3DA3-9289-A23EE66CF7F9}.profile|x64.ActiveCfg = profile|x64
		{76CDB33F-F564-3DA3-9289-A23EE66CF7F9}.profile|x64.Build.0 = profile|x64
		{76CDB33F-F564-3DA3-9289-A23EE66CF7F9}.profile|x86.ActiveCfg = profile|x64
		{76CDB33F-F564-3DA3-9289-A23EE66CF7F9}.release|x64.ActiveCfg = release|x64
		{76CDB33F-F564-3DA3-9289-A23EE66CF7F9}.release|x64.Build.0 = release|x64
		{76CDB33F-F564-3DA3-9289-A23EE66CF7F9}.release|x86.ActiveCfg = release|x64
		{2C511568-5EF5-368E-9910-C56D42D6CD4D}.checked|x64.ActiveCfg = checked|x64
		{2C511568-5EF5-368E-9910-C56D42D6CD4D}.checked|x64.Build.0 = checked|x64
		{2C511568-5EF5-368E-9910-C56D42D6CD4D}.checked|x86.ActiveCfg = checked|x64
		{2C511568-5EF5-368E-9910-C56D42D6CD4D}.debug|x64.ActiveCfg = debug|x64
		{2C511568-5EF5-368E-9910-C56D42D6CD4D}.debug|x64.Build.0 = debug|x64
		{2C511568-5EF5-368E-9910-C56D42D6CD4D}.debug|x86.ActiveCfg = debug|x64
		{2C511568-5EF5-368E-9910-C56D42D6CD4D}.profile|x64.ActiveCfg = profile|x64
		{2C511568-5EF5-368E-9910-C56D42D6CD4D}.profile|x64.Build.0 = profile|x64
		{2C511568-5EF5-368E-9910-C56D42D6CD4D}.profile|x86.ActiveCfg = profile|x64
		{2C511568-5EF5-368E-9910-C56D42D6CD4D}.release|x64.ActiveCfg = release|x64
		{2C511568-5EF5-368E-9910-C56D42D6CD4D}.release|x64.Build.0 = release|x64
		{2C511568-5EF5-368E-9910-C56D42D6CD4D}.release|x86.ActiveCfg = release|x64
		{36C95597-4C95-3889-AE10-C1BFD7F790EE}.checked|x64.ActiveCfg = checked|x64
		{36C95597-4C95-3889-AE10-C1BFD7F790EE}.checked|x64.Build.0 = checked|x64
		{36C95597-4C95-3889-AE10-C1BFD7F790EE}.checked|x86.ActiveCfg = checked|x64
		{36C95597-4C95-3889-AE10-C1BFD7F790EE}.debug|x64.ActiveCfg = debug|x64
		{36C95597-4C95-3889-AE10-C1BFD7F790EE}.debug|x64.Build.0 = debug|x64
		{36C95597-4C95-3889-AE10-C1BFD7F790EE}.debug|x86.ActiveCfg = debug|x64
		{36C95597-4C95-3889-AE10-C1BFD7F790EE}.profile|x64.ActiveCfg = profile|x64
		{36C95597-4C95-3889-AE10-C1BFD7F790EE}.profile|x64.Build.0 = profile|x64
		{36C95597-4C95-3889-AE10-C1BFD7F790EE}.profile|x86.ActiveCfg = profile|x64
		{36C95597-4C95-3889-AE10-C1BFD7F790EE}.release|x64.ActiveCfg = release|x64
		{36C95597-4C95-3889-AE10-C1BFD7F790EE}.release|x64.Build.0 = release|x64
		{36C95597-4C95-3889-AE10-C1BFD7F790EE}.release|x86.ActiveCfg = release|x64
		{FADE429A-2214-39A4-B800-CC7949230D80}.checked|x64.ActiveCfg = checked|x64
		{FADE429A-2214-39A4-B800-CC7949230D80}.checked|x64.Build.0 = checked|x64
		{FADE429A-2214-39A4-B800-CC7949230D80}.checked|x86.ActiveCfg = checked|x64
		{FADE429A-2214-39A4-B800-CC7949230D80}.debug|x64.ActiveCfg = debug|x64
		{FADE429A-2214-39A4-B800-CC7949230D80}.debug|x64.Build.0 = debug|x64
		{FADE429A-2214-39A4-B800-CC7949230D80}.debug|x86.ActiveCfg = debug|x64
		{FADE429A-2214-39A4-B800-CC7949230D80}.profile|x64.ActiveCfg = profile|x64
		{FADE429A-2214-39A4-B800-CC7949230D80}.profile|x64.Build.0 = profile|x64
		{FADE429A-2214-39A4-B800-CC7949230D80}.profile|x86.ActiveCfg = profile|x64
		{FADE429A-2214-39A4-B800-CC7949230D80}.release|x64.ActiveCfg = release|x64
		{FADE429A-2214-39A4-B800-CC7949230D80}.release|x64.Build.0 = release|x64
		{FADE429A-2214-39A4-B800-CC7949230D80}.release|x86.ActiveCfg = release|x64
		{39170B47-5D58-3C57-89EC-F030B7C983C7}.checked|x64.ActiveCfg = checked|x64
		{39170B47-5D58-3C57-89EC-F030B7C983C7}.checked|x64.Build.0 = checked|x64
		{39170B47-5D58-3C57-89EC-F030B7C983C7}.checked|x86.ActiveCfg = checked|x64
		{39170B47-5D58-3C57-89EC-F030B7C983C7}.debug|x64.ActiveCfg = debug|x64
		{39170B47-5D58-3C57-89EC-F030B7C983C7}.debug|x64.Build.0 = debug|x64
		{39170B47-5D58-3C57-89EC-F030B7C983C7}.debug|x86.ActiveCfg = debug|x64
		{39170B47-5D58-3C57-89EC-F030B7C983C7}.profile|x64.ActiveCfg = profile|x64
		{39170B47-5D58-3C57-89EC-F030B7C983C7}.profile|x64.Build.0 = profile|x64
		{39170B47-5D58-3C57-89EC-F030B7C983C7}.profile|x86.ActiveCfg = profile|x64
		{39170B47-5D58-3C57-89EC-F030B7C983C7}.release|x64.ActiveCfg = release|x64
		{39170B47-5D58-3C57-89EC-F030B7C983C7}.release|x64.Build.0 = release|x64
		{39170B47-5D58-3C57-89EC-F030B7C983C7}.release|x86.ActiveCfg = release|x64
		{6C6B399B-5EC3-3F0E-89B3-D5A641C0E8BD}.checked|x64.ActiveCfg = checked|x64
		{6C6B399B-5EC3-3F0E-89B3-D5A641C0E8BD}.checked|x64.Build.0 = checked|x64
		{6C6B399B-5EC3-3F0E-89B3-D5A641C0E8BD}.checked|x86.ActiveCfg = checked|x64
		{6C6B399B-5EC3-3F0E-89B3-D5A641C0E8BD}.debug|x64.ActiveCfg = debug|x64
		{6C6B399B-5EC3-3F0E-89B3-D5A641C0E8BD}.debug|x64.Build.0 = debug|x64
		{6C6B399B-5EC3-3F0E-89B3-D5A641C0E8BD}.debug|x86.ActiveCfg = debug|x64
		{6C6B399B-5EC3-3F0E-89B3-D5A641C0E8BD}.profile|x64.ActiveCfg = profile|x64
		{6C6B399B-5EC3-3F0E-89B3-D5A641C0E8BD}.profile|x64.Build.0 = profile|x64
		{6C6B399B-5EC3-3F0E-89B3-D5A641C0E8BD}.profile|x86.ActiveCfg = profile|x64
		{6C6B399B-5EC3-3F0E-89B3-D5A641C0E8BD}.release|x64.ActiveCfg = release|x64
		{6C6B399B-5EC3-3F0E-89B3-D5A641C0E8BD}.release|x64.Build.0 = release|x64
		{6C6B399B-5EC3-3F0E-89B3-D5A641C0E8BD}.release|x86.ActiveCfg = release|x64
		{90D59BBA-030C-38BC-88D6-8BF582B9379D}.checked|x64.ActiveCfg = checked|x64
		{90D59BBA-030C-38BC-88D6-8BF582B9379D}.checked|x64.Build.0 = checked|x64
		{90D59BBA-030C-38BC-88D6-8BF582B9379D}.checked|x86.ActiveCfg = checked|x64
		{90D59BBA-030C-38BC-88D6-8BF582B9379D}.debug|x64.ActiveCfg = debug|x64
		{90D59BBA-030C-38BC-88D6-8BF582B9379D}.debug|x64.Build.0 = debug|x64
		{90D59BBA-030C-38BC-88D6-8BF582B9379D}.debug|x86.ActiveCfg = debug|x64
		{90D59BBA-030C-38BC-88D6-8BF582B9379D}.profile|x64.ActiveCfg = profile|x64
		{90D59BBA-030C-38BC-88D6-8BF582B9379D}.profile|x64.Build.0 = profile|x64
		{90D59BBA-030C-38BC-88D6-8BF582B9379D}.profile|x86.ActiveCfg = profile|x64
		{90D59BBA-030C-38BC-88D6-8BF582B9379D}.release|x64.ActiveCfg = release|x64
		{90D59BBA-030C-38BC-88D6-8BF582B9379D}.release|x64.Build.0 = release|x64
		{90D59BBA-030C-38BC-88D6-8BF582B9379D}.release|x86.ActiveCfg = release|x64
		{03A15AC5-5AD8-3D8F-8EAA-179F98E41A60}.checked|x64.ActiveCfg = checked|x64
		{03A15AC5-5AD8-3D8F-8EAA-179F98E41A60}.checked|x64.Build.0 = checked|x64
		{03A15AC5-5AD8-3D8F-8EAA-179F98E41A60}.checked|x86.ActiveCfg = checked|x64
		{03A15AC5-5AD8-3D8F-8EAA-179F98E41A60}.debug|x64.ActiveCfg = debug|x64
		{03A15AC5-5AD8-3D8F-8EAA-179F98E41A60}.debug|x64.Build.0 = debug|x64
		{03A15AC5-5AD8-3D8F-8EAA-179F98E41A60}.debug|x86.ActiveCfg = debug|x64
		{03A15AC5-5AD8-3D8F-8EAA-179F98E41A60}.profile|x64.ActiveCfg = profile|x64
		{03A15AC5-5AD8-3D8F-8EAA-179F98E41A60}.profile|x64.Build.0 = profile|x64
		{03A15AC5-5AD8-3D8F-8EAA-179F98E41A60}.profile|x86.ActiveCfg = profile|x64
		{03A15AC5-5AD8-3D8F-8EAA-179F98E41A60}.release|x64.ActiveCfg = release|x64
		{03A15AC5-5AD8-3D8F-8EAA-179F98E41A60}.release|x64.Build.0 = release|x64
		{03A15AC5-5AD8-3D8F-8EAA-179F98E41A60}.release|x86.ActiveCfg = release|x64
		{E2C58007-6B8D-3ED8-8466-4ABC26FE81F0}.checked|x64.ActiveCfg = checked|x64
		{E2C58007-6B8D-3ED8-8466-4ABC26FE81F0}.checked|x64.Build.0 = checked|x64
		{E2C58007-6B8D-3ED8-8466-4ABC26FE81F0}.checked|x86.ActiveCfg = checked|x64
		{E2C58007-6B8D-3ED8-8466-4ABC26FE81F0}.debug|x64.ActiveCfg = debug|x64
		{E2C58007-6B8D-3ED8-8466-4ABC26FE81F0}.debug|x64.Build.0 = debug|x64
		{E2C58007-6B8D-3ED8-8466-4ABC26FE81F0}.debug|x86.ActiveCfg = debug|x64
		{E2C58007-6B8D-3ED8-8466-4ABC26FE81F0}.profile|x64.ActiveCfg = profile|x64
		{E2C58007-6B8D-3ED8-8466-4ABC26FE81F0}.profile|x64.Build.0 = profile|x64
		{E2C58007-6B8D-3ED8-8466-4ABC26FE81F0}.profile|x86.ActiveCfg = profile|x64
		{E2C58007-6B8D-3ED8-8466-4ABC26FE81F0}.release|x64.ActiveCfg = release|x64
		{E2C58007-6B8D-3ED8-8466-4ABC26FE81F0}.release|x64.Build.0 = release|x64
		{E2C58007-6B8D-3ED8-8466-4ABC26FE81F0}.release|x86.ActiveCfg = release|x64
		{D74E0618-78E4-34A4-8ECE-206E7A30C5C5}.checked|x64.ActiveCfg = checked|x64
		{D74E0618-78E4-34A4-8ECE-206E7A30C5C5}.checked|x64.Build.0 = checked|x64
		{D74E0618-78E4-34A4-8ECE-206E7A30C5C5}.checked|x86.ActiveCfg = checked|x64
		{D74E0618-78E4-34A4-8ECE-206E7A30C5C5}.debug|x64.ActiveCfg = debug|x64
		{D74E0618-78E4-34A4-8ECE-206E7A30C5C5}.debug|x64.Build.0 = debug|x64
		{D74E0618-78E4-34A4-8ECE-206E7A30C5C5}.debug|x86.ActiveCfg = debug|x64
		{D74E0618-78E4-34A4-8ECE-206E7A30C5C5}.profile|x64.ActiveCfg = profile|x64
		{D74E0618-78E4-34A4-8ECE-206E7A30C5C5}.profile|x64.Build.0 = profile|x64
		{D74E0618-78E4-34A4-8ECE-206E7A30C5C5}.profile|x86.ActiveCfg = profile|x64
		{D74E0618-78E4-34A4-8ECE-206E7A30C5C5}.release|x64.ActiveCfg = release|x64
		{D74E0618-78E4-34A4-8ECE-206E7A30C5C5}.release|x64.Build.0 = release|x64
		{D74E0618-78E4-34A4-8ECE-206E7A30C5C5}.release|x86.ActiveCfg = release|x64
		{77C10ED5-CE5D-36F3-9892-CDDE4BCD46A1}.checked|x64.ActiveCfg = checked|x64
		{77C10ED5-CE5D-36F3-9892-CDDE4BCD46A1}.checked|x64.Build.0 = checked|x64
		{77C10ED5-CE5D-36F3-9892-CDDE4BCD46A1}.checked|x86.ActiveCfg = checked|x64
		{77C10ED5-CE5D-36F3-9892-CDDE4BCD46A1}.debug|x64.ActiveCfg = debug|x64
		{77C10ED5-CE5D-36F3-9892-CDDE4BCD46A1}.debug|x64.Build.0 = debug|x64
		{77C10ED5-CE5D-36F3-9892-CDDE4BCD46A1}.debug|x86.ActiveCfg = debug|x64
		{77C10ED5-CE5D-36F3-9892-CDDE4BCD46A1}.profile|x64.ActiveCfg = profile|x64
		{77C10ED5-CE5D-36F3-9892-CDDE4BCD46A1}.profile|x64.Build.0 = profile|x64
		{77C10ED5-CE5D-36F3-9892-CDDE4BCD46A1}.profile|x86.ActiveCfg = profile|x64
		{77C10ED5-CE5D-36F3-9892-CDDE4BCD46A1}.release|x64.ActiveCfg = release|x64
		{77C10ED5-CE5D-36F3-9892-CDDE4BCD46A1}.release|x64.Build.0 = release|x64
		{77C10ED5-CE5D-36F3-9892-CDDE4BCD46A1}.release|x86.ActiveCfg = release|x64
		{01E47483-0664-36FE-A56D-A341FD7F2247}.checked|x64.ActiveCfg = checked|x64
		{01E47483-0664-36FE-A56D-A341FD7F2247}.checked|x64.Build.0 = checked|x64
		{01E47483-0664-36FE-A56D-A341FD7F2247}.checked|x86.ActiveCfg = checked|x64
		{01E47483-0664-36FE-A56D-A341FD7F2247}.debug|x64.ActiveCfg = debug|x64
		{01E47483-0664-36FE-A56D-A341FD7F2247}.debug|x64.Build.0 = debug|x64
		{01E47483-0664-36FE-A56D-A341FD7F2247}.debug|x86.ActiveCfg = debug|x64
		{01E47483-0664-36FE-A56D-A341FD7F2247}.profile|x64.ActiveCfg = profile|x64
		{01E47483-0664-36FE-A56D-A341FD7F2247}.profile|x64.Build.0 = profile|x64
		{01E47483-0664-36FE-A56D-A341FD7F2247}.profile|x86.ActiveCfg = profile|x64
		{01E47483-0664-36FE-A56D-A341FD7F2247}.release|x64.ActiveCfg = release|x64
		{01E47483-0664-36FE-A56D-A341FD7F2247}.release|x64.Build.0 = release|x64
		{01E47483-0664-36FE-A56D-A341FD7F2247}.release|x86.ActiveCfg = release|x64
		{C4A4992F-2F03-305F-8903-45209FD22724}.checked|x64.ActiveCfg = checked|x64
		{C4A4992F-2F03-305F-8903-45209FD22724}.checked|x64.Build.0 = checked|x64
		{C4A4992F-2F03-305F-8903-45209FD22724}.checked|x86.ActiveCfg = checked|x64
		{C4A4992F-2F03-305F-8903-45209FD22724}.debug|x64.ActiveCfg = debug|x64
		{C4A4992F-2F03-305F-8903-45209FD22724}.debug|x64.Build.0 = debug|x64
		{C4A4992F-2F03-305F-8903-45209FD22724}.debug|x86.ActiveCfg = debug|x64
		{C4A4992F-2F03-305F-8903-45209FD22724}.profile|x64.ActiveCfg = profile|x64
		{C4A4992F-2F03-305F-8903-45209FD22724}.profile|x64.Build.0 = profile|x64
		{C4A4992F-2F03-305F-8903-45209FD22724}.profile|x86.ActiveCfg = profile|x64
		{C4A4992F-2F03-305F-8903-45209FD22724}.release|x64.ActiveCfg = release|x64
		{C4A4992F-2F03-305F-8903-45209FD22724}.release|x64.Build.0 = release|x64
		{C4A4992F-2F03-305F-8903-45209FD22724}.release|x86.ActiveCfg = release|x64
		{44D53AF6-28B9-3839-982E-B0FED0148C10}.checked|x64.ActiveCfg = checked|x64
		{44D53AF6-28B9-3839-982E-B0FED0148C10}.checked|x64.Build.0 = checked|x64
		{44D53AF6-28B9-3839-982E-B0FED0148C10}.checked|x86.ActiveCfg = checked|x64
		{44D53AF6-28B9-3839-982E-B0FED0148C10}.debug|x64.ActiveCfg = debug|x64
		{44D53AF6-28B9-3839-982E-B0FED0148C10}.debug|x64.Build.0 = debug|x64
		{44D53AF6-28B9-3839-982E-B0FED0148C10}.debug|x86.ActiveCfg = debug|x64
		{44D53AF6-28B9-3839-982E-B0FED0148C10}.profile|x64.ActiveCfg = profile|x64
		{44D53AF6-28B9-3839-982E-B0FED0148C10}.profile|x64.Build.0 = profile|x64
		{44D53AF6-28B9-3839-982E-B0FED0148C10}.profile|x86.ActiveCfg = profile|x64
		{44D53AF6-28B9-3839-982E-B0FED0148C10}.release|x64.ActiveCfg = release|x64
		{44D53AF6-28B9-3839-982E-B0FED0148C10}.release|x64.Build.0 = release|x64
		{44D53AF6-28B9-3839-982E-B0FED0148C10}.release|x86.ActiveCfg = release|x64
		{0C77ED4F-C30B-3958-8E18-3D77B473BD38}.checked|x64.ActiveCfg = checked|x64
		{0C77ED4F-C30B-3958-8E18-3D77B473BD38}.checked|x64.Build.0 = checked|x64
		{0C77ED4F-C30B-3958-8E18-3D77B473BD38}.checked|x86.ActiveCfg = checked|x64
		{0C77ED4F-C30B-3958-8E18-3D77B473BD38}.debug|x64.ActiveCfg = debug|x64
		{0C77ED4F-C30B-3958-8E18-3D77B473BD38}.debug|x64.Build.0 = debug|x64
		{0C77ED4F-C30B-3958-8E18-3D77B473BD38}.debug|x86.ActiveCfg = debug|x64
		{0C77ED4F-C30B-3958-8E18-3D77B473BD38}.profile|x64.ActiveCfg = profile|x64
		{0C77ED4F-C30B-3958-8E18-3D77B473BD38}.profile|x64.Build.0 = profile|x64
		{0C77ED4F-C30B-3958-8E18-3D77B473BD38}.profile|x86.ActiveCfg = profile|x64
		{0C77ED4F-C30B-3958-8E18-3D77B473BD38}.release|x64.ActiveCfg = release|x64
		{0C77ED4F-C30B-3958-8E18-3D77B473BD38}.release|x64.Build.0 = release|x64
		{0C77ED4F-C30B-3958-8E18-3D77B473BD38}.release|x86.ActiveCfg = release|x64
		{B154E72D-EF22-4A70-AE09-21261E84D2ED}.checked|x64.ActiveCfg = Debug|x64
		{B154E72D-EF22-4A70-AE09-21261E84D2ED}.checked|x64.Build.0 = Debug|x64
		{B154E72D-EF22-4A70-AE09-21261E84D2ED}.checked|x86.ActiveCfg = Debug|Win32
		{B154E72D-EF22-4A70-AE09-21261E84D2ED}.checked|x86.Build.0 = Debug|Win32
		{B154E72D-EF22-4A70-AE09-21261E84D2ED}.debug|x64.ActiveCfg = Debug|x64
		{B154E72D-EF22-4A70-AE09-21261E84D2ED}.debug|x64.Build.0 = Debug|x64
		{B154E72D-EF22-4A70-AE09-21261E84D2ED}.debug|x86.ActiveCfg = Debug|Win32
		{B154E72D-EF22-4A70-AE09-21261E84D2ED}.debug|x86.Build.0 = Debug|Win32
		{B154E72D-EF22-4A70-AE09-21261E84D2ED}.profile|x64.ActiveCfg = Debug|x64
		{B154E72D-EF22-4A70-AE09-21261E84D2ED}.profile|x64.Build.0 = Debug|x64
		{B154E72D-EF22-4A70-AE09-21261E84D2ED}.profile|x86.ActiveCfg = Debug|Win32
		{B154E72D-EF22-4A70-AE09-21261E84D2ED}.profile|x86.Build.0 = Debug|Win32
		{B154E72D-EF22-4A70-AE09-21261E84D2ED}.release|x64.ActiveCfg = Release|x64
		{B154E72D-EF22-4A70-AE09-21261E84D2ED}.release|x64.Build.0 = Release|x64
		{B154E72D-EF22-4A70-AE09-21261E84D2ED}.release|x86.ActiveCfg = Release|Win32
		{B154E72D-EF22-4A70-AE09-21261E84D2ED}.release|x86.Build.0 = Release|Win32
		{4E5964F6-C4E6-4A98-96B3-4344B2F02698}.checked|x64.ActiveCfg = Debug|x64
		{4E5964F6-C4E6-4A98-96B3-4344B2F02698}.checked|x64.Build.0 = Debug|x64
		{4E5964F6-C4E6-4A98-96B3-4344B2F02698}.checked|x86.ActiveCfg = Debug|Win32
		{4E5964F6-C4E6-4A98-96B3-4344B2F02698}.checked|x86.Build.0 = Debug|Win32
		{4E5964F6-C4E6-4A98-96B3-4344B2F02698}.debug|x64.ActiveCfg = Debug|x64
		{4E5964F6-C4E6-4A98-96B3-4344B2F02698}.debug|x64.Build.0 = Debug|x64
		{4E5964F6-C4E6-4A98-96B3-4344B2F02698}.debug|x86.ActiveCfg = Debug|Win32
		{4E5964F6-C4E6-4A98-96B3-4344B2F02698}.debug|x86.Build.0 = Debug|Win32
		{4E5964F6-C4E6-4A98-96B3-4344B2F02698}.profile|x64.ActiveCfg = Debug|x64
		{4E5964F6-C4E6-4A98-96B3-4344B2F02698}.profile|x64.Build.0 = Debug|x64
		{4E5964F6-C4E6-4A98-96B3-4344B2F02698}.profile|x86.ActiveCfg = Debug|Win32
		{4E5964F6-C4E6-4A98-96B3-4344B2F02698}.profile|x86.Build.0 = Debug|Win32
		{4E5964F6-C4E6-4A98-96B3-4344B2F02698}.release|x64.ActiveCfg = Release|x64
		{4E5964F6-C4E6-4A98-96B3-4344B2F02698}.release|x64.Build.0 = Release|x64
		{4E5964F6-C4E6-4A98-96B3-4344B2F02698}.release|x86.ActiveCfg = Release|Win32
		{4E5964F6-C4E6-4A98-96B3-4344B2F02698}.release|x86.Build.0 = Release|Win32
	EndGlobalSection
	GlobalSection(SolutionProperties) = preSolution
		HideSolutionNode = FALSE
	EndGlobalSection
	GlobalSection(NestedProjects) = preSolution
		{40C32FF4-29DC-4AAE-B7F9-CADE9BAB9E51} = {15920566-15BC-45DD-875A-819DAE166B41}
		{76CDB33F-F564-3DA3-9289-A23EE66CF7F9} = {40C32FF4-29DC-4AAE-B7F9-CADE9BAB9E51}
		{2C511568-5EF5-368E-9910-C56D42D6CD4D} = {40C32FF4-29DC-4AAE-B7F9-CADE9BAB9E51}
		{36C95597-4C95-3889-AE10-C1BFD7F790EE} = {40C32FF4-29DC-4AAE-B7F9-CADE9BAB9E51}
		{FADE429A-2214-39A4-B800-CC7949230D80} = {40C32FF4-29DC-4AAE-B7F9-CADE9BAB9E51}
		{39170B47-5D58-3C57-89EC-F030B7C983C7} = {40C32FF4-29DC-4AAE-B7F9-CADE9BAB9E51}
		{6C6B399B-5EC3-3F0E-89B3-D5A641C0E8BD} = {40C32FF4-29DC-4AAE-B7F9-CADE9BAB9E51}
		{90D59BBA-030C-38BC-88D6-8BF582B9379D} = {40C32FF4-29DC-4AAE-B7F9-CADE9BAB9E51}
		{03A15AC5-5AD8-3D8F-8EAA-179F98E41A60} = {40C32FF4-29DC-4AAE-B7F9-CADE9BAB9E51}
		{E2C58007-6B8D-3ED8-8466-4ABC26FE81F0} = {40C32FF4-29DC-4AAE-B7F9-CADE9BAB9E51}
		{D74E0618-78E4-34A4-8ECE-206E7A30C5C5} = {40C32FF4-29DC-4AAE-B7F9-CADE9BAB9E51}
		{77C10ED5-CE5D-36F3-9892-CDDE4BCD46A1} = {40C32FF4-29DC-4AAE-B7F9-CADE9BAB9E51}
		{01E47483-0664-36FE-A56D-A341FD7F2247} = {40C32FF4-29DC-4AAE-B7F9-CADE9BAB9E51}
		{C4A4992F-2F03-305F-8903-45209FD22724} = {40C32FF4-29DC-4AAE-B7F9-CADE9BAB9E51}
		{44D53AF6-28B9-3839-982E-B0FED0148C10} = {40C32FF4-29DC-4AAE-B7F9-CADE9BAB9E51}
		{0C77ED4F-C30B-3958-8E18-3D77B473BD38} = {40C32FF4-29DC-4AAE-B7F9-CADE9BAB9E51}
		{71F5AD3D-4DC0-42FE-9A4B-EAB618D9A067} = {587A04FD-B275-448F-9584-E193A2BF12E7}
		{B154E72D-EF22-4A70-AE09-21261E84D2ED} = {71F5AD3D-4DC0-42FE-9A4B-EAB618D9A067}
		{4E5964F6-C4E6-4A98-96B3-4344B2F02698} = {1E07DB15-CF2D-45A3-982E-D5C5E50D50CE}
	EndGlobalSection
	GlobalSection(ExtensibilityGlobals) = postSolution
		SolutionGuid = {C0D12F2E-7F68-46E4-A724-A82EC50DEBCE}
	EndGlobalSection
EndGlobal
