
Microsoft Visual Studio Solution File, Format Version 12.00
# Visual Studio Version 16
VisualStudioVersion = 16.0.30804.86
MinimumVisualStudioVersion = 10.0.40219.1
Project("{8BC9CEB8-8B4A-11D0-8D11-00A0C91BC942}") = "THourai", "Game\THourai\THourai.vcxproj", "{4E5964F6-C4E6-4A98-96B3-4344B2F02698}"
EndProject
Project("{2150E333-8FDC-42A3-9474-1A3956D46DE8}") = "Engine", "Engine", "{587A04FD-B275-448F-9584-E193A2BF12E7}"
EndProject
Project("{2150E333-8FDC-42A3-9474-1A3956D46DE8}") = "ThirdParty", "ThirdParty", "{15920566-15BC-45DD-875A-819DAE166B41}"
EndProject
Project("{2150E333-8FDC-42A3-9474-1A3956D46DE8}") = "PhysX SDK", "PhysX SDK", "{40C32FF4-29DC-4AAE-B7F9-CADE9BAB9E51}"
EndProject
Project("{8BC9CEB8-8B4A-11D0-8D11-00A0C91BC942}") = "FastXml", "ThirdParty\PhysX\physx\compiler\vc16win64\sdk_source_bin\FastXml.vcxproj", "{76CDB33F-F564-3DA3-9289-A23EE66CF7F9}"
EndProject
Project("{8BC9CEB8-8B4A-11D0-8D11-00A0C91BC942}") = "LowLevel", "ThirdParty\PhysX\physx\compiler\vc16win64\sdk_source_bin\LowLevel.vcxproj", "{2C511568-5EF5-368E-9910-C56D42D6CD4D}"
EndProject
Project("{8BC9CEB8-8B4A-11D0-8D11-00A0C91BC942}") = "LowLevelAABB", "ThirdParty\PhysX\physx\compiler\vc16win64\sdk_source_bin\LowLevelAABB.vcxproj", "{36C95597-4C95-3889-AE10-C1BFD7F790EE}"
EndProject
Project("{8BC9CEB8-8B4A-11D0-8D11-00A0C91BC942}") = "LowLevelDynamics", "ThirdParty\PhysX\physx\compiler\vc16win64\sdk_source_bin\LowLevelDynamics.vcxproj", "{FADE429A-2214-39A4-B800-CC7949230D80}"
EndProject
Project("{8BC9CEB8-8B4A-11D0-8D11-00A0C91BC942}") = "PhysX", "ThirdParty\PhysX\physx\compiler\vc16win64\sdk_source_bin\PhysX.vcxproj", "{39170B47-5D58-3C57-89EC-F030B7C983C7}"
EndProject
Project("{8BC9CEB8-8B4A-11D0-8D11-00A0C91BC942}") = "PhysXCharacterKinematic", "ThirdParty\PhysX\physx\compiler\vc16win64\sdk_source_bin\PhysXCharacterKinematic.vcxproj", "{6C6B399B-5EC3-3F0E-89B3-D5A641C0E8BD}"
EndProject
Project("{8BC9CEB8-8B4A-11D0-8D11-00A0C91BC942}") = "PhysXCommon", "ThirdParty\PhysX\physx\compiler\vc16win64\sdk_source_bin\PhysXCommon.vcxproj", "{90D59BBA-030C-38BC-88D6-8BF582B9379D}"
EndProject
Project("{8BC9CEB8-8B4A-11D0-8D11-00A0C91BC942}") = "PhysXCooking", "ThirdParty\PhysX\physx\compiler\vc16win64\sdk_source_bin\PhysXCooking.vcxproj", "{03A15AC5-5AD8-3D8F-8EAA-179F98E41A60}"
EndProject
Project("{8BC9CEB8-8B4A-11D0-8D11-00A0C91BC942}") = "PhysXExtensions", "ThirdParty\PhysX\physx\compiler\vc16win64\sdk_source_bin\PhysXExtensions.vcxproj", "{E2C58007-6B8D-3ED8-8466-4ABC26FE81F0}"
EndProject
Project("{8BC9CEB8-8B4A-11D0-8D11-00A0C91BC942}") = "PhysXFoundation", "ThirdParty\PhysX\physx\compiler\vc16win64\sdk_source_bin\PhysXFoundation.vcxproj", "{D74E0618-78E4-34A4-8ECE-206E7A30C5C5}"
EndProject
Project("{8BC9CEB8-8B4A-11D0-8D11-00A0C91BC942}") = "PhysXPvdSDK", "ThirdParty\PhysX\physx\compiler\vc16win64\sdk_source_bin\PhysXPvdSDK.vcxproj", "{77C10ED5-CE5D-36F3-9892-CDDE4BCD46A1}"
EndProject
Project("{8BC9CEB8-8B4A-11D0-8D11-00A0C91BC942}") = "PhysXTask", "ThirdParty\PhysX\physx\compiler\vc16win64\sdk_source_bin\PhysXTask.vcxproj", "{01E47483-0664-36FE-A56D-A341FD7F2247}"
EndProject
Project("{8BC9CEB8-8B4A-11D0-8D11-00A0C91BC942}") = "PhysXVehicle", "ThirdParty\PhysX\physx\compiler\vc16win64\sdk_source_bin\PhysXVehicle.vcxproj", "{C4A4992F-2F03-305F-8903-45209FD22724}"
EndProject
Project("{8BC9CEB8-8B4A-11D0-8D11-00A0C91BC942}") = "SceneQuery", "ThirdParty\PhysX\physx\compiler\vc16win64\sdk_source_bin\SceneQuery.vcxproj", "{44D53AF6-28B9-3839-982E-B0FED0148C10}"
EndProject
Project("{8BC9CEB8-8B4A-11D0-8D11-00A0C91BC942}") = "SimulationController", "ThirdParty\PhysX\physx\compiler\vc16win64\sdk_source_bin\SimulationController.vcxproj", "{0C77ED4F-C30B-3958-8E18-3D77B473BD38}"
EndProject
Project("{2150E333-8FDC-42A3-9474-1A3956D46DE8}") = "Runtime", "Runtime", "{71F5AD3D-4DC0-42FE-9A4B-EAB618D9A067}"
EndProject
Project("{2150E333-8FDC-42A3-9474-1A3956D46DE8}") = "Game", "Game", "{1E07DB15-CF2D-45A3-982E-D5C5E50D50CE}"
EndProject
Project("{2150E333-8FDC-42A3-9474-1A3956D46DE8}") = "assimp SDK", "assimp SDK", "{512E38E8-C863-47AD-9BA0-0E966A5A6D14}"
EndProject
Project("{8BC9CEB8-8B4A-11D0-8D11-00A0C91BC942}") = "assimp", "ThirdParty\assimp\BINARIES\x64\code\assimp.vcxproj", "{3BB5D697-F1E4-377A-AC8E-FCEE3B6780CD}"
EndProject
Project("{8BC9CEB8-8B4A-11D0-8D11-00A0C91BC942}") = "zlibstatic", "ThirdParty\assimp\BINARIES\x64\contrib\zlib\zlibstatic.vcxproj", "{59DBFC5A-89BE-314A-98A0-697008412C3C}"
EndProject
Project("{2150E333-8FDC-42A3-9474-1A3956D46DE8}") = "Program", "Program", "{81E2AF60-F453-4C78-B43A-6475E1031D5A}"
EndProject
Project("{9A19103F-16F7-4668-BE54-9A1E7A4F7556}") = "GUIDRemover", "Program\GUIDRemover\GUIDRemover.csproj", "{5E4F18C2-6E8F-4824-BBD1-A5DCB4B06E56}"
EndProject
Project("{8BC9CEB8-8B4A-11D0-8D11-00A0C91BC942}") = "Core", "Engine\Runtime\Core\Core.vcxproj", "{2D9C1FC7-8C2E-4F0E-938B-8F9967B975B1}"
EndProject
Project("{8BC9CEB8-8B4A-11D0-8D11-00A0C91BC942}") = "Game", "Engine\Runtime\Game\Game.vcxproj", "{2C0CDB0C-5E08-4F8E-9978-326BEEC3FCC6}"
EndProject
Project("{2150E333-8FDC-42A3-9474-1A3956D46DE8}") = "glfw SDK", "glfw SDK", "{A6F055D9-E65F-41A7-BEEC-158AB2528A8E}"
EndProject
Project("{8BC9CEB8-8B4A-11D0-8D11-00A0C91BC942}") = "glfw", "ThirdParty\glfw\BINARIES\x64\src\glfw.vcxproj", "{C96BC92D-B615-3105-965D-C87ECAA001A3}"
EndProject
Global
	GlobalSection(SolutionConfigurationPlatforms) = preSolution
		Debug|x64 = Debug|x64
		DebugGame|x64 = DebugGame|x64
		Release|x64 = Release|x64
	EndGlobalSection
	GlobalSection(ProjectConfigurationPlatforms) = postSolution
		{4E5964F6-C4E6-4A98-96B3-4344B2F02698}.Debug|x64.ActiveCfg = Debug|x64
		{4E5964F6-C4E6-4A98-96B3-4344B2F02698}.Debug|x64.Build.0 = Debug|x64
		{4E5964F6-C4E6-4A98-96B3-4344B2F02698}.DebugGame|x64.ActiveCfg = Debug|x64
		{4E5964F6-C4E6-4A98-96B3-4344B2F02698}.DebugGame|x64.Build.0 = Debug|x64
		{4E5964F6-C4E6-4A98-96B3-4344B2F02698}.Release|x64.ActiveCfg = Release|x64
		{4E5964F6-C4E6-4A98-96B3-4344B2F02698}.Release|x64.Build.0 = Release|x64
		{76CDB33F-F564-3DA3-9289-A23EE66CF7F9}.Debug|x64.ActiveCfg = release|x64
		{76CDB33F-F564-3DA3-9289-A23EE66CF7F9}.Debug|x64.Build.0 = release|x64
		{76CDB33F-F564-3DA3-9289-A23EE66CF7F9}.DebugGame|x64.ActiveCfg = release|x64
		{76CDB33F-F564-3DA3-9289-A23EE66CF7F9}.DebugGame|x64.Build.0 = release|x64
		{76CDB33F-F564-3DA3-9289-A23EE66CF7F9}.Release|x64.ActiveCfg = release|x64
		{76CDB33F-F564-3DA3-9289-A23EE66CF7F9}.Release|x64.Build.0 = release|x64
		{2C511568-5EF5-368E-9910-C56D42D6CD4D}.Debug|x64.ActiveCfg = release|x64
		{2C511568-5EF5-368E-9910-C56D42D6CD4D}.Debug|x64.Build.0 = release|x64
		{2C511568-5EF5-368E-9910-C56D42D6CD4D}.DebugGame|x64.ActiveCfg = release|x64
		{2C511568-5EF5-368E-9910-C56D42D6CD4D}.DebugGame|x64.Build.0 = release|x64
		{2C511568-5EF5-368E-9910-C56D42D6CD4D}.Release|x64.ActiveCfg = release|x64
		{2C511568-5EF5-368E-9910-C56D42D6CD4D}.Release|x64.Build.0 = release|x64
		{36C95597-4C95-3889-AE10-C1BFD7F790EE}.Debug|x64.ActiveCfg = release|x64
		{36C95597-4C95-3889-AE10-C1BFD7F790EE}.Debug|x64.Build.0 = release|x64
		{36C95597-4C95-3889-AE10-C1BFD7F790EE}.DebugGame|x64.ActiveCfg = release|x64
		{36C95597-4C95-3889-AE10-C1BFD7F790EE}.DebugGame|x64.Build.0 = release|x64
		{36C95597-4C95-3889-AE10-C1BFD7F790EE}.Release|x64.ActiveCfg = release|x64
		{36C95597-4C95-3889-AE10-C1BFD7F790EE}.Release|x64.Build.0 = release|x64
		{FADE429A-2214-39A4-B800-CC7949230D80}.Debug|x64.ActiveCfg = release|x64
		{FADE429A-2214-39A4-B800-CC7949230D80}.Debug|x64.Build.0 = release|x64
		{FADE429A-2214-39A4-B800-CC7949230D80}.DebugGame|x64.ActiveCfg = release|x64
		{FADE429A-2214-39A4-B800-CC7949230D80}.DebugGame|x64.Build.0 = release|x64
		{FADE429A-2214-39A4-B800-CC7949230D80}.Release|x64.ActiveCfg = release|x64
		{FADE429A-2214-39A4-B800-CC7949230D80}.Release|x64.Build.0 = release|x64
		{39170B47-5D58-3C57-89EC-F030B7C983C7}.Debug|x64.ActiveCfg = release|x64
		{39170B47-5D58-3C57-89EC-F030B7C983C7}.Debug|x64.Build.0 = release|x64
		{39170B47-5D58-3C57-89EC-F030B7C983C7}.DebugGame|x64.ActiveCfg = release|x64
		{39170B47-5D58-3C57-89EC-F030B7C983C7}.DebugGame|x64.Build.0 = release|x64
		{39170B47-5D58-3C57-89EC-F030B7C983C7}.Release|x64.ActiveCfg = release|x64
		{39170B47-5D58-3C57-89EC-F030B7C983C7}.Release|x64.Build.0 = release|x64
		{6C6B399B-5EC3-3F0E-89B3-D5A641C0E8BD}.Debug|x64.ActiveCfg = release|x64
		{6C6B399B-5EC3-3F0E-89B3-D5A641C0E8BD}.Debug|x64.Build.0 = release|x64
		{6C6B399B-5EC3-3F0E-89B3-D5A641C0E8BD}.DebugGame|x64.ActiveCfg = release|x64
		{6C6B399B-5EC3-3F0E-89B3-D5A641C0E8BD}.DebugGame|x64.Build.0 = release|x64
		{6C6B399B-5EC3-3F0E-89B3-D5A641C0E8BD}.Release|x64.ActiveCfg = release|x64
		{6C6B399B-5EC3-3F0E-89B3-D5A641C0E8BD}.Release|x64.Build.0 = release|x64
		{90D59BBA-030C-38BC-88D6-8BF582B9379D}.Debug|x64.ActiveCfg = release|x64
		{90D59BBA-030C-38BC-88D6-8BF582B9379D}.Debug|x64.Build.0 = release|x64
		{90D59BBA-030C-38BC-88D6-8BF582B9379D}.DebugGame|x64.ActiveCfg = release|x64
		{90D59BBA-030C-38BC-88D6-8BF582B9379D}.DebugGame|x64.Build.0 = release|x64
		{90D59BBA-030C-38BC-88D6-8BF582B9379D}.Release|x64.ActiveCfg = release|x64
		{90D59BBA-030C-38BC-88D6-8BF582B9379D}.Release|x64.Build.0 = release|x64
		{03A15AC5-5AD8-3D8F-8EAA-179F98E41A60}.Debug|x64.ActiveCfg = release|x64
		{03A15AC5-5AD8-3D8F-8EAA-179F98E41A60}.Debug|x64.Build.0 = release|x64
		{03A15AC5-5AD8-3D8F-8EAA-179F98E41A60}.DebugGame|x64.ActiveCfg = release|x64
		{03A15AC5-5AD8-3D8F-8EAA-179F98E41A60}.DebugGame|x64.Build.0 = release|x64
		{03A15AC5-5AD8-3D8F-8EAA-179F98E41A60}.Release|x64.ActiveCfg = release|x64
		{03A15AC5-5AD8-3D8F-8EAA-179F98E41A60}.Release|x64.Build.0 = release|x64
		{E2C58007-6B8D-3ED8-8466-4ABC26FE81F0}.Debug|x64.ActiveCfg = release|x64
		{E2C58007-6B8D-3ED8-8466-4ABC26FE81F0}.Debug|x64.Build.0 = release|x64
		{E2C58007-6B8D-3ED8-8466-4ABC26FE81F0}.DebugGame|x64.ActiveCfg = release|x64
		{E2C58007-6B8D-3ED8-8466-4ABC26FE81F0}.DebugGame|x64.Build.0 = release|x64
		{E2C58007-6B8D-3ED8-8466-4ABC26FE81F0}.Release|x64.ActiveCfg = release|x64
		{E2C58007-6B8D-3ED8-8466-4ABC26FE81F0}.Release|x64.Build.0 = release|x64
		{D74E0618-78E4-34A4-8ECE-206E7A30C5C5}.Debug|x64.ActiveCfg = release|x64
		{D74E0618-78E4-34A4-8ECE-206E7A30C5C5}.Debug|x64.Build.0 = release|x64
		{D74E0618-78E4-34A4-8ECE-206E7A30C5C5}.DebugGame|x64.ActiveCfg = release|x64
		{D74E0618-78E4-34A4-8ECE-206E7A30C5C5}.DebugGame|x64.Build.0 = release|x64
		{D74E0618-78E4-34A4-8ECE-206E7A30C5C5}.Release|x64.ActiveCfg = release|x64
		{D74E0618-78E4-34A4-8ECE-206E7A30C5C5}.Release|x64.Build.0 = release|x64
		{77C10ED5-CE5D-36F3-9892-CDDE4BCD46A1}.Debug|x64.ActiveCfg = release|x64
		{77C10ED5-CE5D-36F3-9892-CDDE4BCD46A1}.Debug|x64.Build.0 = release|x64
		{77C10ED5-CE5D-36F3-9892-CDDE4BCD46A1}.DebugGame|x64.ActiveCfg = release|x64
		{77C10ED5-CE5D-36F3-9892-CDDE4BCD46A1}.DebugGame|x64.Build.0 = release|x64
		{77C10ED5-CE5D-36F3-9892-CDDE4BCD46A1}.Release|x64.ActiveCfg = release|x64
		{77C10ED5-CE5D-36F3-9892-CDDE4BCD46A1}.Release|x64.Build.0 = release|x64
		{01E47483-0664-36FE-A56D-A341FD7F2247}.Debug|x64.ActiveCfg = release|x64
		{01E47483-0664-36FE-A56D-A341FD7F2247}.Debug|x64.Build.0 = release|x64
		{01E47483-0664-36FE-A56D-A341FD7F2247}.DebugGame|x64.ActiveCfg = release|x64
		{01E47483-0664-36FE-A56D-A341FD7F2247}.DebugGame|x64.Build.0 = release|x64
		{01E47483-0664-36FE-A56D-A341FD7F2247}.Release|x64.ActiveCfg = release|x64
		{01E47483-0664-36FE-A56D-A341FD7F2247}.Release|x64.Build.0 = release|x64
		{C4A4992F-2F03-305F-8903-45209FD22724}.Debug|x64.ActiveCfg = release|x64
		{C4A4992F-2F03-305F-8903-45209FD22724}.Debug|x64.Build.0 = release|x64
		{C4A4992F-2F03-305F-8903-45209FD22724}.DebugGame|x64.ActiveCfg = release|x64
		{C4A4992F-2F03-305F-8903-45209FD22724}.DebugGame|x64.Build.0 = release|x64
		{C4A4992F-2F03-305F-8903-45209FD22724}.Release|x64.ActiveCfg = release|x64
		{C4A4992F-2F03-305F-8903-45209FD22724}.Release|x64.Build.0 = release|x64
		{44D53AF6-28B9-3839-982E-B0FED0148C10}.Debug|x64.ActiveCfg = release|x64
		{44D53AF6-28B9-3839-982E-B0FED0148C10}.Debug|x64.Build.0 = release|x64
		{44D53AF6-28B9-3839-982E-B0FED0148C10}.DebugGame|x64.ActiveCfg = release|x64
		{44D53AF6-28B9-3839-982E-B0FED0148C10}.DebugGame|x64.Build.0 = release|x64
		{44D53AF6-28B9-3839-982E-B0FED0148C10}.Release|x64.ActiveCfg = release|x64
		{44D53AF6-28B9-3839-982E-B0FED0148C10}.Release|x64.Build.0 = release|x64
		{0C77ED4F-C30B-3958-8E18-3D77B473BD38}.Debug|x64.ActiveCfg = release|x64
		{0C77ED4F-C30B-3958-8E18-3D77B473BD38}.Debug|x64.Build.0 = release|x64
		{0C77ED4F-C30B-3958-8E18-3D77B473BD38}.DebugGame|x64.ActiveCfg = release|x64
		{0C77ED4F-C30B-3958-8E18-3D77B473BD38}.DebugGame|x64.Build.0 = release|x64
		{0C77ED4F-C30B-3958-8E18-3D77B473BD38}.Release|x64.ActiveCfg = release|x64
		{0C77ED4F-C30B-3958-8E18-3D77B473BD38}.Release|x64.Build.0 = release|x64
		{3BB5D697-F1E4-377A-AC8E-FCEE3B6780CD}.Debug|x64.ActiveCfg = Release|x64
		{3BB5D697-F1E4-377A-AC8E-FCEE3B6780CD}.Debug|x64.Build.0 = Release|x64
		{3BB5D697-F1E4-377A-AC8E-FCEE3B6780CD}.DebugGame|x64.ActiveCfg = Release|x64
		{3BB5D697-F1E4-377A-AC8E-FCEE3B6780CD}.DebugGame|x64.Build.0 = Release|x64
		{3BB5D697-F1E4-377A-AC8E-FCEE3B6780CD}.Release|x64.ActiveCfg = Release|x64
		{3BB5D697-F1E4-377A-AC8E-FCEE3B6780CD}.Release|x64.Build.0 = Release|x64
		{59DBFC5A-89BE-314A-98A0-697008412C3C}.Debug|x64.ActiveCfg = Release|x64
		{59DBFC5A-89BE-314A-98A0-697008412C3C}.Debug|x64.Build.0 = Release|x64
		{59DBFC5A-89BE-314A-98A0-697008412C3C}.DebugGame|x64.ActiveCfg = Release|x64
		{59DBFC5A-89BE-314A-98A0-697008412C3C}.DebugGame|x64.Build.0 = Release|x64
		{59DBFC5A-89BE-314A-98A0-697008412C3C}.Release|x64.ActiveCfg = Release|x64
		{59DBFC5A-89BE-314A-98A0-697008412C3C}.Release|x64.Build.0 = Release|x64
		{5E4F18C2-6E8F-4824-BBD1-A5DCB4B06E56}.Debug|x64.ActiveCfg = Release|Any CPU
		{5E4F18C2-6E8F-4824-BBD1-A5DCB4B06E56}.DebugGame|x64.ActiveCfg = Release|Any CPU
		{5E4F18C2-6E8F-4824-BBD1-A5DCB4B06E56}.Release|x64.ActiveCfg = Release|Any CPU
		{2D9C1FC7-8C2E-4F0E-938B-8F9967B975B1}.Debug|x64.ActiveCfg = DebugGame|x64
		{2D9C1FC7-8C2E-4F0E-938B-8F9967B975B1}.DebugGame|x64.ActiveCfg = DebugGame|x64
		{2D9C1FC7-8C2E-4F0E-938B-8F9967B975B1}.DebugGame|x64.Build.0 = DebugGame|x64
		{2D9C1FC7-8C2E-4F0E-938B-8F9967B975B1}.Release|x64.ActiveCfg = Release|x64
		{2D9C1FC7-8C2E-4F0E-938B-8F9967B975B1}.Release|x64.Build.0 = Release|x64
		{2C0CDB0C-5E08-4F8E-9978-326BEEC3FCC6}.Debug|x64.ActiveCfg = Debug|x64
		{2C0CDB0C-5E08-4F8E-9978-326BEEC3FCC6}.Debug|x64.Build.0 = Debug|x64
		{2C0CDB0C-5E08-4F8E-9978-326BEEC3FCC6}.DebugGame|x64.ActiveCfg = DebugGame|x64
		{2C0CDB0C-5E08-4F8E-9978-326BEEC3FCC6}.DebugGame|x64.Build.0 = DebugGame|x64
		{2C0CDB0C-5E08-4F8E-9978-326BEEC3FCC6}.Release|x64.ActiveCfg = Release|x64
		{2C0CDB0C-5E08-4F8E-9978-326BEEC3FCC6}.Release|x64.Build.0 = Release|x64
		{C96BC92D-B615-3105-965D-C87ECAA001A3}.Debug|x64.ActiveCfg = Release|x64
		{C96BC92D-B615-3105-965D-C87ECAA001A3}.Debug|x64.Build.0 = Release|x64
		{C96BC92D-B615-3105-965D-C87ECAA001A3}.DebugGame|x64.ActiveCfg = Release|x64
		{C96BC92D-B615-3105-965D-C87ECAA001A3}.DebugGame|x64.Build.0 = Release|x64
		{C96BC92D-B615-3105-965D-C87ECAA001A3}.Release|x64.ActiveCfg = Release|x64
		{C96BC92D-B615-3105-965D-C87ECAA001A3}.Release|x64.Build.0 = Release|x64
	EndGlobalSection
	GlobalSection(SolutionProperties) = preSolution
		HideSolutionNode = FALSE
	EndGlobalSection
	GlobalSection(NestedProjects) = preSolution
		{4E5964F6-C4E6-4A98-96B3-4344B2F02698} = {1E07DB15-CF2D-45A3-982E-D5C5E50D50CE}
		{40C32FF4-29DC-4AAE-B7F9-CADE9BAB9E51} = {15920566-15BC-45DD-875A-819DAE166B41}
		{76CDB33F-F564-3DA3-9289-A23EE66CF7F9} = {40C32FF4-29DC-4AAE-B7F9-CADE9BAB9E51}
		{2C511568-5EF5-368E-9910-C56D42D6CD4D} = {40C32FF4-29DC-4AAE-B7F9-CADE9BAB9E51}
		{36C95597-4C95-3889-AE10-C1BFD7F790EE} = {40C32FF4-29DC-4AAE-B7F9-CADE9BAB9E51}
		{FADE429A-2214-39A4-B800-CC7949230D80} = {40C32FF4-29DC-4AAE-B7F9-CADE9BAB9E51}
		{39170B47-5D58-3C57-89EC-F030B7C983C7} = {40C32FF4-29DC-4AAE-B7F9-CADE9BAB9E51}
		{6C6B399B-5EC3-3F0E-89B3-D5A641C0E8BD} = {40C32FF4-29DC-4AAE-B7F9-CADE9BAB9E51}
		{90D59BBA-030C-38BC-88D6-8BF582B9379D} = {40C32FF4-29DC-4AAE-B7F9-CADE9BAB9E51}
		{03A15AC5-5AD8-3D8F-8EAA-179F98E41A60} = {40C32FF4-29DC-4AAE-B7F9-CADE9BAB9E51}
		{E2C58007-6B8D-3ED8-8466-4ABC26FE81F0} = {40C32FF4-29DC-4AAE-B7F9-CADE9BAB9E51}
		{D74E0618-78E4-34A4-8ECE-206E7A30C5C5} = {40C32FF4-29DC-4AAE-B7F9-CADE9BAB9E51}
		{77C10ED5-CE5D-36F3-9892-CDDE4BCD46A1} = {40C32FF4-29DC-4AAE-B7F9-CADE9BAB9E51}
		{01E47483-0664-36FE-A56D-A341FD7F2247} = {40C32FF4-29DC-4AAE-B7F9-CADE9BAB9E51}
		{C4A4992F-2F03-305F-8903-45209FD22724} = {40C32FF4-29DC-4AAE-B7F9-CADE9BAB9E51}
		{44D53AF6-28B9-3839-982E-B0FED0148C10} = {40C32FF4-29DC-4AAE-B7F9-CADE9BAB9E51}
		{0C77ED4F-C30B-3958-8E18-3D77B473BD38} = {40C32FF4-29DC-4AAE-B7F9-CADE9BAB9E51}
		{71F5AD3D-4DC0-42FE-9A4B-EAB618D9A067} = {587A04FD-B275-448F-9584-E193A2BF12E7}
		{512E38E8-C863-47AD-9BA0-0E966A5A6D14} = {15920566-15BC-45DD-875A-819DAE166B41}
		{3BB5D697-F1E4-377A-AC8E-FCEE3B6780CD} = {512E38E8-C863-47AD-9BA0-0E966A5A6D14}
		{59DBFC5A-89BE-314A-98A0-697008412C3C} = {512E38E8-C863-47AD-9BA0-0E966A5A6D14}
		{5E4F18C2-6E8F-4824-BBD1-A5DCB4B06E56} = {81E2AF60-F453-4C78-B43A-6475E1031D5A}
		{2D9C1FC7-8C2E-4F0E-938B-8F9967B975B1} = {71F5AD3D-4DC0-42FE-9A4B-EAB618D9A067}
		{2C0CDB0C-5E08-4F8E-9978-326BEEC3FCC6} = {71F5AD3D-4DC0-42FE-9A4B-EAB618D9A067}
		{A6F055D9-E65F-41A7-BEEC-158AB2528A8E} = {15920566-15BC-45DD-875A-819DAE166B41}
		{C96BC92D-B615-3105-965D-C87ECAA001A3} = {A6F055D9-E65F-41A7-BEEC-158AB2528A8E}
	EndGlobalSection
	GlobalSection(ExtensibilityGlobals) = postSolution
		SolutionGuid = {C0D12F2E-7F68-46E4-A724-A82EC50DEBCE}
	EndGlobalSection
EndGlobal
