<?xml version="1.0" encoding="utf-8"?>
<Project ToolsVersion="4.0" xmlns="http://schemas.microsoft.com/developer/msbuild/2003">
  <ItemGroup>
    <ClInclude Include="LogTHStory.h" />
    <ClInclude Include="THGameInstance.h" />
    <ClInclude Include="Levels\StartupLevel.h">
      <Filter>Levels</Filter>
    </ClInclude>
  </ItemGroup>
  <ItemGroup>
    <ClCompile Include="LogTHStory.cpp" />
    <ClCompile Include="THGameInstance.cpp" />
    <ClCompile Include="Levels\StartupLevel.cpp">
      <Filter>Levels</Filter>
    </ClCompile>
  </ItemGroup>
  <ItemGroup>
    <Filter Include="Levels">
      <UniqueIdentifier>{31761278-77db-4b1f-bd11-1c1555ae182f}</UniqueIdentifier>
    </Filter>
  </ItemGroup>
</Project>