<?xml version="1.0" encoding="utf-8"?>
<Project ToolsVersion="4.0" xmlns="http://schemas.microsoft.com/developer/msbuild/2003">
  <ItemGroup>
    <Filter Include="Public">
      <UniqueIdentifier>{169d86fc-b7a6-40f2-86a4-de1ae17b3355}</UniqueIdentifier>
    </Filter>
    <Filter Include="Private">
      <UniqueIdentifier>{c804fb1e-35e3-4a62-8f42-dd1c6640b459}</UniqueIdentifier>
    </Filter>
    <Filter Include="Public\Level">
      <UniqueIdentifier>{acfa56c1-2457-48a5-98d6-08db1d3189ec}</UniqueIdentifier>
    </Filter>
    <Filter Include="Private\Level">
      <UniqueIdentifier>{54961cfc-cac9-4ec6-bb5c-2a5bc0146024}</UniqueIdentifier>
    </Filter>
    <Filter Include="Public\Controller">
      <UniqueIdentifier>{c6800eb0-edde-4c72-8d4d-262908f923b8}</UniqueIdentifier>
    </Filter>
    <Filter Include="Private\Controller">
      <UniqueIdentifier>{1a29fdd4-6188-400b-bf98-9b836cc33ac6}</UniqueIdentifier>
    </Filter>
    <Filter Include="Public\Actors">
      <UniqueIdentifier>{5c52843a-d099-47c5-b19e-375230931f99}</UniqueIdentifier>
    </Filter>
    <Filter Include="Private\Actors">
      <UniqueIdentifier>{f2efa76c-5870-4104-a9d9-2afea5da75ab}</UniqueIdentifier>
    </Filter>
  </ItemGroup>
  <ItemGroup>
    <ClInclude Include="Public\THGameInstance.h">
      <Filter>Public</Filter>
    </ClInclude>
    <ClInclude Include="Public\LogTHStory.h">
      <Filter>Public</Filter>
    </ClInclude>
    <ClInclude Include="Public\THGameModule.h">
      <Filter>Public</Filter>
    </ClInclude>
    <ClInclude Include="Public\Level\StartupLevel.h">
      <Filter>Public\Level</Filter>
    </ClInclude>
    <ClInclude Include="Public\THGameMode.h">
      <Filter>Public</Filter>
    </ClInclude>
    <ClInclude Include="Public\Controller\THPlayerController.h">
      <Filter>Public\Controller</Filter>
    </ClInclude>
    <ClInclude Include="Public\Actors\SampleActor.h">
      <Filter>Public\Actors</Filter>
    </ClInclude>
  </ItemGroup>
  <ItemGroup>
    <ClCompile Include="Private\LogTHStory.cpp">
      <Filter>Private</Filter>
    </ClCompile>
    <ClCompile Include="Private\THGameInstance.cpp">
      <Filter>Private</Filter>
    </ClCompile>
    <ClCompile Include="Private\THGameModule.cpp">
      <Filter>Private</Filter>
    </ClCompile>
    <ClCompile Include="Private\Level\StartupLevel.cpp">
      <Filter>Private\Level</Filter>
    </ClCompile>
    <ClCompile Include="Private\THGameMode.cpp">
      <Filter>Private</Filter>
    </ClCompile>
    <ClCompile Include="Private\Controller\THPlayerController.cpp">
      <Filter>Private\Controller</Filter>
    </ClCompile>
    <ClCompile Include="Private\Actors\SampleActor.cpp">
      <Filter>Private\Actors</Filter>
    </ClCompile>
  </ItemGroup>
</Project>