<?xml version="1.0" encoding="utf-8"?>
<Project ToolsVersion="4.0" xmlns="http://schemas.microsoft.com/developer/msbuild/2003">
  <ItemGroup>
    <Filter Include="Private">
      <UniqueIdentifier>{9e00ca9c-ed9e-4a00-bc2c-0cf8a87e63bd}</UniqueIdentifier>
    </Filter>
    <Filter Include="Public">
      <UniqueIdentifier>{984cdf1c-c1e5-42bd-a3b0-f79e428d5045}</UniqueIdentifier>
    </Filter>
  </ItemGroup>
  <ItemGroup>
    <ClInclude Include="Private\pch.h">
      <Filter>Private</Filter>
    </ClInclude>
    <ClInclude Include="Public\AppEngineModule.h">
      <Filter>Public</Filter>
    </ClInclude>
    <ClInclude Include="Public\AppEngine.h">
      <Filter>Public</Filter>
    </ClInclude>
  </ItemGroup>
  <ItemGroup>
    <ClCompile Include="Private\pch.cpp">
      <Filter>Private</Filter>
    </ClCompile>
    <ClCompile Include="Private\AppEngineModule.cpp">
      <Filter>Private</Filter>
    </ClCompile>
    <ClCompile Include="Private\AppEngine.cpp">
      <Filter>Private</Filter>
    </ClCompile>
  </ItemGroup>
</Project>