<?xml version="1.0" encoding="utf-8"?>
<Project ToolsVersion="4.0" xmlns="http://schemas.microsoft.com/developer/msbuild/2003">
  <ItemGroup>
    <ClInclude Include="pch.h" />
    <ClInclude Include="App.h" />
    <ClInclude Include="BasePage.h">
      <Filter>Pages</Filter>
    </ClInclude>
    <ClInclude Include="DemoScene.h">
      <Filter>Scenes</Filter>
    </ClInclude>
    <ClInclude Include="DemoPage.h">
      <Filter>Pages</Filter>
    </ClInclude>
    <ClInclude Include="Scene00.h">
      <Filter>Scenes</Filter>
    </ClInclude>
    <ClInclude Include="LoadingPage.h">
      <Filter>Pages</Filter>
    </ClInclude>
    <ClInclude Include="OnlyScriptPage.h">
      <Filter>Pages</Filter>
    </ClInclude>
    <ClInclude Include="CharacterPickPage.h">
      <Filter>Pages</Filter>
    </ClInclude>
    <ClInclude Include="Scene01.h">
      <Filter>Scenes</Filter>
    </ClInclude>
    <ClInclude Include="BaseCombatLayout.h">
      <Filter>Pages</Filter>
    </ClInclude>
    <ClInclude Include="ComplexPage.h">
      <Filter>Pages</Filter>
    </ClInclude>
    <ClInclude Include="GameVar.h">
      <Filter>GameSystem</Filter>
    </ClInclude>
    <ClInclude Include="MouseEventDispatcher.h">
      <Filter>Components</Filter>
    </ClInclude>
    <ClInclude Include="Movement.h">
      <Filter>Components</Filter>
    </ClInclude>
    <ClInclude Include="MainCamera.h">
      <Filter>GameObject</Filter>
    </ClInclude>
    <ClInclude Include="KeyboardMovement.h">
      <Filter>Components</Filter>
    </ClInclude>
    <ClInclude Include="Bee.h">
      <Filter>GameObject</Filter>
    </ClInclude>
    <ClInclude Include="Mokou.h">
      <Filter>GameObject</Filter>
    </ClInclude>
    <ClInclude Include="Kaguya.h">
      <Filter>GameObject</Filter>
    </ClInclude>
    <ClInclude Include="PlayableCharacterBase.h">
      <Filter>GameObject</Filter>
    </ClInclude>
    <ClInclude Include="CombatBase.h">
      <Filter>Components</Filter>
    </ClInclude>
    <ClInclude Include="GaugeBar.h">
      <Filter>UIElement</Filter>
    </ClInclude>
    <ClInclude Include="AutoRotate.h">
      <Filter>Components</Filter>
    </ClInclude>
    <ClInclude Include="Scene0_Terrain.h">
      <Filter>GameObject</Filter>
    </ClInclude>
    <ClInclude Include="Scene_UITest.h">
      <Filter>Scenes</Filter>
    </ClInclude>
    <ClInclude Include="UITestPage.h">
      <Filter>Pages</Filter>
    </ClInclude>
  </ItemGroup>
  <ItemGroup>
    <ClCompile Include="pch.cpp" />
    <ClCompile Include="App.cpp" />
    <ClCompile Include="WinMain.cpp" />
    <ClCompile Include="BasePage.cpp">
      <Filter>Pages</Filter>
    </ClCompile>
    <ClCompile Include="DemoScene.cpp">
      <Filter>Scenes</Filter>
    </ClCompile>
    <ClCompile Include="DemoPage.cpp">
      <Filter>Pages</Filter>
    </ClCompile>
    <ClCompile Include="Scene00.cpp">
      <Filter>Scenes</Filter>
    </ClCompile>
    <ClCompile Include="LoadingPage.cpp">
      <Filter>Pages</Filter>
    </ClCompile>
    <ClCompile Include="OnlyScriptPage.cpp">
      <Filter>Pages</Filter>
    </ClCompile>
    <ClCompile Include="CharacterPickPage.cpp">
      <Filter>Pages</Filter>
    </ClCompile>
    <ClCompile Include="Scene01.cpp">
      <Filter>Scenes</Filter>
    </ClCompile>
    <ClCompile Include="BaseCombatLayout.cpp">
      <Filter>Pages</Filter>
    </ClCompile>
    <ClCompile Include="ComplexPage.cpp">
      <Filter>Pages</Filter>
    </ClCompile>
    <ClCompile Include="GameVar.cpp">
      <Filter>GameSystem</Filter>
    </ClCompile>
    <ClCompile Include="MouseEventDispatcher.cpp">
      <Filter>Components</Filter>
    </ClCompile>
    <ClCompile Include="Movement.cpp">
      <Filter>Components</Filter>
    </ClCompile>
    <ClCompile Include="MainCamera.cpp">
      <Filter>GameObject</Filter>
    </ClCompile>
    <ClCompile Include="KeyboardMovement.cpp">
      <Filter>Components</Filter>
    </ClCompile>
    <ClCompile Include="Bee.cpp">
      <Filter>GameObject</Filter>
    </ClCompile>
    <ClCompile Include="Mokou.cpp">
      <Filter>GameObject</Filter>
    </ClCompile>
    <ClCompile Include="Kaguya.cpp">
      <Filter>GameObject</Filter>
    </ClCompile>
    <ClCompile Include="PlayableCharacterBase.cpp">
      <Filter>GameObject</Filter>
    </ClCompile>
    <ClCompile Include="CombatBase.cpp">
      <Filter>Components</Filter>
    </ClCompile>
    <ClCompile Include="GaugeBar.cpp">
      <Filter>UIElement</Filter>
    </ClCompile>
    <ClCompile Include="Scene0_Terrain.cpp">
      <Filter>GameObject</Filter>
    </ClCompile>
    <ClCompile Include="Scene_UITest.cpp">
      <Filter>Scenes</Filter>
    </ClCompile>
    <ClCompile Include="UITestPage.cpp">
      <Filter>Pages</Filter>
    </ClCompile>
  </ItemGroup>
  <ItemGroup>
    <Filter Include="Pages">
      <UniqueIdentifier>{e683bdb0-6d80-4485-9e17-6507f6180418}</UniqueIdentifier>
    </Filter>
    <Filter Include="Scenes">
      <UniqueIdentifier>{7540c7dd-31b0-4725-beec-685e8dbcf14c}</UniqueIdentifier>
    </Filter>
    <Filter Include="GameSystem">
      <UniqueIdentifier>{475710a9-50b6-4aaa-9b8b-f6c5af3be2bc}</UniqueIdentifier>
    </Filter>
    <Filter Include="Components">
      <UniqueIdentifier>{fb5b6ea1-1f54-4245-bc8b-aed696000893}</UniqueIdentifier>
    </Filter>
    <Filter Include="GameObject">
      <UniqueIdentifier>{dbdadbdb-59d7-4121-93bb-9dd2e24433dd}</UniqueIdentifier>
    </Filter>
    <Filter Include="UIElement">
      <UniqueIdentifier>{7261bc9f-d5ba-4e8f-93d2-7a8383ad50b5}</UniqueIdentifier>
    </Filter>
  </ItemGroup>
</Project>