
Microsoft Visual Studio Solution File, Format Version 12.00
# Visual Studio Version 17
VisualStudioVersion = 17.0.32112.339
MinimumVisualStudioVersion = 10.0.40219.1
Project("{9A19103F-16F7-4668-BE54-9A1E7A4F7556}") = "BuildTool", "BuildTool\BuildTool.csproj", "{BD8F1272-F01B-4982-9BF9-D1EBD7A25C2F}"
EndProject
Project("{9A19103F-16F7-4668-BE54-9A1E7A4F7556}") = "CodeProjectConfiguration", "CodeProjectConfiguration\CodeProjectConfiguration.csproj", "{004769CA-CCCF-40F5-AF0D-6BD65D7BA8B8}"
EndProject
Project("{9A19103F-16F7-4668-BE54-9A1E7A4F7556}") = "DotNETUtilities", "DotNETUtilities\DotNETUtilities.csproj", "{DEBBEB10-7AF3-4F28-A596-E5A4078FD1E8}"
EndProject
Global
	GlobalSection(SolutionConfigurationPlatforms) = preSolution
		Debug|Any CPU = Debug|Any CPU
		Release|Any CPU = Release|Any CPU
	EndGlobalSection
	GlobalSection(ProjectConfigurationPlatforms) = postSolution
		{BD8F1272-F01B-4982-9BF9-D1EBD7A25C2F}.Debug|Any CPU.ActiveCfg = Debug|Any CPU
		{BD8F1272-F01B-4982-9BF9-D1EBD7A25C2F}.Debug|Any CPU.Build.0 = Debug|Any CPU
		{BD8F1272-F01B-4982-9BF9-D1EBD7A25C2F}.Release|Any CPU.ActiveCfg = Release|Any CPU
		{BD8F1272-F01B-4982-9BF9-D1EBD7A25C2F}.Release|Any CPU.Build.0 = Release|Any CPU
		{004769CA-CCCF-40F5-AF0D-6BD65D7BA8B8}.Debug|Any CPU.ActiveCfg = Debug|Any CPU
		{004769CA-CCCF-40F5-AF0D-6BD65D7BA8B8}.Debug|Any CPU.Build.0 = Debug|Any CPU
		{004769CA-CCCF-40F5-AF0D-6BD65D7BA8B8}.Release|Any CPU.ActiveCfg = Release|Any CPU
		{004769CA-CCCF-40F5-AF0D-6BD65D7BA8B8}.Release|Any CPU.Build.0 = Release|Any CPU
		{DEBBEB10-7AF3-4F28-A596-E5A4078FD1E8}.Debug|Any CPU.ActiveCfg = Debug|Any CPU
		{DEBBEB10-7AF3-4F28-A596-E5A4078FD1E8}.Debug|Any CPU.Build.0 = Debug|Any CPU
		{DEBBEB10-7AF3-4F28-A596-E5A4078FD1E8}.Release|Any CPU.ActiveCfg = Release|Any CPU
		{DEBBEB10-7AF3-4F28-A596-E5A4078FD1E8}.Release|Any CPU.Build.0 = Release|Any CPU
	EndGlobalSection
	GlobalSection(SolutionProperties) = preSolution
		HideSolutionNode = FALSE
	EndGlobalSection
	GlobalSection(ExtensibilityGlobals) = postSolution
		SolutionGuid = {334A4482-0DC5-4175-B3A8-74CC10CAAECF}
	EndGlobalSection
EndGlobal
