<?xml version="1.0" encoding="utf-8"?>
<Project ToolsVersion="4.0" xmlns="http://schemas.microsoft.com/developer/msbuild/2003">
  <ItemGroup>
    <Filter Include="GameFramework">
      <UniqueIdentifier>{eb55dc3f-4aee-47f6-88f5-0aae5fde5e4f}</UniqueIdentifier>
    </Filter>
  </ItemGroup>
  <ItemGroup>
    <ClCompile Include="GameFramework\AActor.ixx">
      <Filter>GameFramework</Filter>
    </ClCompile>
    <ClCompile Include="GameObject.ixx" />
    <ClCompile Include="Game.ixx" />
    <ClCompile Include="GameInstance.ixx" />
    <ClCompile Include="IFrameworkView.ixx" />
    <ClCompile Include="GameInstance.cpp" />
    <ClCompile Include="GameObject.cpp" />
    <ClCompile Include="GameFramework\AController.ixx">
      <Filter>GameFramework</Filter>
    </ClCompile>
    <ClCompile Include="GameFramework\AActor.cpp">
      <Filter>GameFramework</Filter>
    </ClCompile>
    <ClCompile Include="GameFramework\AController.cpp">
      <Filter>GameFramework</Filter>
    </ClCompile>
    <ClCompile Include="GameFramework\APlayerController.ixx">
      <Filter>GameFramework</Filter>
    </ClCompile>
    <ClCompile Include="GameFramework\APlayerController.cpp">
      <Filter>GameFramework</Filter>
    </ClCompile>
    <ClCompile Include="GameFramework\AAIController.ixx">
      <Filter>GameFramework</Filter>
    </ClCompile>
    <ClCompile Include="GameFramework\AAIController.cpp">
      <Filter>GameFramework</Filter>
    </ClCompile>
    <ClCompile Include="GameFramework\APawn.ixx">
      <Filter>GameFramework</Filter>
    </ClCompile>
    <ClCompile Include="GameFramework\APawn.cpp">
      <Filter>GameFramework</Filter>
    </ClCompile>
    <ClCompile Include="Transform.ixx" />
    <ClCompile Include="GameEngine.ixx" />
    <ClCompile Include="GameEngine.cpp" />
    <ClCompile Include="LogGame.ixx" />
  </ItemGroup>
</Project>