<?xml version="1.0" encoding="utf-8"?>
<Project ToolsVersion="4.0" xmlns="http://schemas.microsoft.com/developer/msbuild/2003">
  <ItemGroup>
    <ClInclude Include="Private\pch.h">
      <Filter>Private</Filter>
    </ClInclude>
    <ClInclude Include="Public\SlateMinimal.h">
      <Filter>Public</Filter>
    </ClInclude>
    <ClInclude Include="Public\Widgets\CompoundWidget.h">
      <Filter>Public\Widgets</Filter>
    </ClInclude>
    <ClInclude Include="Public\Widgets\Widget.h">
      <Filter>Public\Widgets</Filter>
    </ClInclude>
    <ClInclude Include="Public\Widgets\Window.h">
      <Filter>Public\Widgets</Filter>
    </ClInclude>
    <ClInclude Include="Public\WIdgets\LeafWidget.h">
      <Filter>Public\Widgets</Filter>
    </ClInclude>
    <ClInclude Include="Public\Widgets\SlotBase.h">
      <Filter>Public\Widgets</Filter>
    </ClInclude>
    <ClInclude Include="Public\Widgets\DeclarativeSyntaxSupports.h">
      <Filter>Public\Widgets</Filter>
    </ClInclude>
    <ClInclude Include="Public\LogSlate.h">
      <Filter>Public</Filter>
    </ClInclude>
    <ClInclude Include="Public\Widgets\Text\TextBlock.h">
      <Filter>Public\Widgets\Text</Filter>
    </ClInclude>
    <ClInclude Include="Public\Widgets\Image\Image.h">
      <Filter>Public\Widgets\Image</Filter>
    </ClInclude>
    <ClInclude Include="Public\Widgets\Panel\PanelWidget.h">
      <Filter>Public\Widgets\Panel</Filter>
    </ClInclude>
    <ClInclude Include="Public\Widgets\Panel\CanvasPanel.h">
      <Filter>Public\Widgets\Panel</Filter>
    </ClInclude>
    <ClInclude Include="Public\Widgets\Panel\BoxPanel.h">
      <Filter>Public\Widgets\Panel</Filter>
    </ClInclude>
    <ClInclude Include="Public\Widgets\Panel\HorizontalBoxPanel.h">
      <Filter>Public\Widgets\Panel</Filter>
    </ClInclude>
    <ClInclude Include="Public\Widgets\Panel\VerticalBoxPanel.h">
      <Filter>Public\Widgets\Panel</Filter>
    </ClInclude>
    <ClInclude Include="Public\Widgets\Layout\Border.h">
      <Filter>Public\Widgets\Layout</Filter>
    </ClInclude>
    <ClInclude Include="Public\Widgets\Input\Button.h">
      <Filter>Public\Widgets\Input</Filter>
    </ClInclude>
  </ItemGroup>
  <ItemGroup>
    <ClCompile Include="Private\pch.cpp">
      <Filter>Private</Filter>
    </ClCompile>
    <ClCompile Include="Private\Draw\PaintArgs.cpp">
      <Filter>Private\Draw</Filter>
    </ClCompile>
    <ClCompile Include="Private\Draw\SlateWindowElementList.cpp">
      <Filter>Private\Draw</Filter>
    </ClCompile>
    <ClCompile Include="Private\Layout\Geometry.cpp">
      <Filter>Private\Layout</Filter>
    </ClCompile>
    <ClCompile Include="Private\Layout\ArrangedChildrens.cpp">
      <Filter>Private\Layout</Filter>
    </ClCompile>
    <ClCompile Include="Private\Layout\ArrangedWidget.cpp">
      <Filter>Private\Layout</Filter>
    </ClCompile>
    <ClCompile Include="Private\Widgets\CompoundWidget.cpp">
      <Filter>Private\Widgets</Filter>
    </ClCompile>
    <ClCompile Include="Private\Widgets\Widget.cpp">
      <Filter>Private\Widgets</Filter>
    </ClCompile>
    <ClCompile Include="Private\Widgets\Window.cpp">
      <Filter>Private\Widgets</Filter>
    </ClCompile>
    <ClCompile Include="Private\WIdgets\LeafWidget.cpp">
      <Filter>Private\Widgets</Filter>
    </ClCompile>
    <ClCompile Include="Private\LogSlate.cpp">
      <Filter>Private</Filter>
    </ClCompile>
    <ClCompile Include="Private\Widgets\Text\TextBlock.cpp">
      <Filter>Private\Widgets\Text</Filter>
    </ClCompile>
    <ClCompile Include="Private\Widgets\Image\Image.cpp">
      <Filter>Private\Widgets\Image</Filter>
    </ClCompile>
    <ClCompile Include="Private\Widgets\Panel\PanelWidget.cpp">
      <Filter>Private\Widgets\Panel</Filter>
    </ClCompile>
    <ClCompile Include="Private\Widgets\Panel\CanvasPanel.cpp">
      <Filter>Private\Widgets\Panel</Filter>
    </ClCompile>
    <ClCompile Include="Private\Widgets\Panel\BoxPanel.cpp">
      <Filter>Private\Widgets\Panel</Filter>
    </ClCompile>
    <ClCompile Include="Private\Widgets\Panel\HorizontalBoxPanel.cpp">
      <Filter>Private\Widgets\Panel</Filter>
    </ClCompile>
    <ClCompile Include="Private\Widgets\Panel\VerticalBoxPanel.cpp">
      <Filter>Private\Widgets\Panel</Filter>
    </ClCompile>
    <ClCompile Include="Private\Widgets\Layout\Border.cpp">
      <Filter>Private\Widgets\Layout</Filter>
    </ClCompile>
    <ClCompile Include="Private\Widgets\Input\Button.cpp">
      <Filter>Private\Widgets\Input</Filter>
    </ClCompile>
  </ItemGroup>
  <ItemGroup>
    <Filter Include="Public">
      <UniqueIdentifier>{18b7918e-9606-4a5b-87f2-bccc1edf552a}</UniqueIdentifier>
    </Filter>
    <Filter Include="Private">
      <UniqueIdentifier>{06764065-65bd-4f78-ba62-0ad83ce74400}</UniqueIdentifier>
    </Filter>
    <Filter Include="Private\Draw">
      <UniqueIdentifier>{12025464-5ae9-4218-8504-9af96bafc365}</UniqueIdentifier>
    </Filter>
    <Filter Include="Private\Layout">
      <UniqueIdentifier>{11c43787-b3f2-4599-9a4d-22871f49b974}</UniqueIdentifier>
    </Filter>
    <Filter Include="Public\Widgets">
      <UniqueIdentifier>{ce0113af-4158-463c-a8ce-de5c87baaea4}</UniqueIdentifier>
    </Filter>
    <Filter Include="Private\Widgets">
      <UniqueIdentifier>{f6d0de65-c011-42f8-9222-8fcee3f389d2}</UniqueIdentifier>
    </Filter>
    <Filter Include="Public\Widgets\Text">
      <UniqueIdentifier>{4e90e5cf-7d34-4f38-a3c6-e355e6e12b9e}</UniqueIdentifier>
    </Filter>
    <Filter Include="Private\Widgets\Text">
      <UniqueIdentifier>{3dff2871-1c98-444d-bf86-3a0720f18fb6}</UniqueIdentifier>
    </Filter>
    <Filter Include="Public\Widgets\Image">
      <UniqueIdentifier>{99cd810e-4900-470a-9f9d-3241e5fda2cf}</UniqueIdentifier>
    </Filter>
    <Filter Include="Private\Widgets\Image">
      <UniqueIdentifier>{979dd295-faac-4880-aa89-b1de529304f7}</UniqueIdentifier>
    </Filter>
    <Filter Include="Public\Widgets\Panel">
      <UniqueIdentifier>{ffa5b50f-dacd-4d80-9c31-f85cbd53e9fb}</UniqueIdentifier>
    </Filter>
    <Filter Include="Private\Widgets\Panel">
      <UniqueIdentifier>{d1176a81-357c-4a3f-8a1b-69736bc35b09}</UniqueIdentifier>
    </Filter>
    <Filter Include="Public\Widgets\Layout">
      <UniqueIdentifier>{fc8b419c-3a87-47d6-b72a-e749f2a93735}</UniqueIdentifier>
    </Filter>
    <Filter Include="Private\Widgets\Layout">
      <UniqueIdentifier>{f81e263d-dc32-442f-8bd9-77d870283aff}</UniqueIdentifier>
    </Filter>
    <Filter Include="Public\Widgets\Input">
      <UniqueIdentifier>{53577c9f-d735-46c4-865f-f87ca71d0cce}</UniqueIdentifier>
    </Filter>
    <Filter Include="Private\Widgets\Input">
      <UniqueIdentifier>{6732a5f8-4a6f-40e3-bdf3-19e646b8996e}</UniqueIdentifier>
    </Filter>
  </ItemGroup>
</Project>