<?xml version="1.0" encoding="utf-8"?>
<Project ToolsVersion="4.0" xmlns="http://schemas.microsoft.com/developer/msbuild/2003">
  <ItemGroup>
    <ClCompile Include="Private\LogChessAI.cpp">
      <Filter>Private</Filter>
    </ClCompile>
    <ClCompile Include="Private\Queries\ChessQueries.cpp">
      <Filter>Private\Queries</Filter>
    </ClCompile>
    <ClCompile Include="Private\Actors\Bishop.cpp">
      <Filter>Private\Actors</Filter>
    </ClCompile>
    <ClCompile Include="Private\Actors\ChessBoard.cpp">
      <Filter>Private\Actors</Filter>
    </ClCompile>
    <ClCompile Include="Private\Actors\ChessPawn.cpp">
      <Filter>Private\Actors</Filter>
    </ClCompile>
    <ClCompile Include="Private\Actors\FirstCheckPiece.cpp">
      <Filter>Private\Actors</Filter>
    </ClCompile>
    <ClCompile Include="Private\Actors\King.cpp">
      <Filter>Private\Actors</Filter>
    </ClCompile>
    <ClCompile Include="Private\Actors\Knight.cpp">
      <Filter>Private\Actors</Filter>
    </ClCompile>
    <ClCompile Include="Private\Actors\Piece.cpp">
      <Filter>Private\Actors</Filter>
    </ClCompile>
    <ClCompile Include="Private\Actors\Queen.cpp">
      <Filter>Private\Actors</Filter>
    </ClCompile>
    <ClCompile Include="Private\Actors\Rook.cpp">
      <Filter>Private\Actors</Filter>
    </ClCompile>
    <ClCompile Include="Private\Pawns\ChessBoardProxy.cpp">
      <Filter>Private\Pawns</Filter>
    </ClCompile>
    <ClCompile Include="Private\Queries\ChessBoardBuilt.cpp">
      <Filter>Private\Queries</Filter>
    </ClCompile>
    <ClCompile Include="Private\Queries\DirectionalMovablePiece.cpp">
      <Filter>Private\Queries</Filter>
    </ClCompile>
  </ItemGroup>
  <ItemGroup>
    <Filter Include="Public">
      <UniqueIdentifier>{275f5d30-23ec-43cd-9ea6-304db8043f22}</UniqueIdentifier>
    </Filter>
    <Filter Include="Private">
      <UniqueIdentifier>{fb8b6154-a25a-4a19-bd27-deb09cde1dad}</UniqueIdentifier>
    </Filter>
    <Filter Include="Public\Pawns">
      <UniqueIdentifier>{f9897769-2f0d-4edc-88a9-b9b62c9a69b2}</UniqueIdentifier>
    </Filter>
    <Filter Include="Public\Queries">
      <UniqueIdentifier>{e60ee7e1-079b-4ca3-8153-9d00e51cc431}</UniqueIdentifier>
    </Filter>
    <Filter Include="Private\Queries">
      <UniqueIdentifier>{e458eeee-7c1f-4d3e-9a26-78e29ba82f37}</UniqueIdentifier>
    </Filter>
    <Filter Include="Public\Actors">
      <UniqueIdentifier>{5d6fe83d-a5fd-4293-8863-ed5946778377}</UniqueIdentifier>
    </Filter>
    <Filter Include="Private\Actors">
      <UniqueIdentifier>{c4003fa5-f636-4c58-ae36-cfe1cf8a1151}</UniqueIdentifier>
    </Filter>
    <Filter Include="Private\Pawns">
      <UniqueIdentifier>{4bcda2f8-86be-4293-9200-0445fbc20921}</UniqueIdentifier>
    </Filter>
  </ItemGroup>
  <ItemGroup>
    <ClInclude Include="Public\LogChessAI.h">
      <Filter>Public</Filter>
    </ClInclude>
    <ClInclude Include="Public\ChessAIEnums.h">
      <Filter>Public</Filter>
    </ClInclude>
    <ClInclude Include="Public\ChessAIStructures.h">
      <Filter>Public</Filter>
    </ClInclude>
    <ClInclude Include="Public\Pawns\ChessBoardProxy.h">
      <Filter>Public\Pawns</Filter>
    </ClInclude>
    <ClInclude Include="Public\Queries\ChessQueries.h">
      <Filter>Public\Queries</Filter>
    </ClInclude>
    <ClInclude Include="Public\Actors\Piece.h">
      <Filter>Public\Actors</Filter>
    </ClInclude>
    <ClInclude Include="Public\Actors\Bishop.h">
      <Filter>Public\Actors</Filter>
    </ClInclude>
    <ClInclude Include="Public\Actors\ChessBoard.h">
      <Filter>Public\Actors</Filter>
    </ClInclude>
    <ClInclude Include="Public\Actors\ChessPawn.h">
      <Filter>Public\Actors</Filter>
    </ClInclude>
    <ClInclude Include="Public\Actors\FirstCheckPiece.h">
      <Filter>Public\Actors</Filter>
    </ClInclude>
    <ClInclude Include="Public\Actors\King.h">
      <Filter>Public\Actors</Filter>
    </ClInclude>
    <ClInclude Include="Public\Actors\Knight.h">
      <Filter>Public\Actors</Filter>
    </ClInclude>
    <ClInclude Include="Public\Actors\Queen.h">
      <Filter>Public\Actors</Filter>
    </ClInclude>
    <ClInclude Include="Public\Actors\Rook.h">
      <Filter>Public\Actors</Filter>
    </ClInclude>
    <ClInclude Include="Public\Queries\ChessBoardBuilt.h">
      <Filter>Public\Queries</Filter>
    </ClInclude>
    <ClInclude Include="Public\Queries\DirectionalMovablePiece.h">
      <Filter>Public\Queries</Filter>
    </ClInclude>
  </ItemGroup>
</Project>