<?xml version="1.0" encoding="utf-8"?>
<Project ToolsVersion="4.0" xmlns="http://schemas.microsoft.com/developer/msbuild/2003">
  <ItemGroup>
    <ClCompile Include="Actors\ChessBoard.cpp">
      <Filter>Actors</Filter>
    </ClCompile>
    <ClCompile Include="Pawns\ChessBoardProxy.cpp">
      <Filter>Pawns</Filter>
    </ClCompile>
    <ClCompile Include="Actors\Piece.cpp">
      <Filter>Actors</Filter>
    </ClCompile>
    <ClCompile Include="LogChessAI.cpp" />
    <ClCompile Include="Actors\King.cpp">
      <Filter>Actors</Filter>
    </ClCompile>
    <ClCompile Include="Actors\Queen.cpp">
      <Filter>Actors</Filter>
    </ClCompile>
    <ClCompile Include="Actors\Bishop.cpp">
      <Filter>Actors</Filter>
    </ClCompile>
    <ClCompile Include="Actors\Knight.cpp">
      <Filter>Actors</Filter>
    </ClCompile>
    <ClCompile Include="Actors\Rook.cpp">
      <Filter>Actors</Filter>
    </ClCompile>
    <ClCompile Include="Actors\ChessPawn.cpp">
      <Filter>Actors</Filter>
    </ClCompile>
    <ClCompile Include="Queries\ChessQueries.cpp">
      <Filter>Queries</Filter>
    </ClCompile>
    <ClCompile Include="Actors\FirstCheckPiece.cpp">
      <Filter>Actors</Filter>
    </ClCompile>
    <ClCompile Include="Queries\DirectionalMovablePiece.cpp">
      <Filter>Queries</Filter>
    </ClCompile>
  </ItemGroup>
  <ItemGroup>
    <Filter Include="Actors">
      <UniqueIdentifier>{eece25d5-0384-44fd-aec7-a0bf99b5b155}</UniqueIdentifier>
    </Filter>
    <Filter Include="Pawns">
      <UniqueIdentifier>{2a345fa8-7f17-4bff-a620-4991b9baa8df}</UniqueIdentifier>
    </Filter>
    <Filter Include="Queries">
      <UniqueIdentifier>{511c74db-0ecf-4e74-8ef5-10894daf816b}</UniqueIdentifier>
    </Filter>
    <Filter Include="Components">
      <UniqueIdentifier>{47172992-06b8-41c2-a3aa-baf574979ec8}</UniqueIdentifier>
    </Filter>
  </ItemGroup>
  <ItemGroup>
    <ClInclude Include="Actors\Piece.h">
      <Filter>Actors</Filter>
    </ClInclude>
    <ClInclude Include="Actors\ChessBoard.h">
      <Filter>Actors</Filter>
    </ClInclude>
    <ClInclude Include="Pawns\ChessBoardProxy.h">
      <Filter>Pawns</Filter>
    </ClInclude>
    <ClInclude Include="Queries\ChessQueries.h">
      <Filter>Queries</Filter>
    </ClInclude>
    <ClInclude Include="ChessAIEnums.h" />
    <ClInclude Include="LogChessAI.h" />
    <ClInclude Include="Actors\King.h">
      <Filter>Actors</Filter>
    </ClInclude>
    <ClInclude Include="ChessAIStructures.h" />
    <ClInclude Include="Actors\Queen.h">
      <Filter>Actors</Filter>
    </ClInclude>
    <ClInclude Include="Actors\Bishop.h">
      <Filter>Actors</Filter>
    </ClInclude>
    <ClInclude Include="Actors\Knight.h">
      <Filter>Actors</Filter>
    </ClInclude>
    <ClInclude Include="Actors\Rook.h">
      <Filter>Actors</Filter>
    </ClInclude>
    <ClInclude Include="Actors\ChessPawn.h">
      <Filter>Actors</Filter>
    </ClInclude>
    <ClInclude Include="Actors\FirstCheckPiece.h">
      <Filter>Actors</Filter>
    </ClInclude>
    <ClInclude Include="Queries\DirectionalMovablePiece.h">
      <Filter>Queries</Filter>
    </ClInclude>
  </ItemGroup>
</Project>