<?xml version="1.0" encoding="utf-8"?>
<Project ToolsVersion="4.0" xmlns="http://schemas.microsoft.com/developer/msbuild/2003">
  <ItemGroup>
    <ClInclude Include="pch.h" />
    <ClInclude Include="..\Include\SC.Threading.h" />
    <ClInclude Include="..\Include\SC.Threading\AsyncOperationCompletedEventArgs.h">
      <Filter>Include</Filter>
    </ClInclude>
    <ClInclude Include="..\Include\SC.Threading\AsyncStatus.h">
      <Filter>Include</Filter>
    </ClInclude>
    <ClInclude Include="..\Include\SC.Threading\AsyncTaskDelegate.h">
      <Filter>Include</Filter>
    </ClInclude>
    <ClInclude Include="..\Include\SC.Threading\AsyncWait.h">
      <Filter>Include</Filter>
    </ClInclude>
    <ClInclude Include="..\Include\SC.Threading\AsyncWaitResult.h">
      <Filter>Include</Filter>
    </ClInclude>
    <ClInclude Include="..\Include\SC.Threading\Event.h">
      <Filter>Include</Filter>
    </ClInclude>
    <ClInclude Include="..\Include\SC.Threading\IAsyncInfo.h">
      <Filter>Include</Filter>
    </ClInclude>
    <ClInclude Include="..\Include\SC.Threading\IAsyncOperation.h">
      <Filter>Include</Filter>
    </ClInclude>
    <ClInclude Include="..\Include\SC.Threading\ThreadPool.h">
      <Filter>Include</Filter>
    </ClInclude>
    <ClInclude Include="ThreadWorkItem.h">
      <Filter>Source</Filter>
    </ClInclude>
  </ItemGroup>
  <ItemGroup>
    <ClCompile Include="pch.cpp" />
    <ClCompile Include="Event.cpp">
      <Filter>Source</Filter>
    </ClCompile>
    <ClCompile Include="ThreadPool.cpp">
      <Filter>Source</Filter>
    </ClCompile>
    <ClCompile Include="AsyncWait.cpp">
      <Filter>Source</Filter>
    </ClCompile>
    <ClCompile Include="ThreadWorkItem.cpp">
      <Filter>Source</Filter>
    </ClCompile>
  </ItemGroup>
  <ItemGroup>
    <Filter Include="Include">
      <UniqueIdentifier>{94953c41-aa01-4557-bf69-516c8349e51f}</UniqueIdentifier>
    </Filter>
    <Filter Include="Source">
      <UniqueIdentifier>{38415cfa-5706-4d5b-9cfb-4c7b230330e1}</UniqueIdentifier>
    </Filter>
  </ItemGroup>
</Project>