<?xml version="1.0" encoding="utf-8"?>
<Project ToolsVersion="4.0" xmlns="http://schemas.microsoft.com/developer/msbuild/2003">
  <ItemGroup>
    <ClCompile Include="Object.ixx" />
    <ClCompile Include="PrimitiveTypes.ixx" />
    <ClCompile Include="Core.ixx" />
    <ClCompile Include="Numerics\Vector.ixx">
      <Filter>Numerics</Filter>
    </ClCompile>
    <ClCompile Include="SupportsObject.ixx" />
    <ClCompile Include="Mathematics\MathEx.ixx">
      <Filter>Mathematics</Filter>
    </ClCompile>
    <ClCompile Include="Mathematics\Radians.ixx">
      <Filter>Mathematics</Filter>
    </ClCompile>
    <ClCompile Include="Mathematics\Degrees.ixx">
      <Filter>Mathematics</Filter>
    </ClCompile>
    <ClCompile Include="Utilities\StringUtils.ixx">
      <Filter>Utilities</Filter>
    </ClCompile>
    <ClCompile Include="Numerics\Range.ixx">
      <Filter>Numerics</Filter>
    </ClCompile>
    <ClCompile Include="Diagnostics\LogSystem.ixx">
      <Filter>Diagnostics</Filter>
    </ClCompile>
    <ClCompile Include="Diagnostics\LogVerbosity.ixx">
      <Filter>Diagnostics</Filter>
    </ClCompile>
    <ClCompile Include="Diagnostics\LogCategory.ixx">
      <Filter>Diagnostics</Filter>
    </ClCompile>
    <ClCompile Include="LogCategory\LogCore.ixx">
      <Filter>LogCategory</Filter>
    </ClCompile>
    <ClCompile Include="Numerics\Vector3.ixx">
      <Filter>Numerics</Filter>
    </ClCompile>
    <ClCompile Include="Numerics\Vector2.ixx">
      <Filter>Numerics</Filter>
    </ClCompile>
    <ClCompile Include="Numerics\Vector4.ixx">
      <Filter>Numerics</Filter>
    </ClCompile>
    <ClCompile Include="Numerics\Quaternion.ixx">
      <Filter>Numerics</Filter>
    </ClCompile>
    <ClCompile Include="Utilities\StringUtils.cpp">
      <Filter>Utilities</Filter>
    </ClCompile>
    <ClCompile Include="Diagnostics\LogCategory.cpp">
      <Filter>Diagnostics</Filter>
    </ClCompile>
    <ClCompile Include="Object.cpp" />
    <ClCompile Include="Diagnostics\LogSystem.cpp">
      <Filter>Diagnostics</Filter>
    </ClCompile>
    <ClCompile Include="Delegates\MulticastDelegate.ixx">
      <Filter>Delegates</Filter>
    </ClCompile>
    <ClCompile Include="Delegates\MulticastEvent.ixx">
      <Filter>Delegates</Filter>
    </ClCompile>
    <ClCompile Include="Mathematics\MathEx.cpp">
      <Filter>Mathematics</Filter>
    </ClCompile>
    <ClCompile Include="Numerics\Color.ixx">
      <Filter>Numerics</Filter>
    </ClCompile>
    <ClCompile Include="Numerics\Color.cpp">
      <Filter>Numerics</Filter>
    </ClCompile>
    <ClCompile Include="Numerics\AxisAlignedCube.ixx">
      <Filter>Numerics</Filter>
    </ClCompile>
    <ClCompile Include="Numerics\Line.ixx">
      <Filter>Numerics</Filter>
    </ClCompile>
    <ClCompile Include="Numerics\Sphere.ixx">
      <Filter>Numerics</Filter>
    </ClCompile>
    <ClCompile Include="Numerics\Plane.ixx">
      <Filter>Numerics</Filter>
    </ClCompile>
    <ClCompile Include="Numerics\Ray.ixx">
      <Filter>Numerics</Filter>
    </ClCompile>
    <ClCompile Include="Numerics\ObjectOrientedCube.ixx">
      <Filter>Numerics</Filter>
    </ClCompile>
    <ClCompile Include="Numerics\Frustum.ixx">
      <Filter>Numerics</Filter>
    </ClCompile>
    <ClCompile Include="Numerics\Matrix.ixx">
      <Filter>Numerics</Filter>
    </ClCompile>
    <ClCompile Include="Numerics\Matrix4x4.ixx">
      <Filter>Numerics</Filter>
    </ClCompile>
    <ClCompile Include="Numerics\Matrix4x4.cpp">
      <Filter>Numerics</Filter>
    </ClCompile>
    <ClCompile Include="Numerics\Quaternion.cpp">
      <Filter>Numerics</Filter>
    </ClCompile>
    <ClCompile Include="IO\FileSystemReference.cpp">
      <Filter>IO</Filter>
    </ClCompile>
    <ClCompile Include="IO\FileSystemReference.ixx">
      <Filter>IO</Filter>
    </ClCompile>
    <ClCompile Include="IO\DirectoryReference.ixx">
      <Filter>IO</Filter>
    </ClCompile>
    <ClCompile Include="IO\DirectoryReference.cpp">
      <Filter>IO</Filter>
    </ClCompile>
    <ClCompile Include="IO\FileReference.ixx">
      <Filter>IO</Filter>
    </ClCompile>
    <ClCompile Include="IO\FileReference.cpp">
      <Filter>IO</Filter>
    </ClCompile>
    <ClCompile Include="Internal.ixx" />
  </ItemGroup>
  <ItemGroup>
    <Filter Include="Numerics">
      <UniqueIdentifier>{0bff16ca-400f-4271-8ae9-ebc7af65f787}</UniqueIdentifier>
    </Filter>
    <Filter Include="Mathematics">
      <UniqueIdentifier>{42efaef3-280c-4344-ac18-53eacd9555c1}</UniqueIdentifier>
    </Filter>
    <Filter Include="Utilities">
      <UniqueIdentifier>{8987bf89-95bb-4ddb-a40b-06ef984b8686}</UniqueIdentifier>
    </Filter>
    <Filter Include="Delegates">
      <UniqueIdentifier>{c051ea61-a877-4c07-9a50-d881f300038c}</UniqueIdentifier>
    </Filter>
    <Filter Include="Diagnostics">
      <UniqueIdentifier>{8655c301-4f6a-40b2-8cc7-14168da95641}</UniqueIdentifier>
    </Filter>
    <Filter Include="LogCategory">
      <UniqueIdentifier>{af7bcf90-9508-48e7-b5d0-1944441469fa}</UniqueIdentifier>
    </Filter>
    <Filter Include="IO">
      <UniqueIdentifier>{b7c6a406-36fa-4cd8-907e-464bb6718a77}</UniqueIdentifier>
    </Filter>
  </ItemGroup>
</Project>