<?xml version="1.0" encoding="utf-8"?>
<Project ToolsVersion="4.0" xmlns="http://schemas.microsoft.com/developer/msbuild/2003">
  <ItemGroup>
    <ClCompile Include="Utilities\StringUtils.cpp">
      <Filter>Utilities</Filter>
    </ClCompile>
    <ClCompile Include="Diagnostics\LogCategory.cpp">
      <Filter>Diagnostics</Filter>
    </ClCompile>
    <ClCompile Include="Object.cpp" />
    <ClCompile Include="Diagnostics\LogSystem.cpp">
      <Filter>Diagnostics</Filter>
    </ClCompile>
    <ClCompile Include="Mathematics\MathEx.cpp">
      <Filter>Mathematics</Filter>
    </ClCompile>
    <ClCompile Include="Numerics\Color.cpp">
      <Filter>Numerics</Filter>
    </ClCompile>
    <ClCompile Include="Numerics\Matrix4x4.cpp">
      <Filter>Numerics</Filter>
    </ClCompile>
    <ClCompile Include="Numerics\Quaternion.cpp">
      <Filter>Numerics</Filter>
    </ClCompile>
    <ClCompile Include="IO\FileSystemReference.cpp">
      <Filter>IO</Filter>
    </ClCompile>
    <ClCompile Include="IO\DirectoryReference.cpp">
      <Filter>IO</Filter>
    </ClCompile>
    <ClCompile Include="IO\FileReference.cpp">
      <Filter>IO</Filter>
    </ClCompile>
    <ClCompile Include="Threading\EventHandle.cpp">
      <Filter>Threading</Filter>
    </ClCompile>
    <ClCompile Include="Utilities\DateTime.cpp">
      <Filter>Utilities</Filter>
    </ClCompile>
    <ClCompile Include="LogCore.cpp" />
    <ClCompile Include="CoreAssert.cpp" />
    <ClCompile Include="Container\BitArray.cpp">
      <Filter>Container</Filter>
    </ClCompile>
    <ClCompile Include="pch.cpp" />
  </ItemGroup>
  <ItemGroup>
    <Filter Include="Numerics">
      <UniqueIdentifier>{0bff16ca-400f-4271-8ae9-ebc7af65f787}</UniqueIdentifier>
    </Filter>
    <Filter Include="Mathematics">
      <UniqueIdentifier>{42efaef3-280c-4344-ac18-53eacd9555c1}</UniqueIdentifier>
    </Filter>
    <Filter Include="Utilities">
      <UniqueIdentifier>{8987bf89-95bb-4ddb-a40b-06ef984b8686}</UniqueIdentifier>
    </Filter>
    <Filter Include="Delegates">
      <UniqueIdentifier>{c051ea61-a877-4c07-9a50-d881f300038c}</UniqueIdentifier>
    </Filter>
    <Filter Include="Diagnostics">
      <UniqueIdentifier>{8655c301-4f6a-40b2-8cc7-14168da95641}</UniqueIdentifier>
    </Filter>
    <Filter Include="IO">
      <UniqueIdentifier>{b7c6a406-36fa-4cd8-907e-464bb6718a77}</UniqueIdentifier>
    </Filter>
    <Filter Include="Threading">
      <UniqueIdentifier>{0a7dee3b-e03f-4a22-9112-6772872cef59}</UniqueIdentifier>
    </Filter>
    <Filter Include="Concepts">
      <UniqueIdentifier>{7899fd6f-7a65-41e7-8ba3-ab1f37f1eac3}</UniqueIdentifier>
    </Filter>
    <Filter Include="Container">
      <UniqueIdentifier>{4f2db49c-ffe3-466d-b36c-ff59cd51f61e}</UniqueIdentifier>
    </Filter>
  </ItemGroup>
  <ItemGroup>
    <ClInclude Include="Object.h" />
    <ClInclude Include="CoreMinimal.h" />
    <ClInclude Include="PrimitiveTypes.h" />
    <ClInclude Include="Concepts\SupportsObject.h">
      <Filter>Concepts</Filter>
    </ClInclude>
    <ClInclude Include="Delegates\MulticastDelegate.h">
      <Filter>Delegates</Filter>
    </ClInclude>
    <ClInclude Include="Delegates\MulticastEvent.h">
      <Filter>Delegates</Filter>
    </ClInclude>
    <ClInclude Include="Diagnostics\LogCategory.h">
      <Filter>Diagnostics</Filter>
    </ClInclude>
    <ClInclude Include="Diagnostics\LogSystem.h">
      <Filter>Diagnostics</Filter>
    </ClInclude>
    <ClInclude Include="Diagnostics\LogVerbosity.h">
      <Filter>Diagnostics</Filter>
    </ClInclude>
    <ClInclude Include="IO\DirectoryReference.h">
      <Filter>IO</Filter>
    </ClInclude>
    <ClInclude Include="IO\FileReference.h">
      <Filter>IO</Filter>
    </ClInclude>
    <ClInclude Include="IO\FileSystemReference.h">
      <Filter>IO</Filter>
    </ClInclude>
    <ClInclude Include="Mathematics\Degrees.h">
      <Filter>Mathematics</Filter>
    </ClInclude>
    <ClInclude Include="Mathematics\MathEx.h">
      <Filter>Mathematics</Filter>
    </ClInclude>
    <ClInclude Include="Mathematics\Radians.h">
      <Filter>Mathematics</Filter>
    </ClInclude>
    <ClInclude Include="Numerics\AxisAlignedCube.h">
      <Filter>Numerics</Filter>
    </ClInclude>
    <ClInclude Include="Numerics\Color.h">
      <Filter>Numerics</Filter>
    </ClInclude>
    <ClInclude Include="Numerics\Frustum.h">
      <Filter>Numerics</Filter>
    </ClInclude>
    <ClInclude Include="Numerics\Line.h">
      <Filter>Numerics</Filter>
    </ClInclude>
    <ClInclude Include="Numerics\Matrix.h">
      <Filter>Numerics</Filter>
    </ClInclude>
    <ClInclude Include="Numerics\Matrix4x4.h">
      <Filter>Numerics</Filter>
    </ClInclude>
    <ClInclude Include="Numerics\ObjectOrientedCube.h">
      <Filter>Numerics</Filter>
    </ClInclude>
    <ClInclude Include="Numerics\Plane.h">
      <Filter>Numerics</Filter>
    </ClInclude>
    <ClInclude Include="Numerics\Quaternion.h">
      <Filter>Numerics</Filter>
    </ClInclude>
    <ClInclude Include="Numerics\Range.h">
      <Filter>Numerics</Filter>
    </ClInclude>
    <ClInclude Include="Numerics\Ray.h">
      <Filter>Numerics</Filter>
    </ClInclude>
    <ClInclude Include="Numerics\Sphere.h">
      <Filter>Numerics</Filter>
    </ClInclude>
    <ClInclude Include="Numerics\Vector.h">
      <Filter>Numerics</Filter>
    </ClInclude>
    <ClInclude Include="Numerics\Vector2.h">
      <Filter>Numerics</Filter>
    </ClInclude>
    <ClInclude Include="Numerics\Vector3.h">
      <Filter>Numerics</Filter>
    </ClInclude>
    <ClInclude Include="Numerics\Vector4.h">
      <Filter>Numerics</Filter>
    </ClInclude>
    <ClInclude Include="Threading\EventHandle.h">
      <Filter>Threading</Filter>
    </ClInclude>
    <ClInclude Include="Utilities\DateTime.h">
      <Filter>Utilities</Filter>
    </ClInclude>
    <ClInclude Include="Utilities\StringUtils.h">
      <Filter>Utilities</Filter>
    </ClInclude>
    <ClInclude Include="Utilities\UniqueType.h">
      <Filter>Utilities</Filter>
    </ClInclude>
    <ClInclude Include="CoreAssert.h" />
    <ClInclude Include="LogCore.h" />
    <ClInclude Include="Container\BitArray.h">
      <Filter>Container</Filter>
    </ClInclude>
    <ClInclude Include="pch.h" />
  </ItemGroup>
</Project>