<?xml version="1.0" encoding="utf-8"?>
<Project ToolsVersion="4.0" xmlns="http://schemas.microsoft.com/developer/msbuild/2003">
  <ItemGroup>
    <Filter Include="Public">
      <UniqueIdentifier>{9ede1bac-9c9c-48e6-a563-df3265bb0bbe}</UniqueIdentifier>
    </Filter>
    <Filter Include="Private">
      <UniqueIdentifier>{fb0a086a-e3b9-4418-bdc6-e086d607074e}</UniqueIdentifier>
    </Filter>
    <Filter Include="Private\D3D12RHI">
      <UniqueIdentifier>{873fa724-e889-4a1c-af37-050c94679bb4}</UniqueIdentifier>
    </Filter>
    <Filter Include="Public\Logging">
      <UniqueIdentifier>{9ffd963f-4916-4da1-a8fa-98cf1396a688}</UniqueIdentifier>
    </Filter>
    <Filter Include="Private\Logging">
      <UniqueIdentifier>{fbb53c57-5927-4db8-8773-cda771d51aef}</UniqueIdentifier>
    </Filter>
    <Filter Include="Public\RHI">
      <UniqueIdentifier>{4791ff92-e145-47eb-b03a-2c21e88c654b}</UniqueIdentifier>
    </Filter>
    <Filter Include="Public\SceneRendering">
      <UniqueIdentifier>{5c801c21-88c1-4c8c-a527-1982a90a37ac}</UniqueIdentifier>
    </Filter>
    <Filter Include="Private\SceneRendering">
      <UniqueIdentifier>{403871ba-6df4-4a50-91bb-39d67b7eb2a2}</UniqueIdentifier>
    </Filter>
    <Filter Include="Public\Framework">
      <UniqueIdentifier>{f2130872-851c-4ce0-aef4-b316b49a1fe2}</UniqueIdentifier>
    </Filter>
    <Filter Include="Private\Framework">
      <UniqueIdentifier>{0d1fa1d5-49ca-43bc-8976-9018d99cb1ec}</UniqueIdentifier>
    </Filter>
    <Filter Include="Public\Components">
      <UniqueIdentifier>{f773f46f-27d4-4b0f-9d61-1fb48287cf22}</UniqueIdentifier>
    </Filter>
    <Filter Include="Private\Components">
      <UniqueIdentifier>{23ef1ada-3407-4fbf-83f9-d22b504ec91b}</UniqueIdentifier>
    </Filter>
    <Filter Include="Private\VulkanRHI">
      <UniqueIdentifier>{7df3d8a5-eced-4645-9eb2-59b064c03fa5}</UniqueIdentifier>
    </Filter>
    <Filter Include="Private\Shaders">
      <UniqueIdentifier>{5ef71315-a72a-49bb-a56d-a8d89c76164b}</UniqueIdentifier>
    </Filter>
    <Filter Include="Private\RHI">
      <UniqueIdentifier>{e96d80f9-da6a-4dad-ac0f-25a9e8a4d181}</UniqueIdentifier>
    </Filter>
    <Filter Include="Public\Assets">
      <UniqueIdentifier>{274472a8-b9ae-4ede-8a77-0ab900847e3b}</UniqueIdentifier>
    </Filter>
    <Filter Include="Private\Assets">
      <UniqueIdentifier>{815f49cc-3fde-41f5-b552-f38cb78f101a}</UniqueIdentifier>
    </Filter>
  </ItemGroup>
  <ItemGroup>
    <ClInclude Include="Public\GameAPI.h">
      <Filter>Public</Filter>
    </ClInclude>
    <ClInclude Include="Public\Application.h">
      <Filter>Public</Filter>
    </ClInclude>
    <ClInclude Include="Public\AppDuplicationException.h">
      <Filter>Public</Filter>
    </ClInclude>
    <ClInclude Include="Public\WindowsMinimal.h">
      <Filter>Public</Filter>
    </ClInclude>
    <ClInclude Include="Public\WinException.h">
      <Filter>Public</Filter>
    </ClInclude>
    <ClInclude Include="Public\IEngineTick.h">
      <Filter>Public</Filter>
    </ClInclude>
    <ClInclude Include="Private\D3D12RHI\D3D12Minimal.h">
      <Filter>Private\D3D12RHI</Filter>
    </ClInclude>
    <ClInclude Include="Public\Logging\LogVerbosity.h">
      <Filter>Public\Logging</Filter>
    </ClInclude>
    <ClInclude Include="Public\Logging\Logger.h">
      <Filter>Public\Logging</Filter>
    </ClInclude>
    <ClInclude Include="Public\Logging\LogCategoryBase.h">
      <Filter>Public\Logging</Filter>
    </ClInclude>
    <ClInclude Include="Private\Logging\LogMacros.h">
      <Filter>Private\Logging</Filter>
    </ClInclude>
    <ClInclude Include="Private\D3D12RHI\HResultException.h">
      <Filter>Private\D3D12RHI</Filter>
    </ClInclude>
    <ClInclude Include="Public\RHI\IRHIBundle.h">
      <Filter>Public\RHI</Filter>
    </ClInclude>
    <ClInclude Include="Public\RHI\IRHISwapChain.h">
      <Filter>Public\RHI</Filter>
    </ClInclude>
    <ClInclude Include="Private\D3D12RHI\D3D12SwapChain.h">
      <Filter>Private\D3D12RHI</Filter>
    </ClInclude>
    <ClInclude Include="Public\RHI\IRHIDeviceBundle.h">
      <Filter>Public\RHI</Filter>
    </ClInclude>
    <ClInclude Include="Public\RHI\IRHICommandFence.h">
      <Filter>Public\RHI</Filter>
    </ClInclude>
    <ClInclude Include="Public\RHI\IRHICommandList.h">
      <Filter>Public\RHI</Filter>
    </ClInclude>
    <ClInclude Include="Public\RHI\IRHIImmediateCommandList.h">
      <Filter>Public\RHI</Filter>
    </ClInclude>
    <ClInclude Include="Private\D3D12RHI\D3D12CommandFence.h">
      <Filter>Private\D3D12RHI</Filter>
    </ClInclude>
    <ClInclude Include="Private\D3D12RHI\D3D12ImmediateCommandList.h">
      <Filter>Private\D3D12RHI</Filter>
    </ClInclude>
    <ClInclude Include="Private\D3D12RHI\D3D12CommandList.h">
      <Filter>Private\D3D12RHI</Filter>
    </ClInclude>
    <ClInclude Include="Private\D3D12RHI\D3D12DeviceBundle.h">
      <Filter>Private\D3D12RHI</Filter>
    </ClInclude>
    <ClInclude Include="Public\RHI\IRHIResource.h">
      <Filter>Public\RHI</Filter>
    </ClInclude>
    <ClInclude Include="Private\D3D12RHI\D3D12Resource.h">
      <Filter>Private\D3D12RHI</Filter>
    </ClInclude>
    <ClInclude Include="Public\RHI\IRHIRenderTargetView.h">
      <Filter>Public\RHI</Filter>
    </ClInclude>
    <ClInclude Include="Private\D3D12RHI\D3D12DescriptorAllocator.h">
      <Filter>Private\D3D12RHI</Filter>
    </ClInclude>
    <ClInclude Include="Private\D3D12RHI\D3D12DescriptorIndex.h">
      <Filter>Private\D3D12RHI</Filter>
    </ClInclude>
    <ClInclude Include="Private\D3D12RHI\D3D12OfflineDescriptorManager.h">
      <Filter>Private\D3D12RHI</Filter>
    </ClInclude>
    <ClInclude Include="Private\D3D12RHI\D3D12OfflineDescriptorIndex.h">
      <Filter>Private\D3D12RHI</Filter>
    </ClInclude>
    <ClInclude Include="Private\D3D12RHI\D3D12RenderTargetView.h">
      <Filter>Private\D3D12RHI</Filter>
    </ClInclude>
    <ClInclude Include="Public\Engine.h">
      <Filter>Public</Filter>
    </ClInclude>
    <ClInclude Include="Public\RHI\RHIResourceStates.h">
      <Filter>Public\RHI</Filter>
    </ClInclude>
    <ClInclude Include="Public\SceneRendering\Scene.h">
      <Filter>Public\SceneRendering</Filter>
    </ClInclude>
    <ClInclude Include="Public\SceneRendering\SceneRenderer.h">
      <Filter>Public\SceneRendering</Filter>
    </ClInclude>
    <ClInclude Include="Public\RHI\RHITextureFormat.h">
      <Filter>Public\RHI</Filter>
    </ClInclude>
    <ClInclude Include="Public\RHI\RHIResourceFlags.h">
      <Filter>Public\RHI</Filter>
    </ClInclude>
    <ClInclude Include="Public\RHI\IRHIDeferredCommandList.h">
      <Filter>Public\RHI</Filter>
    </ClInclude>
    <ClInclude Include="Private\D3D12RHI\D3D12DeferredCommandList.h">
      <Filter>Private\D3D12RHI</Filter>
    </ClInclude>
    <ClInclude Include="Public\SceneRendering\DeferredSceneRenderer.h">
      <Filter>Public\SceneRendering</Filter>
    </ClInclude>
    <ClInclude Include="Public\Framework\Actor.h">
      <Filter>Public\Framework</Filter>
    </ClInclude>
    <ClInclude Include="Public\Components\ActorComponent.h">
      <Filter>Public\Components</Filter>
    </ClInclude>
    <ClInclude Include="Public\GameInstance.h">
      <Filter>Public</Filter>
    </ClInclude>
    <ClInclude Include="Public\World.h">
      <Filter>Public</Filter>
    </ClInclude>
    <ClInclude Include="Public\Components\SceneComponent.h">
      <Filter>Public\Components</Filter>
    </ClInclude>
    <ClInclude Include="Public\Components\PrimitiveComponent.h">
      <Filter>Public\Components</Filter>
    </ClInclude>
    <ClInclude Include="Public\Components\MeshComponent.h">
      <Filter>Public\Components</Filter>
    </ClInclude>
    <ClInclude Include="Public\Transform.h">
      <Filter>Public</Filter>
    </ClInclude>
    <ClInclude Include="Public\Rotator.h">
      <Filter>Public</Filter>
    </ClInclude>
    <ClInclude Include="Public\GameMinimal.h">
      <Filter>Public</Filter>
    </ClInclude>
    <ClInclude Include="Public\Framework\StaticMeshActor.h">
      <Filter>Public\Framework</Filter>
    </ClInclude>
    <ClInclude Include="Public\Components\StaticMeshComponent.h">
      <Filter>Public\Components</Filter>
    </ClInclude>
    <ClInclude Include="Public\Level.h">
      <Filter>Public</Filter>
    </ClInclude>
    <ClInclude Include="Public\TickFunction.h">
      <Filter>Public</Filter>
    </ClInclude>
    <ClInclude Include="Private\VulkanRHI\VulkanCommandList.h">
      <Filter>Private\VulkanRHI</Filter>
    </ClInclude>
    <ClInclude Include="Private\VulkanRHI\VulkanDeviceBundle.h">
      <Filter>Private\VulkanRHI</Filter>
    </ClInclude>
    <ClInclude Include="Private\VulkanRHI\VulkanException.h">
      <Filter>Private\VulkanRHI</Filter>
    </ClInclude>
    <ClInclude Include="Private\VulkanRHI\VulkanImmediateCommandList.h">
      <Filter>Private\VulkanRHI</Filter>
    </ClInclude>
    <ClInclude Include="Private\VulkanRHI\VulkanMinimal.h">
      <Filter>Private\VulkanRHI</Filter>
    </ClInclude>
    <ClInclude Include="Private\VulkanRHI\VulkanRenderTargetView.h">
      <Filter>Private\VulkanRHI</Filter>
    </ClInclude>
    <ClInclude Include="Private\VulkanRHI\VulkanResource.h">
      <Filter>Private\VulkanRHI</Filter>
    </ClInclude>
    <ClInclude Include="Private\VulkanRHI\VulkanSwapChain.h">
      <Filter>Private\VulkanRHI</Filter>
    </ClInclude>
    <ClInclude Include="Public\SceneRendering\PrimitiveSceneProxy.h">
      <Filter>Public\SceneRendering</Filter>
    </ClInclude>
    <ClInclude Include="Public\SceneRendering\MeshBatch.h">
      <Filter>Public\SceneRendering</Filter>
    </ClInclude>
    <ClInclude Include="Public\RHI\RHIMeshDrawCommand.h">
      <Filter>Public\RHI</Filter>
    </ClInclude>
    <ClInclude Include="Public\SceneRendering\StaticMeshSceneProxy.h">
      <Filter>Public\SceneRendering</Filter>
    </ClInclude>
    <ClInclude Include="Public\RHI\IRHIShader.h">
      <Filter>Public\RHI</Filter>
    </ClInclude>
    <ClInclude Include="Private\D3D12RHI\D3D12Shader.h">
      <Filter>Private\D3D12RHI</Filter>
    </ClInclude>
    <ClInclude Include="Public\RHI\RHIShaderLibrary.h">
      <Filter>Public\RHI</Filter>
    </ClInclude>
    <ClInclude Include="Private\RHI\RHICommon.h">
      <Filter>Private\RHI</Filter>
    </ClInclude>
    <ClInclude Include="Public\RHI\RHIPrimitiveTopology.h">
      <Filter>Public\RHI</Filter>
    </ClInclude>
    <ClInclude Include="Public\RHI\RHIViewport.h">
      <Filter>Public\RHI</Filter>
    </ClInclude>
    <ClInclude Include="Public\SceneRendering\Mesh.h">
      <Filter>Public\SceneRendering</Filter>
    </ClInclude>
    <ClInclude Include="Public\SceneRendering\StaticMesh.h">
      <Filter>Public\SceneRendering</Filter>
    </ClInclude>
    <ClInclude Include="Public\Assets\AssetManager.h">
      <Filter>Public\Assets</Filter>
    </ClInclude>
    <ClInclude Include="Public\RHI\RHIVertex.h">
      <Filter>Public\RHI</Filter>
    </ClInclude>
    <ClInclude Include="Public\RHI\RHIResourceGC.h">
      <Filter>Public\RHI</Filter>
    </ClInclude>
    <ClInclude Include="Public\RHI\IRHIFence.h">
      <Filter>Public\RHI</Filter>
    </ClInclude>
    <ClInclude Include="Private\D3D12RHI\D3D12Fence.h">
      <Filter>Private\D3D12RHI</Filter>
    </ClInclude>
    <ClInclude Include="Public\RHI\RHIShaderDescription.h">
      <Filter>Public\RHI</Filter>
    </ClInclude>
    <ClInclude Include="Public\Framework\Pawn.h">
      <Filter>Public\Framework</Filter>
    </ClInclude>
    <ClInclude Include="Public\Framework\Controller.h">
      <Filter>Public\Framework</Filter>
    </ClInclude>
    <ClInclude Include="Public\Framework\PlayerController.h">
      <Filter>Public\Framework</Filter>
    </ClInclude>
    <ClInclude Include="Public\Components\CameraComponent.h">
      <Filter>Public\Components</Filter>
    </ClInclude>
    <ClInclude Include="Public\SceneRendering\MinimalViewInfo.h">
      <Filter>Public\SceneRendering</Filter>
    </ClInclude>
    <ClInclude Include="Public\Framework\Character.h">
      <Filter>Public\Framework</Filter>
    </ClInclude>
    <ClInclude Include="Public\Components\SpringArmComponent.h">
      <Filter>Public\Components</Filter>
    </ClInclude>
    <ClInclude Include="Public\Components\ComponentTransformSpace.h">
      <Filter>Public\Components</Filter>
    </ClInclude>
  </ItemGroup>
  <ItemGroup>
    <ClCompile Include="Private\AppDuplicationException.cpp">
      <Filter>Private</Filter>
    </ClCompile>
    <ClCompile Include="Private\Application.cpp">
      <Filter>Private</Filter>
    </ClCompile>
    <ClCompile Include="Private\WinException.cpp">
      <Filter>Private</Filter>
    </ClCompile>
    <ClCompile Include="Private\Engine.cpp">
      <Filter>Private</Filter>
    </ClCompile>
    <ClCompile Include="Private\Logging\LogCategoryBase.cpp">
      <Filter>Private\Logging</Filter>
    </ClCompile>
    <ClCompile Include="Private\Logging\Logger.cpp">
      <Filter>Private\Logging</Filter>
    </ClCompile>
    <ClCompile Include="Private\D3D12RHI\D3D12Minimal.cpp">
      <Filter>Private\D3D12RHI</Filter>
    </ClCompile>
    <ClCompile Include="Private\D3D12RHI\HResultException.cpp">
      <Filter>Private\D3D12RHI</Filter>
    </ClCompile>
    <ClCompile Include="Private\D3D12RHI\D3D12SwapChain.cpp">
      <Filter>Private\D3D12RHI</Filter>
    </ClCompile>
    <ClCompile Include="Private\D3D12RHI\D3D12CommandFence.cpp">
      <Filter>Private\D3D12RHI</Filter>
    </ClCompile>
    <ClCompile Include="Private\D3D12RHI\D3D12CommandList.cpp">
      <Filter>Private\D3D12RHI</Filter>
    </ClCompile>
    <ClCompile Include="Private\D3D12RHI\D3D12ImmediateCommandList.cpp">
      <Filter>Private\D3D12RHI</Filter>
    </ClCompile>
    <ClCompile Include="Private\D3D12RHI\D3D12DeviceBundle.cpp">
      <Filter>Private\D3D12RHI</Filter>
    </ClCompile>
    <ClCompile Include="Private\D3D12RHI\D3D12Resource.cpp">
      <Filter>Private\D3D12RHI</Filter>
    </ClCompile>
    <ClCompile Include="Private\D3D12RHI\D3D12DescriptorIndex.cpp">
      <Filter>Private\D3D12RHI</Filter>
    </ClCompile>
    <ClCompile Include="Private\D3D12RHI\D3D12DescriptorAllocator.cpp">
      <Filter>Private\D3D12RHI</Filter>
    </ClCompile>
    <ClCompile Include="Private\D3D12RHI\D3D12OfflineDescriptorManager.cpp">
      <Filter>Private\D3D12RHI</Filter>
    </ClCompile>
    <ClCompile Include="Private\D3D12RHI\D3D12OfflineDescriptorIndex.cpp">
      <Filter>Private\D3D12RHI</Filter>
    </ClCompile>
    <ClCompile Include="Private\D3D12RHI\D3D12RenderTargetView.cpp">
      <Filter>Private\D3D12RHI</Filter>
    </ClCompile>
    <ClCompile Include="Private\SceneRendering\Scene.cpp">
      <Filter>Private\SceneRendering</Filter>
    </ClCompile>
    <ClCompile Include="Private\D3D12RHI\D3D12DeferredCommandList.cpp">
      <Filter>Private\D3D12RHI</Filter>
    </ClCompile>
    <ClCompile Include="Private\SceneRendering\SceneRenderer.cpp">
      <Filter>Private\SceneRendering</Filter>
    </ClCompile>
    <ClCompile Include="Private\Framework\Actor.cpp">
      <Filter>Private\Framework</Filter>
    </ClCompile>
    <ClCompile Include="Private\Components\ActorComponent.cpp">
      <Filter>Private\Components</Filter>
    </ClCompile>
    <ClCompile Include="Private\GameInstance.cpp">
      <Filter>Private</Filter>
    </ClCompile>
    <ClCompile Include="Private\World.cpp">
      <Filter>Private</Filter>
    </ClCompile>
    <ClCompile Include="Private\SceneRendering\DeferredSceneRenderer.cpp">
      <Filter>Private\SceneRendering</Filter>
    </ClCompile>
    <ClCompile Include="Private\Components\SceneComponent.cpp">
      <Filter>Private\Components</Filter>
    </ClCompile>
    <ClCompile Include="Private\Components\PrimitiveComponent.cpp">
      <Filter>Private\Components</Filter>
    </ClCompile>
    <ClCompile Include="Private\Components\MeshComponent.cpp">
      <Filter>Private\Components</Filter>
    </ClCompile>
    <ClCompile Include="Private\Rotator.cpp">
      <Filter>Private</Filter>
    </ClCompile>
    <ClCompile Include="Private\Transform.cpp">
      <Filter>Private</Filter>
    </ClCompile>
    <ClCompile Include="Private\Framework\StaticMeshActor.cpp">
      <Filter>Private\Framework</Filter>
    </ClCompile>
    <ClCompile Include="Private\Level.cpp">
      <Filter>Private</Filter>
    </ClCompile>
    <ClCompile Include="Private\TickFunction.cpp">
      <Filter>Private</Filter>
    </ClCompile>
    <ClCompile Include="Private\Components\StaticMeshComponent.cpp">
      <Filter>Private\Components</Filter>
    </ClCompile>
    <ClCompile Include="Private\SceneRendering\PrimitiveSceneProxy.cpp">
      <Filter>Private\SceneRendering</Filter>
    </ClCompile>
    <ClCompile Include="Private\RHI\RHIMeshDrawCommand.cpp">
      <Filter>Private\RHI</Filter>
    </ClCompile>
    <ClCompile Include="Private\SceneRendering\MeshBatch.cpp">
      <Filter>Private\SceneRendering</Filter>
    </ClCompile>
    <ClCompile Include="Private\SceneRendering\StaticMeshSceneProxy.cpp">
      <Filter>Private\SceneRendering</Filter>
    </ClCompile>
    <ClCompile Include="Private\D3D12RHI\D3D12Shader.cpp">
      <Filter>Private\D3D12RHI</Filter>
    </ClCompile>
    <ClCompile Include="Private\RHI\RHIShaderLibrary.cpp">
      <Filter>Private\RHI</Filter>
    </ClCompile>
    <ClCompile Include="Private\RHI\RHICommon.cpp">
      <Filter>Private\Logging</Filter>
    </ClCompile>
    <ClCompile Include="Private\RHI\RHIViewport.cpp">
      <Filter>Private\RHI</Filter>
    </ClCompile>
    <ClCompile Include="Private\SceneRendering\Mesh.cpp">
      <Filter>Private\SceneRendering</Filter>
    </ClCompile>
    <ClCompile Include="Private\SceneRendering\StaticMesh.cpp">
      <Filter>Private\SceneRendering</Filter>
    </ClCompile>
    <ClCompile Include="Private\Assets\AssetManager.cpp">
      <Filter>Private\Assets</Filter>
    </ClCompile>
    <ClCompile Include="Private\RHI\RHIVertex.cpp">
      <Filter>Private\RHI</Filter>
    </ClCompile>
    <ClCompile Include="Private\RHI\RHIResourceGC.cpp">
      <Filter>Private\RHI</Filter>
    </ClCompile>
    <ClCompile Include="Private\D3D12RHI\D3D12Fence.cpp">
      <Filter>Private\D3D12RHI</Filter>
    </ClCompile>
    <ClCompile Include="Private\RHI\RHIShaderDescription.cpp">
      <Filter>Private\RHI</Filter>
    </ClCompile>
    <ClCompile Include="Private\Framework\Pawn.cpp">
      <Filter>Private\Framework</Filter>
    </ClCompile>
    <ClCompile Include="Private\Framework\Controller.cpp">
      <Filter>Private\Framework</Filter>
    </ClCompile>
    <ClCompile Include="Private\Framework\PlayerController.cpp">
      <Filter>Private\Framework</Filter>
    </ClCompile>
    <ClCompile Include="Private\Components\CameraComponent.cpp">
      <Filter>Private\Components</Filter>
    </ClCompile>
    <ClCompile Include="Private\Framework\Character.cpp">
      <Filter>Private\Framework</Filter>
    </ClCompile>
    <ClCompile Include="Private\Components\SpringArmComponent.cpp">
      <Filter>Private\Components</Filter>
    </ClCompile>
  </ItemGroup>
  <ItemGroup>
    <None Include="Public\Logging\Logger.inl">
      <Filter>Public\Logging</Filter>
    </None>
    <None Include="Public\Application.inl">
      <Filter>Public</Filter>
    </None>
    <None Include="Public\Framework\Actor.inl">
      <Filter>Public\Framework</Filter>
    </None>
    <None Include="Public\World.inl">
      <Filter>Public</Filter>
    </None>
    <None Include="Public\Level.inl">
      <Filter>Public</Filter>
    </None>
    <None Include="Private\VulkanRHI\VulkanCommandList.cpp">
      <Filter>Private\VulkanRHI</Filter>
    </None>
    <None Include="Private\VulkanRHI\VulkanDeviceBundle.cpp">
      <Filter>Private\VulkanRHI</Filter>
    </None>
    <None Include="Private\VulkanRHI\VulkanException.cpp">
      <Filter>Private\VulkanRHI</Filter>
    </None>
    <None Include="Private\VulkanRHI\VulkanImmediateCommandList.cpp">
      <Filter>Private\VulkanRHI</Filter>
    </None>
    <None Include="Private\VulkanRHI\VulkanMinimal.cpp">
      <Filter>Private\VulkanRHI</Filter>
    </None>
    <None Include="Private\VulkanRHI\VulkanRenderTargetView.cpp">
      <Filter>Private\VulkanRHI</Filter>
    </None>
    <None Include="Private\VulkanRHI\VulkanResource.cpp">
      <Filter>Private\VulkanRHI</Filter>
    </None>
    <None Include="Private\VulkanRHI\VulkanSwapChain.cpp">
      <Filter>Private\VulkanRHI</Filter>
    </None>
    <None Include="Public\Framework\Controller.inl">
      <Filter>Public\Framework</Filter>
    </None>
  </ItemGroup>
  <ItemGroup>
    <FxCompile Include="Private\Shaders\VertexShader.hlsl">
      <Filter>Private\Shaders</Filter>
    </FxCompile>
    <FxCompile Include="Private\Shaders\PixelShader.hlsl">
      <Filter>Private\Shaders</Filter>
    </FxCompile>
  </ItemGroup>
</Project>