<?xml version="1.0" encoding="utf-8"?>
<Project ToolsVersion="4.0" xmlns="http://schemas.microsoft.com/developer/msbuild/2003">
  <ItemGroup>
    <Filter Include="Public">
      <UniqueIdentifier>{9ede1bac-9c9c-48e6-a563-df3265bb0bbe}</UniqueIdentifier>
    </Filter>
    <Filter Include="Private">
      <UniqueIdentifier>{fb0a086a-e3b9-4418-bdc6-e086d607074e}</UniqueIdentifier>
    </Filter>
    <Filter Include="Public\Logging">
      <UniqueIdentifier>{9ffd963f-4916-4da1-a8fa-98cf1396a688}</UniqueIdentifier>
    </Filter>
    <Filter Include="Private\Logging">
      <UniqueIdentifier>{fbb53c57-5927-4db8-8773-cda771d51aef}</UniqueIdentifier>
    </Filter>
    <Filter Include="Public\SceneRendering">
      <UniqueIdentifier>{5c801c21-88c1-4c8c-a527-1982a90a37ac}</UniqueIdentifier>
    </Filter>
    <Filter Include="Private\SceneRendering">
      <UniqueIdentifier>{403871ba-6df4-4a50-91bb-39d67b7eb2a2}</UniqueIdentifier>
    </Filter>
    <Filter Include="Public\Framework">
      <UniqueIdentifier>{f2130872-851c-4ce0-aef4-b316b49a1fe2}</UniqueIdentifier>
    </Filter>
    <Filter Include="Private\Framework">
      <UniqueIdentifier>{0d1fa1d5-49ca-43bc-8976-9018d99cb1ec}</UniqueIdentifier>
    </Filter>
    <Filter Include="Public\Components">
      <UniqueIdentifier>{f773f46f-27d4-4b0f-9d61-1fb48287cf22}</UniqueIdentifier>
    </Filter>
    <Filter Include="Private\Components">
      <UniqueIdentifier>{23ef1ada-3407-4fbf-83f9-d22b504ec91b}</UniqueIdentifier>
    </Filter>
    <Filter Include="Private\VulkanRHI">
      <UniqueIdentifier>{7df3d8a5-eced-4645-9eb2-59b064c03fa5}</UniqueIdentifier>
    </Filter>
    <Filter Include="Private\Shaders">
      <UniqueIdentifier>{5ef71315-a72a-49bb-a56d-a8d89c76164b}</UniqueIdentifier>
    </Filter>
    <Filter Include="Public\Assets">
      <UniqueIdentifier>{274472a8-b9ae-4ede-8a77-0ab900847e3b}</UniqueIdentifier>
    </Filter>
    <Filter Include="Private\Assets">
      <UniqueIdentifier>{815f49cc-3fde-41f5-b552-f38cb78f101a}</UniqueIdentifier>
    </Filter>
    <Filter Include="Public\Physics">
      <UniqueIdentifier>{2d663c95-549c-4c4a-b096-0d75a54b2c1d}</UniqueIdentifier>
    </Filter>
    <Filter Include="Private\Physics">
      <UniqueIdentifier>{9bb56105-49e2-4c7f-b198-d9c935413991}</UniqueIdentifier>
    </Filter>
    <Filter Include="Public\Diagnostics">
      <UniqueIdentifier>{723c307f-4c46-41a9-85f8-f65ba76cb975}</UniqueIdentifier>
    </Filter>
    <Filter Include="Private\Diagnostics">
      <UniqueIdentifier>{8c8d8630-6d1d-4e04-9462-0e76f2f471ff}</UniqueIdentifier>
    </Filter>
    <Filter Include="Public\PlatformMisc">
      <UniqueIdentifier>{8388413d-3bdc-4178-8a6f-97d9332dec2f}</UniqueIdentifier>
    </Filter>
    <Filter Include="Private\PlatformMisc">
      <UniqueIdentifier>{482323bf-8ae6-4395-8a42-88a0facda7bf}</UniqueIdentifier>
    </Filter>
    <Filter Include="Public\Misc">
      <UniqueIdentifier>{39f866c4-a196-4fe3-8c4e-395915442f9a}</UniqueIdentifier>
    </Filter>
    <Filter Include="Private\Misc">
      <UniqueIdentifier>{24e4bb5b-7f53-4e00-bdaa-9946ea62fe97}</UniqueIdentifier>
    </Filter>
    <Filter Include="Private\Shaders\TonemapShader">
      <UniqueIdentifier>{95b714ea-5949-40fa-8dee-43e3f7b7dee0}</UniqueIdentifier>
    </Filter>
    <Filter Include="Public\Materials">
      <UniqueIdentifier>{d0ac7db1-63e5-49d3-b29a-f19e20e04324}</UniqueIdentifier>
    </Filter>
    <Filter Include="Private\Materials">
      <UniqueIdentifier>{c3331f6d-5edc-4e1c-81dd-c28c37fbdcc5}</UniqueIdentifier>
    </Filter>
    <Filter Include="Public\DirectX">
      <UniqueIdentifier>{6fd9d0ae-a306-4eec-b257-be010cec840e}</UniqueIdentifier>
    </Filter>
    <Filter Include="Public\COM">
      <UniqueIdentifier>{efef971c-2ac7-4f09-8a9e-61e20a36ee25}</UniqueIdentifier>
    </Filter>
    <Filter Include="Private\COM">
      <UniqueIdentifier>{035bfb9c-81cd-43e6-8028-772ad8a60fc3}</UniqueIdentifier>
    </Filter>
    <Filter Include="Public\Windows">
      <UniqueIdentifier>{48451bd6-2d21-4155-8e2f-459cdfcfcd6b}</UniqueIdentifier>
    </Filter>
    <Filter Include="Private\Windows">
      <UniqueIdentifier>{27f32681-b7e3-4fbc-a68a-28043d929a74}</UniqueIdentifier>
    </Filter>
    <Filter Include="Private\DirectX">
      <UniqueIdentifier>{c4d60643-a0fe-4f21-a66f-233da83e3469}</UniqueIdentifier>
    </Filter>
    <Filter Include="Private\Shaders\RaytracingShader">
      <UniqueIdentifier>{da307a7c-1fc2-48d0-b456-2d260e9c498e}</UniqueIdentifier>
    </Filter>
    <Filter Include="Public\Input">
      <UniqueIdentifier>{8a94c755-c002-4372-bc29-c7231a063259}</UniqueIdentifier>
    </Filter>
    <Filter Include="Private\Input">
      <UniqueIdentifier>{a4c2915e-8861-4fc9-a3df-e77337998966}</UniqueIdentifier>
    </Filter>
    <Filter Include="Public\GameplayStatics">
      <UniqueIdentifier>{f68d1238-5495-4eef-ba0d-d68f7caa0c1c}</UniqueIdentifier>
    </Filter>
    <Filter Include="Private\GameplayStatics">
      <UniqueIdentifier>{45b3c9f1-50f3-4a68-80ff-c5dd14b17fe8}</UniqueIdentifier>
    </Filter>
  </ItemGroup>
  <ItemGroup>
    <ClInclude Include="Public\GameAPI.h">
      <Filter>Public</Filter>
    </ClInclude>
    <ClInclude Include="Public\Logging\LogVerbosity.h">
      <Filter>Public\Logging</Filter>
    </ClInclude>
    <ClInclude Include="Public\Logging\Logger.h">
      <Filter>Public\Logging</Filter>
    </ClInclude>
    <ClInclude Include="Public\Logging\LogCategoryBase.h">
      <Filter>Public\Logging</Filter>
    </ClInclude>
    <ClInclude Include="Private\Logging\LogMacros.h">
      <Filter>Private\Logging</Filter>
    </ClInclude>
    <ClInclude Include="Public\Engine.h">
      <Filter>Public</Filter>
    </ClInclude>
    <ClInclude Include="Public\SceneRendering\SceneRenderer.h">
      <Filter>Public\SceneRendering</Filter>
    </ClInclude>
    <ClInclude Include="Public\Framework\Actor.h">
      <Filter>Public\Framework</Filter>
    </ClInclude>
    <ClInclude Include="Public\Components\ActorComponent.h">
      <Filter>Public\Components</Filter>
    </ClInclude>
    <ClInclude Include="Public\GameInstance.h">
      <Filter>Public</Filter>
    </ClInclude>
    <ClInclude Include="Public\World.h">
      <Filter>Public</Filter>
    </ClInclude>
    <ClInclude Include="Public\Components\SceneComponent.h">
      <Filter>Public\Components</Filter>
    </ClInclude>
    <ClInclude Include="Public\Components\PrimitiveComponent.h">
      <Filter>Public\Components</Filter>
    </ClInclude>
    <ClInclude Include="Public\Components\MeshComponent.h">
      <Filter>Public\Components</Filter>
    </ClInclude>
    <ClInclude Include="Public\Transform.h">
      <Filter>Public</Filter>
    </ClInclude>
    <ClInclude Include="Public\Rotator.h">
      <Filter>Public</Filter>
    </ClInclude>
    <ClInclude Include="Public\GameMinimal.h">
      <Filter>Public</Filter>
    </ClInclude>
    <ClInclude Include="Public\Framework\StaticMeshActor.h">
      <Filter>Public\Framework</Filter>
    </ClInclude>
    <ClInclude Include="Public\Components\StaticMeshComponent.h">
      <Filter>Public\Components</Filter>
    </ClInclude>
    <ClInclude Include="Public\Level.h">
      <Filter>Public</Filter>
    </ClInclude>
    <ClInclude Include="Public\TickFunction.h">
      <Filter>Public</Filter>
    </ClInclude>
    <ClInclude Include="Private\VulkanRHI\VulkanCommandList.h">
      <Filter>Private\VulkanRHI</Filter>
    </ClInclude>
    <ClInclude Include="Private\VulkanRHI\VulkanDeviceBundle.h">
      <Filter>Private\VulkanRHI</Filter>
    </ClInclude>
    <ClInclude Include="Private\VulkanRHI\VulkanException.h">
      <Filter>Private\VulkanRHI</Filter>
    </ClInclude>
    <ClInclude Include="Private\VulkanRHI\VulkanImmediateCommandList.h">
      <Filter>Private\VulkanRHI</Filter>
    </ClInclude>
    <ClInclude Include="Private\VulkanRHI\VulkanMinimal.h">
      <Filter>Private\VulkanRHI</Filter>
    </ClInclude>
    <ClInclude Include="Private\VulkanRHI\VulkanRenderTargetView.h">
      <Filter>Private\VulkanRHI</Filter>
    </ClInclude>
    <ClInclude Include="Private\VulkanRHI\VulkanResource.h">
      <Filter>Private\VulkanRHI</Filter>
    </ClInclude>
    <ClInclude Include="Private\VulkanRHI\VulkanSwapChain.h">
      <Filter>Private\VulkanRHI</Filter>
    </ClInclude>
    <ClInclude Include="Public\SceneRendering\PrimitiveSceneProxy.h">
      <Filter>Public\SceneRendering</Filter>
    </ClInclude>
    <ClInclude Include="Public\SceneRendering\StaticMeshSceneProxy.h">
      <Filter>Public\SceneRendering</Filter>
    </ClInclude>
    <ClInclude Include="Public\SceneRendering\StaticMesh.h">
      <Filter>Public\SceneRendering</Filter>
    </ClInclude>
    <ClInclude Include="Public\Assets\AssetManager.h">
      <Filter>Public\Assets</Filter>
    </ClInclude>
    <ClInclude Include="Public\Framework\Pawn.h">
      <Filter>Public\Framework</Filter>
    </ClInclude>
    <ClInclude Include="Public\Framework\Controller.h">
      <Filter>Public\Framework</Filter>
    </ClInclude>
    <ClInclude Include="Public\Framework\PlayerController.h">
      <Filter>Public\Framework</Filter>
    </ClInclude>
    <ClInclude Include="Public\Components\CameraComponent.h">
      <Filter>Public\Components</Filter>
    </ClInclude>
    <ClInclude Include="Public\SceneRendering\MinimalViewInfo.h">
      <Filter>Public\SceneRendering</Filter>
    </ClInclude>
    <ClInclude Include="Public\Framework\Character.h">
      <Filter>Public\Framework</Filter>
    </ClInclude>
    <ClInclude Include="Public\Components\SpringArmComponent.h">
      <Filter>Public\Components</Filter>
    </ClInclude>
    <ClInclude Include="Public\Components\ComponentTransformSpace.h">
      <Filter>Public\Components</Filter>
    </ClInclude>
    <ClInclude Include="Public\Components\PlayerCameraManager.h">
      <Filter>Public\Components</Filter>
    </ClInclude>
    <ClInclude Include="Private\Logging\EngineLogCategory.h">
      <Filter>Private\Logging</Filter>
    </ClInclude>
    <ClInclude Include="Public\Physics\Collision.h">
      <Filter>Public\Physics</Filter>
    </ClInclude>
    <ClInclude Include="Public\Framework\GameModeBase.h">
      <Filter>Public\Framework</Filter>
    </ClInclude>
    <ClInclude Include="Public\Framework\Info.h">
      <Filter>Public\Framework</Filter>
    </ClInclude>
    <ClInclude Include="Public\TSubclassOf.h">
      <Filter>Public</Filter>
    </ClInclude>
    <ClInclude Include="Private\EngineCriticalException.h">
      <Filter>Private</Filter>
    </ClInclude>
    <ClInclude Include="Public\GameViewport.h">
      <Filter>Public</Filter>
    </ClInclude>
    <ClInclude Include="Public\SceneRendering\SceneVisibility.h">
      <Filter>Public\SceneRendering</Filter>
    </ClInclude>
    <ClInclude Include="Public\Diagnostics\ScopedCycleCounter.h">
      <Filter>Public\Diagnostics</Filter>
    </ClInclude>
    <ClInclude Include="Public\PlatformMisc\PlatformConsole.h">
      <Filter>Public\PlatformMisc</Filter>
    </ClInclude>
    <ClInclude Include="Public\Misc\TickScheduler.h">
      <Filter>Public\Misc</Filter>
    </ClInclude>
    <ClInclude Include="Public\ComponentMobility.h">
      <Filter>Public</Filter>
    </ClInclude>
    <ClInclude Include="Public\Components\InputComponent.h">
      <Filter>Public\Components</Filter>
    </ClInclude>
    <ClInclude Include="Public\Components\MovementComponent.h">
      <Filter>Public\Components</Filter>
    </ClInclude>
    <ClInclude Include="Public\Components\PawnMovementComponent.h">
      <Filter>Public\Components</Filter>
    </ClInclude>
    <ClInclude Include="Public\Framework\SpectatorPawn.h">
      <Filter>Public\Framework</Filter>
    </ClInclude>
    <ClInclude Include="Public\Components\FloatingPawnMovementComponent.h">
      <Filter>Public\Components</Filter>
    </ClInclude>
    <ClInclude Include="Public\Components\LightComponent.h">
      <Filter>Public\Components</Filter>
    </ClInclude>
    <ClInclude Include="Public\DeferredGameViewport.h">
      <Filter>Public</Filter>
    </ClInclude>
    <ClInclude Include="Public\SceneRendering\RaytracingSceneRenderer.h">
      <Filter>Public\SceneRendering</Filter>
    </ClInclude>
    <ClInclude Include="Public\SceneRendering\LightSceneProxy.h">
      <Filter>Public\SceneRendering</Filter>
    </ClInclude>
    <ClInclude Include="Public\Components\DirectionalLightComponent.h">
      <Filter>Public\Components</Filter>
    </ClInclude>
    <ClInclude Include="Public\Framework\DirectionalLight.h">
      <Filter>Public\Framework</Filter>
    </ClInclude>
    <ClInclude Include="Public\Materials\MaterialInterface.h">
      <Filter>Public\Materials</Filter>
    </ClInclude>
    <ClInclude Include="Private\Materials\MaterialInstance.h">
      <Filter>Private\Materials</Filter>
    </ClInclude>
    <ClInclude Include="Public\Materials\Material.h">
      <Filter>Public\Materials</Filter>
    </ClInclude>
    <ClInclude Include="Public\DirectX\DirectXDeviceBundle.h">
      <Filter>Public\DirectX</Filter>
    </ClInclude>
    <ClInclude Include="Public\COM\COMDeviceBundle.h">
      <Filter>Public\COM</Filter>
    </ClInclude>
    <ClInclude Include="Public\COM\TComPtr.h">
      <Filter>Public\COM</Filter>
    </ClInclude>
    <ClInclude Include="Public\COM\COMException.h">
      <Filter>Public\COM</Filter>
    </ClInclude>
    <ClInclude Include="Public\Windows\CoreWindow.h">
      <Filter>Public\Windows</Filter>
    </ClInclude>
    <ClInclude Include="Public\Windows\HandleBase.h">
      <Filter>Public\Windows</Filter>
    </ClInclude>
    <ClInclude Include="Public\Windows\WindowsMinimal.h">
      <Filter>Public\Windows</Filter>
    </ClInclude>
    <ClInclude Include="Public\Windows\Application.h">
      <Filter>Public\Windows</Filter>
    </ClInclude>
    <ClInclude Include="Public\Windows\WinException.h">
      <Filter>Public\Windows</Filter>
    </ClInclude>
    <ClInclude Include="Public\DirectX\DirectXSwapChain.h">
      <Filter>Public\DirectX</Filter>
    </ClInclude>
    <ClInclude Include="Private\COM\COMMinimal.h">
      <Filter>Private\COM</Filter>
    </ClInclude>
    <ClInclude Include="Public\DirectX\DirectXCommandQueue.h">
      <Filter>Public\DirectX</Filter>
    </ClInclude>
    <ClInclude Include="Public\DirectX\DirectXDeviceResource.h">
      <Filter>Public\DirectX</Filter>
    </ClInclude>
    <ClInclude Include="Public\GameObject.h">
      <Filter>Public</Filter>
    </ClInclude>
    <ClInclude Include="Public\DirectX\DirectXDeviceContext.h">
      <Filter>Public\DirectX</Filter>
    </ClInclude>
    <ClInclude Include="Public\DirectX\DirectXImmediateContext.h">
      <Filter>Public\DirectX</Filter>
    </ClInclude>
    <ClInclude Include="Public\DirectX\DirectXMinimal.h">
      <Filter>Public\DirectX</Filter>
    </ClInclude>
    <ClInclude Include="Private\DirectX\DirectXCommon.h">
      <Filter>Private\DirectX</Filter>
    </ClInclude>
    <ClInclude Include="Public\DirectX\DirectXDeferredContext.h">
      <Filter>Public\DirectX</Filter>
    </ClInclude>
    <ClInclude Include="Public\DirectX\DirectXAutoFence.h">
      <Filter>Public\DirectX</Filter>
    </ClInclude>
    <ClInclude Include="Public\Windows\WinEvent.h">
      <Filter>Public\Windows</Filter>
    </ClInclude>
    <ClInclude Include="Private\DirectX\Bezier.h">
      <Filter>Public\DirectX</Filter>
    </ClInclude>
    <ClInclude Include="Public\DirectX\DirectXView.h">
      <Filter>Public\DirectX</Filter>
    </ClInclude>
    <ClInclude Include="Public\DirectX\DirectXRenderTargetView.h">
      <Filter>Public\DirectX</Filter>
    </ClInclude>
    <ClInclude Include="Public\DirectX\DirectXDepthStencilView.h">
      <Filter>Public\DirectX</Filter>
    </ClInclude>
    <ClInclude Include="Public\SceneRendering\Scene.h">
      <Filter>Public\SceneRendering</Filter>
    </ClInclude>
    <ClInclude Include="Public\SceneRendering\RenderTarget.h">
      <Filter>Public\SceneRendering</Filter>
    </ClInclude>
    <ClInclude Include="Public\SceneRendering\DeferredRenderTarget.h">
      <Filter>Public\SceneRendering</Filter>
    </ClInclude>
    <ClInclude Include="Public\DirectX\DirectXDescriptorAllocator.h">
      <Filter>Public\DirectX</Filter>
    </ClInclude>
    <ClInclude Include="Public\DirectX\DirectXShaderResourceView.h">
      <Filter>Public\DirectX</Filter>
    </ClInclude>
    <ClInclude Include="Public\DirectX\DirectXShaderBindingTable.h">
      <Filter>Public\DirectX</Filter>
    </ClInclude>
    <ClInclude Include="Public\DirectX\DirectXRenderTarget.h">
      <Filter>Public\DirectX</Filter>
    </ClInclude>
    <ClInclude Include="Public\DirectX\DirectXHDRTarget.h">
      <Filter>Public\DirectX</Filter>
    </ClInclude>
    <ClInclude Include="Public\DirectX\DirectXCompatibleRenderTarget.h">
      <Filter>Public\DirectX</Filter>
    </ClInclude>
    <ClInclude Include="Public\SceneRendering\Mesh.h">
      <Filter>Public\SceneRendering</Filter>
    </ClInclude>
    <ClInclude Include="Public\SceneRendering\Vertex.h">
      <Filter>Public\SceneRendering</Filter>
    </ClInclude>
    <ClInclude Include="Public\DirectX\DirectXGeometry.h">
      <Filter>Public\DirectX</Filter>
    </ClInclude>
    <ClInclude Include="Public\DirectX\DirectXAccelerationInstancingScene.h">
      <Filter>Public\DirectX</Filter>
    </ClInclude>
    <ClInclude Include="Public\DirectX\DirectXRaytracingShader.h">
      <Filter>Public\DirectX</Filter>
    </ClInclude>
    <ClInclude Include="Private\Shaders\ShaderTypes.h">
      <Filter>Private\Shaders</Filter>
    </ClInclude>
    <ClInclude Include="Public\Assets\CachedShaderLibrary.h">
      <Filter>Public\Assets</Filter>
    </ClInclude>
    <ClInclude Include="Public\Windows\WinKeyboard.h">
      <Filter>Public\Windows</Filter>
    </ClInclude>
    <ClInclude Include="Public\Windows\WinMouse.h">
      <Filter>Public\Windows</Filter>
    </ClInclude>
    <ClInclude Include="Public\Input\Keyboard.h">
      <Filter>Public\Input</Filter>
    </ClInclude>
    <ClInclude Include="Public\Input\Mouse.h">
      <Filter>Public\Input</Filter>
    </ClInclude>
    <ClInclude Include="Public\Input\TBitfieldInputChangeTracker.h">
      <Filter>Public\Input</Filter>
    </ClInclude>
    <ClInclude Include="Public\GameplayStatics\ClassDependencyHelper.h">
      <Filter>Public\GameplayStatics</Filter>
    </ClInclude>
    <ClInclude Include="Public\COM\COMImageLoader.h">
      <Filter>Public\COM</Filter>
    </ClInclude>
    <ClInclude Include="Public\COM\COMBitmapFrame.h">
      <Filter>Public\COM</Filter>
    </ClInclude>
    <ClInclude Include="Public\COM\COMImage.h">
      <Filter>Public\COM</Filter>
    </ClInclude>
    <ClInclude Include="Public\DirectX\DirectXDynamicBufferAllocator.h">
      <Filter>Public\DirectX</Filter>
    </ClInclude>
    <ClInclude Include="Public\DirectX\DirectXInstancedBufferAllocator.h">
      <Filter>Public\DirectX</Filter>
    </ClInclude>
  </ItemGroup>
  <ItemGroup>
    <ClCompile Include="Private\Engine.cpp">
      <Filter>Private</Filter>
    </ClCompile>
    <ClCompile Include="Private\Logging\LogCategoryBase.cpp">
      <Filter>Private\Logging</Filter>
    </ClCompile>
    <ClCompile Include="Private\Logging\Logger.cpp">
      <Filter>Private\Logging</Filter>
    </ClCompile>
    <ClCompile Include="Private\SceneRendering\SceneRenderer.cpp">
      <Filter>Private\SceneRendering</Filter>
    </ClCompile>
    <ClCompile Include="Private\Framework\Actor.cpp">
      <Filter>Private\Framework</Filter>
    </ClCompile>
    <ClCompile Include="Private\Components\ActorComponent.cpp">
      <Filter>Private\Components</Filter>
    </ClCompile>
    <ClCompile Include="Private\GameInstance.cpp">
      <Filter>Private</Filter>
    </ClCompile>
    <ClCompile Include="Private\World.cpp">
      <Filter>Private</Filter>
    </ClCompile>
    <ClCompile Include="Private\Components\SceneComponent.cpp">
      <Filter>Private\Components</Filter>
    </ClCompile>
    <ClCompile Include="Private\Components\PrimitiveComponent.cpp">
      <Filter>Private\Components</Filter>
    </ClCompile>
    <ClCompile Include="Private\Components\MeshComponent.cpp">
      <Filter>Private\Components</Filter>
    </ClCompile>
    <ClCompile Include="Private\Rotator.cpp">
      <Filter>Private</Filter>
    </ClCompile>
    <ClCompile Include="Private\Transform.cpp">
      <Filter>Private</Filter>
    </ClCompile>
    <ClCompile Include="Private\Framework\StaticMeshActor.cpp">
      <Filter>Private\Framework</Filter>
    </ClCompile>
    <ClCompile Include="Private\Level.cpp">
      <Filter>Private</Filter>
    </ClCompile>
    <ClCompile Include="Private\TickFunction.cpp">
      <Filter>Private</Filter>
    </ClCompile>
    <ClCompile Include="Private\Components\StaticMeshComponent.cpp">
      <Filter>Private\Components</Filter>
    </ClCompile>
    <ClCompile Include="Private\SceneRendering\PrimitiveSceneProxy.cpp">
      <Filter>Private\SceneRendering</Filter>
    </ClCompile>
    <ClCompile Include="Private\SceneRendering\StaticMeshSceneProxy.cpp">
      <Filter>Private\SceneRendering</Filter>
    </ClCompile>
    <ClCompile Include="Private\SceneRendering\Mesh.cpp">
      <Filter>Private\SceneRendering</Filter>
    </ClCompile>
    <ClCompile Include="Private\SceneRendering\StaticMesh.cpp">
      <Filter>Private\SceneRendering</Filter>
    </ClCompile>
    <ClCompile Include="Private\Assets\AssetManager.cpp">
      <Filter>Private\Assets</Filter>
    </ClCompile>
    <ClCompile Include="Private\Framework\Pawn.cpp">
      <Filter>Private\Framework</Filter>
    </ClCompile>
    <ClCompile Include="Private\Framework\Controller.cpp">
      <Filter>Private\Framework</Filter>
    </ClCompile>
    <ClCompile Include="Private\Framework\PlayerController.cpp">
      <Filter>Private\Framework</Filter>
    </ClCompile>
    <ClCompile Include="Private\Components\CameraComponent.cpp">
      <Filter>Private\Components</Filter>
    </ClCompile>
    <ClCompile Include="Private\Framework\Character.cpp">
      <Filter>Private\Framework</Filter>
    </ClCompile>
    <ClCompile Include="Private\Components\SpringArmComponent.cpp">
      <Filter>Private\Components</Filter>
    </ClCompile>
    <ClCompile Include="Private\Components\PlayerCameraManager.cpp">
      <Filter>Private\Components</Filter>
    </ClCompile>
    <ClCompile Include="Private\Logging\EngineLogCategory.cpp">
      <Filter>Private\Logging</Filter>
    </ClCompile>
    <ClCompile Include="Private\Physics\Collision.cpp">
      <Filter>Private\Physics</Filter>
    </ClCompile>
    <ClCompile Include="Private\Framework\Info.cpp">
      <Filter>Private\Framework</Filter>
    </ClCompile>
    <ClCompile Include="Private\Framework\GameModeBase.cpp">
      <Filter>Private\Framework</Filter>
    </ClCompile>
    <ClCompile Include="Private\EngineCriticalException.cpp">
      <Filter>Private</Filter>
    </ClCompile>
    <ClCompile Include="Private\GameViewport.cpp">
      <Filter>Private</Filter>
    </ClCompile>
    <ClCompile Include="Private\SceneRendering\SceneVisibility.cpp">
      <Filter>Private\SceneRendering</Filter>
    </ClCompile>
    <ClCompile Include="Private\Diagnostics\ScopedCycleCounter.cpp">
      <Filter>Private\Diagnostics</Filter>
    </ClCompile>
    <ClCompile Include="Private\PlatformMisc\PlatformConsole.cpp">
      <Filter>Private\PlatformMisc</Filter>
    </ClCompile>
    <ClCompile Include="Private\Misc\TickScheduler.cpp">
      <Filter>Private\Misc</Filter>
    </ClCompile>
    <ClCompile Include="Private\SceneRendering\MinimalViewInfo.cpp">
      <Filter>Private\SceneRendering</Filter>
    </ClCompile>
    <ClCompile Include="Private\Components\InputComponent.cpp">
      <Filter>Private\Components</Filter>
    </ClCompile>
    <ClCompile Include="Private\Components\MovementComponent.cpp">
      <Filter>Private\Components</Filter>
    </ClCompile>
    <ClCompile Include="Private\Components\PawnMovementComponent.cpp">
      <Filter>Private\Components</Filter>
    </ClCompile>
    <ClCompile Include="Private\Framework\SpectatorPawn.cpp">
      <Filter>Private\Framework</Filter>
    </ClCompile>
    <ClCompile Include="Private\Components\FloatingPawnMovementComponent.cpp">
      <Filter>Private\Components</Filter>
    </ClCompile>
    <ClCompile Include="Private\SceneRendering\RaytracingSceneRenderer.cpp">
      <Filter>Private\SceneRendering</Filter>
    </ClCompile>
    <ClCompile Include="Private\Components\LightComponent.cpp">
      <Filter>Private\Components</Filter>
    </ClCompile>
    <ClCompile Include="Private\DeferredGameViewport.cpp">
      <Filter>Private</Filter>
    </ClCompile>
    <ClCompile Include="Private\SceneRendering\LightSceneProxy.cpp">
      <Filter>Private\SceneRendering</Filter>
    </ClCompile>
    <ClCompile Include="Private\Components\DirectionalLightComponent.cpp">
      <Filter>Private\Components</Filter>
    </ClCompile>
    <ClCompile Include="Private\Framework\DirectionalLight.cpp">
      <Filter>Private\Framework</Filter>
    </ClCompile>
    <ClCompile Include="Private\Materials\MaterialInterface.cpp">
      <Filter>Private\Materials</Filter>
    </ClCompile>
    <ClCompile Include="Private\Materials\Material.cpp">
      <Filter>Private\Materials</Filter>
    </ClCompile>
    <ClCompile Include="Private\COM\COMDeviceBundle.cpp">
      <Filter>Private\COM</Filter>
    </ClCompile>
    <ClCompile Include="Private\COM\COMException.cpp">
      <Filter>Private\COM</Filter>
    </ClCompile>
    <ClCompile Include="Private\Windows\HandleBase.cpp">
      <Filter>Private\Windows</Filter>
    </ClCompile>
    <ClCompile Include="Private\Windows\CoreWindow.cpp">
      <Filter>Private\Windows</Filter>
    </ClCompile>
    <ClCompile Include="Private\Windows\Application.cpp">
      <Filter>Private\Windows</Filter>
    </ClCompile>
    <ClCompile Include="Private\Windows\WinException.cpp">
      <Filter>Private\Windows</Filter>
    </ClCompile>
    <ClCompile Include="Private\DirectX\DirectXDeviceBundle.cpp">
      <Filter>Private\DirectX</Filter>
    </ClCompile>
    <ClCompile Include="Private\DirectX\DirectXDeviceResource.cpp">
      <Filter>Private\DirectX</Filter>
    </ClCompile>
    <ClCompile Include="Private\DirectX\DirectXCommandQueue.cpp">
      <Filter>Private\DirectX</Filter>
    </ClCompile>
    <ClCompile Include="Private\GameObject.cpp">
      <Filter>Private</Filter>
    </ClCompile>
    <ClCompile Include="Private\DirectX\DirectXSwapChain.cpp">
      <Filter>Private\DirectX</Filter>
    </ClCompile>
    <ClCompile Include="Private\DirectX\DirectXDeviceContext.cpp">
      <Filter>Private\DirectX</Filter>
    </ClCompile>
    <ClCompile Include="Private\DirectX\DirectXImmediateContext.cpp">
      <Filter>Private\DirectX</Filter>
    </ClCompile>
    <ClCompile Include="Private\DirectX\DirectXDeferredContext.cpp">
      <Filter>Private\DirectX</Filter>
    </ClCompile>
    <ClCompile Include="Private\DirectX\DirectXAutoFence.cpp">
      <Filter>Private\DirectX</Filter>
    </ClCompile>
    <ClCompile Include="Private\Windows\WinEvent.cpp">
      <Filter>Private\Windows</Filter>
    </ClCompile>
    <ClCompile Include="Private\DirectX\DirectXView.cpp">
      <Filter>Private\DirectX</Filter>
    </ClCompile>
    <ClCompile Include="Private\DirectX\DirectXRenderTargetView.cpp">
      <Filter>Private\DirectX</Filter>
    </ClCompile>
    <ClCompile Include="Private\DirectX\DirectXDepthStencilView.cpp">
      <Filter>Private\DirectX</Filter>
    </ClCompile>
    <ClCompile Include="Private\SceneRendering\Scene.cpp">
      <Filter>Private\SceneRendering</Filter>
    </ClCompile>
    <ClCompile Include="Private\SceneRendering\RenderTarget.cpp">
      <Filter>Private\SceneRendering</Filter>
    </ClCompile>
    <ClCompile Include="Private\SceneRendering\DeferredRenderTarget.cpp">
      <Filter>Private\SceneRendering</Filter>
    </ClCompile>
    <ClCompile Include="Private\DirectX\DirectXDescriptorAllocator.cpp">
      <Filter>Private\DirectX</Filter>
    </ClCompile>
    <ClCompile Include="Private\DirectX\DirectXShaderResourceView.cpp">
      <Filter>Private\DirectX</Filter>
    </ClCompile>
    <ClCompile Include="Private\DirectX\DirectXShaderBindingTable.cpp">
      <Filter>Private\DirectX</Filter>
    </ClCompile>
    <ClCompile Include="Private\DirectX\DirectXRenderTarget.cpp">
      <Filter>Private\DirectX</Filter>
    </ClCompile>
    <ClCompile Include="Private\DirectX\DirectXHDRTarget.cpp">
      <Filter>Private\DirectX</Filter>
    </ClCompile>
    <ClCompile Include="Private\DirectX\DirectXCompatibleRenderTarget.cpp">
      <Filter>Private\DirectX</Filter>
    </ClCompile>
    <ClCompile Include="Private\DirectX\DirectXGeometry.cpp">
      <Filter>Private\DirectX</Filter>
    </ClCompile>
    <ClCompile Include="Private\DirectX\DirectXAccelerationInstancingScene.cpp">
      <Filter>Private\DirectX</Filter>
    </ClCompile>
    <ClCompile Include="Private\DirectX\DirectXRaytracingShader.cpp">
      <Filter>Private\DirectX</Filter>
    </ClCompile>
    <ClCompile Include="Private\Assets\CachedShaderLibrary.cpp">
      <Filter>Private\Assets</Filter>
    </ClCompile>
    <ClCompile Include="Private\Windows\WinKeyboard.cpp">
      <Filter>Private\Windows</Filter>
    </ClCompile>
    <ClCompile Include="Private\Windows\WinMouse.cpp">
      <Filter>Private\Windows</Filter>
    </ClCompile>
    <ClCompile Include="Private\Input\Keyboard.cpp">
      <Filter>Private\Input</Filter>
    </ClCompile>
    <ClCompile Include="Private\Input\Mouse.cpp">
      <Filter>Private\Input</Filter>
    </ClCompile>
    <ClCompile Include="Private\GameplayStatics\ClassDependencyHelper.cpp">
      <Filter>Private\GameplayStatics</Filter>
    </ClCompile>
    <ClCompile Include="Private\COM\COMImageLoader.cpp">
      <Filter>Private\COM</Filter>
    </ClCompile>
    <ClCompile Include="Private\COM\COMImage.cpp">
      <Filter>Private\COM</Filter>
    </ClCompile>
    <ClCompile Include="Private\COM\COMBitmapFrame.cpp">
      <Filter>Private\COM</Filter>
    </ClCompile>
    <ClCompile Include="Private\DirectX\DirectXDynamicBufferAllocator.cpp">
      <Filter>Private\DirectX</Filter>
    </ClCompile>
    <ClCompile Include="Private\DirectX\DirectXInstancedBufferAllocator.cpp">
      <Filter>Private\DirectX</Filter>
    </ClCompile>
  </ItemGroup>
  <ItemGroup>
    <None Include="Public\Logging\Logger.inl">
      <Filter>Public\Logging</Filter>
    </None>
    <None Include="Public\Framework\Actor.inl">
      <Filter>Public\Framework</Filter>
    </None>
    <None Include="Public\World.inl">
      <Filter>Public</Filter>
    </None>
    <None Include="Public\Level.inl">
      <Filter>Public</Filter>
    </None>
    <None Include="Private\VulkanRHI\VulkanCommandList.cpp">
      <Filter>Private\VulkanRHI</Filter>
    </None>
    <None Include="Private\VulkanRHI\VulkanDeviceBundle.cpp">
      <Filter>Private\VulkanRHI</Filter>
    </None>
    <None Include="Private\VulkanRHI\VulkanException.cpp">
      <Filter>Private\VulkanRHI</Filter>
    </None>
    <None Include="Private\VulkanRHI\VulkanImmediateCommandList.cpp">
      <Filter>Private\VulkanRHI</Filter>
    </None>
    <None Include="Private\VulkanRHI\VulkanMinimal.cpp">
      <Filter>Private\VulkanRHI</Filter>
    </None>
    <None Include="Private\VulkanRHI\VulkanRenderTargetView.cpp">
      <Filter>Private\VulkanRHI</Filter>
    </None>
    <None Include="Private\VulkanRHI\VulkanResource.cpp">
      <Filter>Private\VulkanRHI</Filter>
    </None>
    <None Include="Private\VulkanRHI\VulkanSwapChain.cpp">
      <Filter>Private\VulkanRHI</Filter>
    </None>
    <None Include="Public\Framework\Controller.inl">
      <Filter>Public\Framework</Filter>
    </None>
    <None Include="Public\Components\ActorComponent.inl">
      <Filter>Public\Components</Filter>
    </None>
    <None Include="Public\TSubclassOf.inl">
      <Filter>Public</Filter>
    </None>
    <None Include="Public\Framework\Pawn.inl">
      <Filter>Public\Framework</Filter>
    </None>
    <None Include="Private\Shaders\ShaderCommon.hlsli">
      <Filter>Private\Shaders</Filter>
    </None>
    <None Include="Private\Shaders\GenericLighting.hlsli">
      <Filter>Private\Shaders</Filter>
    </None>
    <None Include="Public\Components\SceneComponent.inl">
      <Filter>Public\Components</Filter>
    </None>
    <None Include="Private\Shaders\PrimitivePacking.hlsli">
      <Filter>Private\Shaders</Filter>
    </None>
    <None Include="Public\Materials\MaterialInterface.inl">
      <Filter>Public\Materials</Filter>
    </None>
    <None Include="Public\COM\TComPtr.inl">
      <Filter>Public\COM</Filter>
    </None>
    <None Include="Public\DirectX\DirectXCommandQueue.inl">
      <Filter>Public\DirectX</Filter>
    </None>
    <None Include="Public\Input\TBitfieldInputChangeTracker.inl">
      <Filter>Public\Input</Filter>
    </None>
    <None Include="Private\COM\COMImageCommon.inl">
      <Filter>Private\COM</Filter>
    </None>
  </ItemGroup>
  <ItemGroup>
    <FxCompile Include="Private\Shaders\TonemapShader\TonemapPixelShader.hlsl">
      <Filter>Private\Shaders\TonemapShader</Filter>
    </FxCompile>
    <FxCompile Include="Private\Shaders\TonemapShader\TonemapVertexShader.hlsl">
      <Filter>Private\Shaders\TonemapShader</Filter>
    </FxCompile>
    <FxCompile Include="Private\Shaders\RaytracingShader\RaytracingShader.hlsl">
      <Filter>Private\Shaders\RaytracingShader</Filter>
    </FxCompile>
  </ItemGroup>
</Project>