<?xml version="1.0" encoding="utf-8"?>
<Project ToolsVersion="4.0" xmlns="http://schemas.microsoft.com/developer/msbuild/2003">
  <ItemGroup>
    <Filter Include="Private">
      <UniqueIdentifier>{0fb359f4-8722-481c-925d-5cbd8019b015}</UniqueIdentifier>
    </Filter>
    <Filter Include="Public">
      <UniqueIdentifier>{389f5d83-949b-4ad7-afdf-91e8438305d1}</UniqueIdentifier>
    </Filter>
  </ItemGroup>
  <ItemGroup>
    <ClCompile Include="Public\THGameInstance.ixx">
      <Filter>Public</Filter>
    </ClCompile>
    <ClCompile Include="StartupLevel.ixx">
      <Filter>Public</Filter>
    </ClCompile>
    <ClCompile Include="Private\WinMain.cpp">
      <Filter>Private</Filter>
    </ClCompile>
    <ClCompile Include="Private\Program.cpp">
      <Filter>Private</Filter>
    </ClCompile>
    <ClCompile Include="Private\THGameInstance.cpp">
      <Filter>Private</Filter>
    </ClCompile>
  </ItemGroup>
  <ItemGroup>
    <ClInclude Include="Public\THAPI.h">
      <Filter>Public</Filter>
    </ClInclude>
    <ClInclude Include="Public\Program.h">
      <Filter>Public</Filter>
    </ClInclude>
    <ClInclude Include="Public\THGameInstance.h">
      <Filter>Public</Filter>
    </ClInclude>
  </ItemGroup>
</Project>