<?xml version="1.0" encoding="utf-8"?>
<Project ToolsVersion="4.0" xmlns="http://schemas.microsoft.com/developer/msbuild/2003">
  <ItemGroup>
    <Filter Include="Private">
      <UniqueIdentifier>{0fb359f4-8722-481c-925d-5cbd8019b015}</UniqueIdentifier>
    </Filter>
    <Filter Include="Public">
      <UniqueIdentifier>{389f5d83-949b-4ad7-afdf-91e8438305d1}</UniqueIdentifier>
    </Filter>
    <Filter Include="Public\Levels">
      <UniqueIdentifier>{552474cf-b643-463b-b0b0-637472e9a833}</UniqueIdentifier>
    </Filter>
    <Filter Include="Private\Levels">
      <UniqueIdentifier>{c8e48153-593a-4074-bd0d-15b21749af06}</UniqueIdentifier>
    </Filter>
    <Filter Include="Public\Actor">
      <UniqueIdentifier>{5813e477-a4fb-40f1-9924-5384a715a306}</UniqueIdentifier>
    </Filter>
    <Filter Include="Private\Actor">
      <UniqueIdentifier>{4053be62-a5ca-4dc2-bd17-1a4128815cd8}</UniqueIdentifier>
    </Filter>
    <Filter Include="Public\Common">
      <UniqueIdentifier>{2f92d293-3a55-471e-b44e-c01afcfd41c9}</UniqueIdentifier>
    </Filter>
    <Filter Include="Private\Common">
      <UniqueIdentifier>{a320a586-5606-4a24-824d-d385a6fc0ee3}</UniqueIdentifier>
    </Filter>
    <Filter Include="Public\Pawn">
      <UniqueIdentifier>{9258df6e-9c39-4528-93c1-d5f939244675}</UniqueIdentifier>
    </Filter>
    <Filter Include="Private\Pawn">
      <UniqueIdentifier>{e0340e88-f720-4c37-a7ce-b9ce5f3ef172}</UniqueIdentifier>
    </Filter>
    <Filter Include="Public\Controller">
      <UniqueIdentifier>{0318e0ab-4d7c-4576-bd52-119063cf51a0}</UniqueIdentifier>
    </Filter>
    <Filter Include="Private\Controller">
      <UniqueIdentifier>{ba5d5c51-eafc-4637-81d1-47ca3ee0be32}</UniqueIdentifier>
    </Filter>
  </ItemGroup>
  <ItemGroup>
    <ClCompile Include="Private\WinMain.cpp">
      <Filter>Private</Filter>
    </ClCompile>
    <ClCompile Include="Private\Program.cpp">
      <Filter>Private</Filter>
    </ClCompile>
    <ClCompile Include="Private\THGameInstance.cpp">
      <Filter>Private</Filter>
    </ClCompile>
    <ClCompile Include="Private\Levels\StartupLevel.cpp">
      <Filter>Private\Levels</Filter>
    </ClCompile>
    <ClCompile Include="Private\Actor\MyTestActor.cpp">
      <Filter>Private\Actor</Filter>
    </ClCompile>
    <ClCompile Include="Private\Common\THLogs.cpp">
      <Filter>Private\Common</Filter>
    </ClCompile>
    <ClCompile Include="Private\Pawn\MyCharacter.cpp">
      <Filter>Private\Pawn</Filter>
    </ClCompile>
    <ClCompile Include="Private\Controller\THPlayerController.cpp">
      <Filter>Private\Controller</Filter>
    </ClCompile>
    <ClCompile Include="Private\THGameMode.cpp">
      <Filter>Private</Filter>
    </ClCompile>
    <ClCompile Include="Private\Actor\Plane.cpp">
      <Filter>Private\Actor</Filter>
    </ClCompile>
  </ItemGroup>
  <ItemGroup>
    <ClInclude Include="Public\THAPI.h">
      <Filter>Public</Filter>
    </ClInclude>
    <ClInclude Include="Public\Program.h">
      <Filter>Public</Filter>
    </ClInclude>
    <ClInclude Include="Public\THGameInstance.h">
      <Filter>Public</Filter>
    </ClInclude>
    <ClInclude Include="Public\Levels\StartupLevel.h">
      <Filter>Public\Levels</Filter>
    </ClInclude>
    <ClInclude Include="Public\Actor\MyTestActor.h">
      <Filter>Public\Actor</Filter>
    </ClInclude>
    <ClInclude Include="Private\Common\THLogs.h">
      <Filter>Private\Common</Filter>
    </ClInclude>
    <ClInclude Include="Public\Pawn\MyCharacter.h">
      <Filter>Public\Pawn</Filter>
    </ClInclude>
    <ClInclude Include="Public\Controller\THPlayerController.h">
      <Filter>Public\Controller</Filter>
    </ClInclude>
    <ClInclude Include="Public\THGameMode.h">
      <Filter>Public</Filter>
    </ClInclude>
    <ClInclude Include="Public\Actor\Plane.h">
      <Filter>Public\Actor</Filter>
    </ClInclude>
  </ItemGroup>
</Project>