<?xml version="1.0" encoding="UTF-8"?>
<Project ToolsVersion="4.0" xmlns="http://schemas.microsoft.com/developer/msbuild/2003">
    <ItemGroup>
        <ClCompile Include="F:\CPP.REF\Engine\Source\Program\SmartBuildTool\Private\BuildTool.cpp">
            <Filter>Private</Filter>
        </ClCompile>
        <ClInclude Include="F:\CPP.REF\Engine\Source\Program\SmartBuildTool\Private\BuildTool.h">
            <Filter>Private</Filter>
        </ClInclude>
        <ClCompile Include="F:\CPP.REF\Engine\Source\Program\SmartBuildTool\Private\Main.cpp">
            <Filter>Private</Filter>
        </ClCompile>
        <ClCompile Include="F:\CPP.REF\Engine\Source\Program\SmartBuildTool\Private\pch.cpp">
            <Filter>Private</Filter>
        </ClCompile>
        <ClInclude Include="F:\CPP.REF\Engine\Source\Program\SmartBuildTool\Private\pch.h">
            <Filter>Private</Filter>
        </ClInclude>
        <ClInclude Include="F:\CPP.REF\Engine\Source\Program\SmartBuildTool\Private\ProjectBuildItem.h">
            <Filter>Private</Filter>
        </ClInclude>
        <ClCompile Include="F:\CPP.REF\Engine\Source\Program\SmartBuildTool\Private\Thirdparty\tinyxml2.cpp">
            <Filter>Private\Thirdparty</Filter>
        </ClCompile>
        <ClInclude Include="F:\CPP.REF\Engine\Source\Program\SmartBuildTool\Private\Thirdparty\tinyxml2.h">
            <Filter>Private\Thirdparty</Filter>
        </ClInclude>
        <Filter Include="Private">
            <UniqueIdentifier>{dd58b668-1ea6-422b-b744-4a0aa9bbf214}</UniqueIdentifier>
        </Filter>
        <Filter Include="Private">
            <UniqueIdentifier>{58f28972-669b-4c2b-88c4-5866d1511872}</UniqueIdentifier>
        </Filter>
        <Filter Include="Private">
            <UniqueIdentifier>{2972708b-23f5-4e4b-8861-5f7853ded16c}</UniqueIdentifier>
        </Filter>
        <Filter Include="Private">
            <UniqueIdentifier>{5e802c58-05be-4a1c-a3b9-7b5f15652eaf}</UniqueIdentifier>
        </Filter>
        <Filter Include="Private">
            <UniqueIdentifier>{38815075-1594-4e8f-9611-d18272921ecf}</UniqueIdentifier>
        </Filter>
        <Filter Include="Private">
            <UniqueIdentifier>{5c7142c2-43a6-4f72-9175-a00d64df79c0}</UniqueIdentifier>
        </Filter>
        <Filter Include="Private\Thirdparty">
            <UniqueIdentifier>{3806c86d-a7ea-4b88-88bd-cb609c91aa1e}</UniqueIdentifier>
        </Filter>
        <Filter Include="Private\Thirdparty">
            <UniqueIdentifier>{7cf3cba5-ce7e-46d8-99d3-3a04d5815dcf}</UniqueIdentifier>
        </Filter>
    </ItemGroup>
</Project>
