<?xml version="1.0" encoding="utf-8"?>
<Project ToolsVersion="4.0" xmlns="http://schemas.microsoft.com/developer/msbuild/2003">
  <ItemGroup>
    <Filter Include="Public">
      <UniqueIdentifier>{ddbe6a0c-3031-457c-8731-5b980cd26bf3}</UniqueIdentifier>
    </Filter>
    <Filter Include="Private">
      <UniqueIdentifier>{721705c5-6421-417b-a797-2a8530ddd9fd}</UniqueIdentifier>
    </Filter>
    <Filter Include="Public\Actors">
      <UniqueIdentifier>{2cad2f99-9735-4900-979e-fa8b3d455ca8}</UniqueIdentifier>
    </Filter>
    <Filter Include="Private\Actors">
      <UniqueIdentifier>{5df96677-6073-4b75-a7a4-9b0fc15a9d6e}</UniqueIdentifier>
    </Filter>
    <Filter Include="Public\Assets">
      <UniqueIdentifier>{c0a5293d-618f-4751-911e-869a321d0a10}</UniqueIdentifier>
    </Filter>
    <Filter Include="Private\Assets">
      <UniqueIdentifier>{e33cf520-f2c1-4e1d-b6c4-f0231fd0ed30}</UniqueIdentifier>
    </Filter>
    <Filter Include="Public\Components">
      <UniqueIdentifier>{3c062789-aff4-4097-af9a-507d7e639e76}</UniqueIdentifier>
    </Filter>
    <Filter Include="Private\Components">
      <UniqueIdentifier>{621ff641-c82a-45ba-982b-b1673f3d4917}</UniqueIdentifier>
    </Filter>
    <Filter Include="Public\Controller">
      <UniqueIdentifier>{36fba5ab-a6f2-4152-b0e3-517a75b79877}</UniqueIdentifier>
    </Filter>
    <Filter Include="Private\Controller">
      <UniqueIdentifier>{b781760d-109f-4c06-b5da-6b770ec5777a}</UniqueIdentifier>
    </Filter>
    <Filter Include="Private\Level">
      <UniqueIdentifier>{f1132c32-c13d-490a-be54-40337ad25060}</UniqueIdentifier>
    </Filter>
    <Filter Include="Public\Level">
      <UniqueIdentifier>{6f660c5b-a7ff-4603-958c-b3ff1aa5349e}</UniqueIdentifier>
    </Filter>
  </ItemGroup>
  <ItemGroup>
    <ClInclude Include="Public\ChessGameMode.h">
      <Filter>Public</Filter>
    </ClInclude>
    <ClInclude Include="Public\LogChess.h">
      <Filter>Public</Filter>
    </ClInclude>
    <ClInclude Include="Public\ChessGameInstance.h">
      <Filter>Public</Filter>
    </ClInclude>
    <ClInclude Include="Public\Actors\GridIndicator.h">
      <Filter>Public\Actors</Filter>
    </ClInclude>
    <ClInclude Include="Public\Assets\Cube.h">
      <Filter>Public\Assets</Filter>
    </ClInclude>
    <ClInclude Include="Public\Components\CommandComponent.h">
      <Filter>Public\Components</Filter>
    </ClInclude>
    <ClInclude Include="Public\Components\IndicatingComponent.h">
      <Filter>Public\Components</Filter>
    </ClInclude>
    <ClInclude Include="Public\Components\ChessSystemComponent.h">
      <Filter>Public\Components</Filter>
    </ClInclude>
    <ClInclude Include="Public\Controller\ChessPlayerController.h">
      <Filter>Public\Controller</Filter>
    </ClInclude>
    <ClInclude Include="Public\Level\GameLevel.h">
      <Filter>Public\Level</Filter>
    </ClInclude>
    <ClInclude Include="Public\ChessGameModule.h">
      <Filter>Public</Filter>
    </ClInclude>
  </ItemGroup>
  <ItemGroup>
    <ClCompile Include="Private\ChessGameInstance.cpp">
      <Filter>Private</Filter>
    </ClCompile>
    <ClCompile Include="Private\ChessGameMode.cpp">
      <Filter>Private</Filter>
    </ClCompile>
    <ClCompile Include="Private\LogChess.cpp">
      <Filter>Private</Filter>
    </ClCompile>
    <ClCompile Include="Private\Actors\GridIndicator.cpp">
      <Filter>Private\Actors</Filter>
    </ClCompile>
    <ClCompile Include="Private\Assets\Cube.cpp">
      <Filter>Private\Assets</Filter>
    </ClCompile>
    <ClCompile Include="Private\Components\ChessSystemComponent.cpp">
      <Filter>Private\Components</Filter>
    </ClCompile>
    <ClCompile Include="Private\Components\CommandComponent.cpp">
      <Filter>Private\Components</Filter>
    </ClCompile>
    <ClCompile Include="Private\Components\IndicatingComponent.cpp">
      <Filter>Private\Components</Filter>
    </ClCompile>
    <ClCompile Include="Private\Controller\ChessPlayerController.cpp">
      <Filter>Private\Controller</Filter>
    </ClCompile>
    <ClCompile Include="Private\Level\GameLevel.cpp">
      <Filter>Private\Level</Filter>
    </ClCompile>
    <ClCompile Include="Private\ChessGameModule.cpp">
      <Filter>Private</Filter>
    </ClCompile>
  </ItemGroup>
</Project>