<?xml version="1.0" encoding="utf-8"?>
<Project ToolsVersion="4.0" xmlns="http://schemas.microsoft.com/developer/msbuild/2003">
  <ItemGroup>
    <ClCompile Include="RHI\RHIDevice.cpp">
      <Filter>RHI</Filter>
    </ClCompile>
    <ClCompile Include="RHI\RHISwapChain.cpp">
      <Filter>RHI</Filter>
    </ClCompile>
    <ClCompile Include="RHI\RHICommandQueue.cpp">
      <Filter>RHI</Filter>
    </ClCompile>
    <ClCompile Include="RHI\RHIDeviceContext.cpp">
      <Filter>RHI</Filter>
    </ClCompile>
    <ClCompile Include="RHI\RHIShader.cpp">
      <Filter>RHI</Filter>
    </ClCompile>
    <ClCompile Include="RHI\RHIResource.cpp">
      <Filter>RHI</Filter>
    </ClCompile>
    <ClCompile Include="RHI\RHITexture.cpp">
      <Filter>RHI</Filter>
    </ClCompile>
    <ClCompile Include="RHI\RHITexture2D.cpp">
      <Filter>RHI</Filter>
    </ClCompile>
    <ClCompile Include="RHI\RHIView.cpp">
      <Filter>RHI</Filter>
    </ClCompile>
    <ClCompile Include="RHI\RHIRenderTargetView.cpp">
      <Filter>RHI</Filter>
    </ClCompile>
    <ClCompile Include="RHI\RHIVertexFactory.cpp">
      <Filter>RHI</Filter>
    </ClCompile>
    <ClCompile Include="RHI\LogRHI.cpp">
      <Filter>RHI</Filter>
    </ClCompile>
    <ClCompile Include="ComPtr.cpp" />
    <ClCompile Include="pch.cpp" />
    <ClCompile Include="RHI\RHIDepthStencilView.cpp">
      <Filter>RHI</Filter>
    </ClCompile>
  </ItemGroup>
  <ItemGroup>
    <Filter Include="RHI">
      <UniqueIdentifier>{994723c2-299e-4fce-a060-5a9f7fbe1469}</UniqueIdentifier>
    </Filter>
  </ItemGroup>
  <ItemGroup>
    <ClInclude Include="ComPtr.h" />
    <ClInclude Include="IWindowView.h" />
    <ClInclude Include="RHI\LogRHI.h">
      <Filter>RHI</Filter>
    </ClInclude>
    <ClInclude Include="RHI\RHICommandQueue.h">
      <Filter>RHI</Filter>
    </ClInclude>
    <ClInclude Include="RHI\RHIDeviceChild.h">
      <Filter>RHI</Filter>
    </ClInclude>
    <ClInclude Include="RHI\RHIEnums.h">
      <Filter>RHI</Filter>
    </ClInclude>
    <ClInclude Include="RHI\RHIDevice.h">
      <Filter>RHI</Filter>
    </ClInclude>
    <ClInclude Include="RHI\RHIDeviceContext.h">
      <Filter>RHI</Filter>
    </ClInclude>
    <ClInclude Include="RHI\RHIStructures.h">
      <Filter>RHI</Filter>
    </ClInclude>
    <ClInclude Include="RHI\RHIView.h">
      <Filter>RHI</Filter>
    </ClInclude>
    <ClInclude Include="RHI\RHIRenderTargetView.h">
      <Filter>RHI</Filter>
    </ClInclude>
    <ClInclude Include="RHI\RHIResource.h">
      <Filter>RHI</Filter>
    </ClInclude>
    <ClInclude Include="RHI\RHIShader.h">
      <Filter>RHI</Filter>
    </ClInclude>
    <ClInclude Include="RHI\RHISwapChain.h">
      <Filter>RHI</Filter>
    </ClInclude>
    <ClInclude Include="RHI\RHITexture.h">
      <Filter>RHI</Filter>
    </ClInclude>
    <ClInclude Include="RHI\RHITexture2D.h">
      <Filter>RHI</Filter>
    </ClInclude>
    <ClInclude Include="RHI\RHIVertexFactory.h">
      <Filter>RHI</Filter>
    </ClInclude>
    <ClInclude Include="RenderMinimal.h" />
    <ClInclude Include="RHI\RHIDepthStencilView.h">
      <Filter>RHI</Filter>
    </ClInclude>
    <ClInclude Include="pch.h" />
  </ItemGroup>
</Project>