<?xml version="1.0" encoding="utf-8"?>
<Project ToolsVersion="4.0" xmlns="http://schemas.microsoft.com/developer/msbuild/2003">
  <ItemGroup>
    <ClCompile Include="Private\RHI\IRHIFactory.cpp">
      <Filter>Private\RHI</Filter>
    </ClCompile>
    <ClCompile Include="Private\RHI\DirectXCommon.cpp">
      <Filter>Private\RHI</Filter>
    </ClCompile>
    <ClCompile Include="Private\RHI\DXGI\DXGIFactory.cpp">
      <Filter>Private\RHI\DXGI</Filter>
    </ClCompile>
    <ClCompile Include="Private\RHI\DXGI\DXGIFactoryChild.cpp">
      <Filter>Private\RHI\DXGI</Filter>
    </ClCompile>
    <ClCompile Include="Private\RHI\DXGI\DXGIAdapter.cpp">
      <Filter>Private\RHI\DXGI</Filter>
    </ClCompile>
    <ClCompile Include="Private\RHI\D3D12\D3D12DeviceChild.cpp">
      <Filter>Private\RHI\D3D12</Filter>
    </ClCompile>
    <ClCompile Include="Private\RHI\D3D12\D3D12Resource.cpp">
      <Filter>Private\RHI\D3D12</Filter>
    </ClCompile>
    <ClCompile Include="Private\RHI\D3D12\D3D12Texture2D.cpp">
      <Filter>Private\RHI\D3D12</Filter>
    </ClCompile>
    <ClCompile Include="Private\RHI\D3D12\D3D12View.cpp">
      <Filter>Private\RHI\D3D12</Filter>
    </ClCompile>
    <ClCompile Include="Private\RHI\D3D12\D3D12RenderTargetView.cpp">
      <Filter>Private\RHI\D3D12</Filter>
    </ClCompile>
    <ClCompile Include="Private\RHI\D3D12\D3D12DepthStencilView.cpp">
      <Filter>Private\RHI\D3D12</Filter>
    </ClCompile>
    <ClCompile Include="Private\RHI\D3D12\D3D12ShaderResourceView.cpp">
      <Filter>Private\RHI\D3D12</Filter>
    </ClCompile>
    <ClCompile Include="Private\RHI\D3D12\D3D12Buffer.cpp">
      <Filter>Private\RHI\D3D12</Filter>
    </ClCompile>
    <ClCompile Include="Private\RHI\D3D12\D3D12Device.cpp">
      <Filter>Private\RHI\D3D12</Filter>
    </ClCompile>
    <ClCompile Include="Private\RHI\D3D12\D3D12ThreadAllocatorContainer.cpp">
      <Filter>Private\RHI\D3D12</Filter>
    </ClCompile>
    <ClCompile Include="Private\RHI\D3D12\D3D12ThreadDescriptorHeapContainer.cpp">
      <Filter>Private\RHI\D3D12</Filter>
    </ClCompile>
    <ClCompile Include="Private\RHI\D3D12\D3D12DescriptorHeap.cpp">
      <Filter>Private\RHI\D3D12</Filter>
    </ClCompile>
    <ClCompile Include="Private\RHI\D3D12\D3D12Shader.cpp">
      <Filter>Private\RHI\D3D12</Filter>
    </ClCompile>
    <ClCompile Include="Private\Materials\MaterialInterface.cpp">
      <Filter>Private\Materials</Filter>
    </ClCompile>
    <ClCompile Include="Private\VertexFactory.cpp">
      <Filter>Private</Filter>
    </ClCompile>
    <ClCompile Include="Private\RHI\DXGI\DXGISwapChain.cpp">
      <Filter>Private\RHI\DXGI</Filter>
    </ClCompile>
    <ClCompile Include="Private\RHI\D3D12\D3D12CommandList.cpp">
      <Filter>Private\RHI\D3D12</Filter>
    </ClCompile>
    <ClCompile Include="Private\RHI\D3D12\D3D12CommandQueue.cpp">
      <Filter>Private\RHI\D3D12</Filter>
    </ClCompile>
    <ClCompile Include="Private\Materials\Material.cpp">
      <Filter>Private\Materials</Filter>
    </ClCompile>
    <ClCompile Include="Private\LogRenderCore.cpp">
      <Filter>Private</Filter>
    </ClCompile>
  </ItemGroup>
  <ItemGroup>
    <Filter Include="Public">
      <UniqueIdentifier>{cacb5d27-a283-496c-97fe-5e13c9210e48}</UniqueIdentifier>
    </Filter>
    <Filter Include="Private">
      <UniqueIdentifier>{af1b4535-b181-4931-a985-438f4679fae1}</UniqueIdentifier>
    </Filter>
    <Filter Include="Public\RHI">
      <UniqueIdentifier>{e379fe32-db3e-4b09-a23e-2836d24c05cc}</UniqueIdentifier>
    </Filter>
    <Filter Include="Private\RHI">
      <UniqueIdentifier>{c370a806-9677-400e-8b45-74368a553256}</UniqueIdentifier>
    </Filter>
    <Filter Include="Private\RHI\DXGI">
      <UniqueIdentifier>{55cb237c-84d4-4ce0-bb4f-d44ff27f355b}</UniqueIdentifier>
    </Filter>
    <Filter Include="Private\RHI\D3D12">
      <UniqueIdentifier>{0173a5a9-fc1b-466b-a830-ae20281e5bf0}</UniqueIdentifier>
    </Filter>
    <Filter Include="Public\Materials">
      <UniqueIdentifier>{815c2f6e-278f-45f6-9c30-fbc87b5e39af}</UniqueIdentifier>
    </Filter>
    <Filter Include="Private\Materials">
      <UniqueIdentifier>{467ea5fa-1e98-41d4-9e27-c5bcc8d90bfb}</UniqueIdentifier>
    </Filter>
  </ItemGroup>
  <ItemGroup>
    <ClInclude Include="Public\RHI\RHIStructures.h">
      <Filter>Public\RHI</Filter>
    </ClInclude>
    <ClInclude Include="Public\RHI\RHIEnums.h">
      <Filter>Public\RHI</Filter>
    </ClInclude>
    <ClInclude Include="Public\IWindowView.h">
      <Filter>Public</Filter>
    </ClInclude>
    <ClInclude Include="Public\RHI\IRHIImageSourceView.h">
      <Filter>Public\RHI</Filter>
    </ClInclude>
    <ClInclude Include="Public\RHI\IRHIFactory.h">
      <Filter>Public\RHI</Filter>
    </ClInclude>
    <ClInclude Include="Public\RHI\IRHIAdapter.h">
      <Filter>Public\RHI</Filter>
    </ClInclude>
    <ClInclude Include="Public\RHI\IRHIFactoryChild.h">
      <Filter>Public\RHI</Filter>
    </ClInclude>
    <ClInclude Include="Public\RHI\IRHIDevice.h">
      <Filter>Public\RHI</Filter>
    </ClInclude>
    <ClInclude Include="Public\RHI\IRHIDeviceChild.h">
      <Filter>Public\RHI</Filter>
    </ClInclude>
    <ClInclude Include="Public\RHI\IRHIResource.h">
      <Filter>Public\RHI</Filter>
    </ClInclude>
    <ClInclude Include="Public\RHI\IRHITexture2D.h">
      <Filter>Public\RHI</Filter>
    </ClInclude>
    <ClInclude Include="Public\RHI\IRHIView.h">
      <Filter>Public\RHI</Filter>
    </ClInclude>
    <ClInclude Include="Public\RHI\IRHIRenderTargetView.h">
      <Filter>Public\RHI</Filter>
    </ClInclude>
    <ClInclude Include="Public\RHI\IRHIDepthStencilView.h">
      <Filter>Public\RHI</Filter>
    </ClInclude>
    <ClInclude Include="Public\RHI\IRHIShaderResourceView.h">
      <Filter>Public\RHI</Filter>
    </ClInclude>
    <ClInclude Include="Public\RHI\IRHIUnorderedAccessView.h">
      <Filter>Public\RHI</Filter>
    </ClInclude>
    <ClInclude Include="Public\RHI\IRHIShader.h">
      <Filter>Public\RHI</Filter>
    </ClInclude>
    <ClInclude Include="Private\RHI\DXGI\DXGIFactory.h">
      <Filter>Private\RHI\DXGI</Filter>
    </ClInclude>
    <ClInclude Include="Private\RHI\DirectXCommon.h">
      <Filter>Private\RHI</Filter>
    </ClInclude>
    <ClInclude Include="Private\RHI\DXGI\DXGIFactoryChild.h">
      <Filter>Private\RHI\DXGI</Filter>
    </ClInclude>
    <ClInclude Include="Private\RHI\DXGI\DXGIAdapter.h">
      <Filter>Private\RHI\DXGI</Filter>
    </ClInclude>
    <ClInclude Include="Private\RHI\D3D12\D3D12Device.h">
      <Filter>Private\RHI\D3D12</Filter>
    </ClInclude>
    <ClInclude Include="Private\RHI\D3D12\D3D12CommandList.h">
      <Filter>Private\RHI\D3D12</Filter>
    </ClInclude>
    <ClInclude Include="Public\RHI\IRHIDeviceContext.h">
      <Filter>Public\RHI</Filter>
    </ClInclude>
    <ClInclude Include="Private\RHI\D3D12\D3D12DeviceChild.h">
      <Filter>Private\RHI\D3D12</Filter>
    </ClInclude>
    <ClInclude Include="Private\RHI\D3D12\D3D12Resource.h">
      <Filter>Private\RHI\D3D12</Filter>
    </ClInclude>
    <ClInclude Include="Private\RHI\D3D12\D3D12Texture2D.h">
      <Filter>Private\RHI\D3D12</Filter>
    </ClInclude>
    <ClInclude Include="Private\RHI\D3D12\D3D12View.h">
      <Filter>Private\RHI\D3D12</Filter>
    </ClInclude>
    <ClInclude Include="Private\RHI\D3D12\D3D12RenderTargetView.h">
      <Filter>Private\RHI\D3D12</Filter>
    </ClInclude>
    <ClInclude Include="Private\RHI\D3D12\D3D12DepthStencilView.h">
      <Filter>Private\RHI\D3D12</Filter>
    </ClInclude>
    <ClInclude Include="Private\RHI\D3D12\D3D12ShaderResourceView.h">
      <Filter>Private\RHI\D3D12</Filter>
    </ClInclude>
    <ClInclude Include="Private\RHI\D3D12\D3D12Buffer.h">
      <Filter>Private\RHI\D3D12</Filter>
    </ClInclude>
    <ClInclude Include="Public\RHI\IRHIBuffer.h">
      <Filter>Public\RHI</Filter>
    </ClInclude>
    <ClInclude Include="Private\RHI\D3D12\D3D12CommandQueue.h">
      <Filter>Private\RHI\D3D12</Filter>
    </ClInclude>
    <ClInclude Include="Private\RHI\D3D12\D3D12ThreadAllocatorContainer.h">
      <Filter>Private\RHI\D3D12</Filter>
    </ClInclude>
    <ClInclude Include="Private\RHI\D3D12\D3D12ThreadDescriptorHeapContainer.h">
      <Filter>Private\RHI\D3D12</Filter>
    </ClInclude>
    <ClInclude Include="Private\RHI\D3D12\D3D12DescriptorHeap.h">
      <Filter>Private\RHI\D3D12</Filter>
    </ClInclude>
    <ClInclude Include="Private\RHI\D3D12\D3D12Shader.h">
      <Filter>Private\RHI\D3D12</Filter>
    </ClInclude>
    <ClInclude Include="Public\Materials\MaterialInterface.h">
      <Filter>Public\Materials</Filter>
    </ClInclude>
    <ClInclude Include="Public\Materials\Material.h">
      <Filter>Public\Materials</Filter>
    </ClInclude>
    <ClInclude Include="Public\Materials\MaterialInstance.h">
      <Filter>Public\Materials</Filter>
    </ClInclude>
    <ClInclude Include="Public\Materials\MaterialInstanceDynamic.h">
      <Filter>Public\Materials</Filter>
    </ClInclude>
    <ClInclude Include="Public\VertexFactory.h">
      <Filter>Public</Filter>
    </ClInclude>
    <ClInclude Include="Public\RHI\IRHISwapChain.h">
      <Filter>Public\RHI</Filter>
    </ClInclude>
    <ClInclude Include="Private\RHI\DXGI\DXGISwapChain.h">
      <Filter>Private\RHI\DXGI</Filter>
    </ClInclude>
    <ClInclude Include="Public\LogRenderCore.h">
      <Filter>Public</Filter>
    </ClInclude>
  </ItemGroup>
</Project>