<?xml version="1.0" encoding="utf-8"?>
<Project ToolsVersion="4.0" xmlns="http://schemas.microsoft.com/developer/msbuild/2003">
  <ItemGroup>
    <Filter Include="Public">
      <UniqueIdentifier>{43ec9fa1-b450-4954-a095-0fd2d9a687be}</UniqueIdentifier>
    </Filter>
    <Filter Include="Private">
      <UniqueIdentifier>{0aea37de-541f-4217-8769-8a0f478ab883}</UniqueIdentifier>
    </Filter>
    <Filter Include="Public\SceneRendering">
      <UniqueIdentifier>{5af865fd-0099-43f4-ae4f-860531c8d6a8}</UniqueIdentifier>
    </Filter>
    <Filter Include="Private\SceneRendering">
      <UniqueIdentifier>{a3d9fbeb-5c44-4f3a-8f1f-77f0b38b1024}</UniqueIdentifier>
    </Filter>
    <Filter Include="Public\Materials">
      <UniqueIdentifier>{3a5006ba-8d75-4afc-a2ef-630fe15fe765}</UniqueIdentifier>
    </Filter>
    <Filter Include="Private\Materials">
      <UniqueIdentifier>{8e784eae-95ae-449f-986c-0563cb60d875}</UniqueIdentifier>
    </Filter>
  </ItemGroup>
  <ItemGroup>
    <ClCompile Include="Private\SceneRendering\SceneRenderTarget.cpp">
      <Filter>Private\SceneRendering</Filter>
    </ClCompile>
    <ClCompile Include="Private\SceneRendering\SceneView.cpp">
      <Filter>Private\SceneRendering</Filter>
    </ClCompile>
    <ClCompile Include="Private\SceneRendering\Scene.cpp">
      <Filter>Private\SceneRendering</Filter>
    </ClCompile>
    <ClCompile Include="Private\SceneRendering\SceneRenderer.cpp">
      <Filter>Private\SceneRendering</Filter>
    </ClCompile>
    <ClCompile Include="Private\Materials\Material.cpp">
      <Filter>Private\Materials</Filter>
    </ClCompile>
    <ClCompile Include="Private\Materials\MaterialInterface.cpp">
      <Filter>Private\Materials</Filter>
    </ClCompile>
  </ItemGroup>
  <ItemGroup>
    <ClInclude Include="Public\SceneRendering\PrimitiveSceneInfo.h">
      <Filter>Public\SceneRendering</Filter>
    </ClInclude>
    <ClInclude Include="Public\SceneRendering\Scene.h">
      <Filter>Public\SceneRendering</Filter>
    </ClInclude>
    <ClInclude Include="Public\SceneRendering\SceneRenderer.h">
      <Filter>Public\SceneRendering</Filter>
    </ClInclude>
    <ClInclude Include="Public\SceneRendering\SceneRenderTarget.h">
      <Filter>Public\SceneRendering</Filter>
    </ClInclude>
    <ClInclude Include="Public\SceneRendering\SceneView.h">
      <Filter>Public\SceneRendering</Filter>
    </ClInclude>
    <ClInclude Include="Public\SceneRendering\SceneViewScope.h">
      <Filter>Public\SceneRendering</Filter>
    </ClInclude>
    <ClInclude Include="Public\SceneRendering\LightSceneInfo.h">
      <Filter>Public\SceneRendering</Filter>
    </ClInclude>
    <ClInclude Include="Public\SceneRendering\MeshBatch.h">
      <Filter>Public\SceneRendering</Filter>
    </ClInclude>
    <ClInclude Include="Public\SceneRendering\MeshBatchElement.h">
      <Filter>Public\SceneRendering</Filter>
    </ClInclude>
    <ClInclude Include="Public\SceneRendering\SceneStructuredBuffer.h">
      <Filter>Public\SceneRendering</Filter>
    </ClInclude>
    <ClInclude Include="Public\Materials\Material.h">
      <Filter>Public\Materials</Filter>
    </ClInclude>
    <ClInclude Include="Public\Materials\MaterialInstance.h">
      <Filter>Public\Materials</Filter>
    </ClInclude>
    <ClInclude Include="Public\Materials\MaterialInstanceDynamic.h">
      <Filter>Public\Materials</Filter>
    </ClInclude>
    <ClInclude Include="Public\Materials\MaterialInterface.h">
      <Filter>Public\Materials</Filter>
    </ClInclude>
  </ItemGroup>
</Project>